{
  "version": 4,
  "terraform_version": "1.0.11",
  "serial": 37,
  "lineage": "d648736d-f11f-aac5-1d48-b5e71af8083f",
  "outputs": {},
  "resources": [
    {
      "mode": "managed",
      "type": "junos-vsrx_commit",
      "name": "commit-main",
      "provider": "provider[\"juniper/providers/junos-vsrx\"]",
      "instances": [
        {
          "schema_version": 0,
          "attributes": {
            "id": "192.168.122.22_commit",
            "resource_name": "commit"
          },
          "sensitive_attributes": [],
          "private": "bnVsbA==",
          "dependencies": [
            "junos-vsrx_destroycommit.commit-main",
            "module.interfaces.junos-vsrx_InterfacesInterfaceDescription.InterfacesInterfaceDescription_1",
            "module.interfaces.junos-vsrx_InterfacesInterfaceDescription.InterfacesInterfaceDescription_2",
            "module.interfaces.junos-vsrx_InterfacesInterfaceUnitFamilyInetAddressName.InterfacesInterfaceUnitFamilyInetAddressName_1",
            "module.interfaces.junos-vsrx_InterfacesInterfaceUnitFamilyInetAddressName.InterfacesInterfaceUnitFamilyInetAddressName_2",
            "module.interfaces.junos-vsrx_SecurityZonesSecurity__ZoneInterfacesHost__Inbound__TrafficProtocolsName.seczonesprotocol_1",
            "module.interfaces.junos-vsrx_SecurityZonesSecurity__ZoneInterfacesHost__Inbound__TrafficProtocolsName.seczonesprotocol_2",
            "module.interfaces.junos-vsrx_SecurityZonesSecurity__ZoneInterfacesHost__Inbound__TrafficSystem__ServicesName.seczonesservices_1",
            "module.interfaces.junos-vsrx_SecurityZonesSecurity__ZoneInterfacesHost__Inbound__TrafficSystem__ServicesName.seczonesservices_2",
            "module.ipsec.junos-vsrx_InterfacesInterfaceDescription.InterfacesInterfaceDescription_st0",
            "module.ipsec.junos-vsrx_InterfacesInterfaceUnitFamilyInetAddressName.InterfacesInterfaceUnitFamilyInetAddressName_st0",
            "module.ipsec.junos-vsrx_SecurityIkeGatewayAddress.ikeGwAddress",
            "module.ipsec.junos-vsrx_SecurityIkeGatewayExternal__Interface.ikeGwExtIntf",
            "module.ipsec.junos-vsrx_SecurityIkeGatewayIke__Policy.ikeGwPolicy",
            "module.ipsec.junos-vsrx_SecurityIkeGatewayLocal__Address.ikeGwLocalAddr",
            "module.ipsec.junos-vsrx_SecurityIkeGatewayVersion.ikeGwVer",
            "module.ipsec.junos-vsrx_SecurityIkePolicyPre__Shared__KeyAscii__Text.ikePsk",
            "module.ipsec.junos-vsrx_SecurityIkePolicyProposals.ikePolicyProp",
            "module.ipsec.junos-vsrx_SecurityIkeProposalAuthentication__Algorithm.ikeAuthAlgo",
            "module.ipsec.junos-vsrx_SecurityIkeProposalAuthentication__Method.ikeAuth",
            "module.ipsec.junos-vsrx_SecurityIkeProposalDh__Group.ikeDh",
            "module.ipsec.junos-vsrx_SecurityIkeProposalEncryption__Algorithm.ikeEncryptAlgo",
            "module.ipsec.junos-vsrx_SecurityIkeProposalLifetime__Seconds.ikeLifeSec",
            "module.ipsec.junos-vsrx_SecurityIpsecPolicyPerfect__Forward__SecrecyKeys.ipsecPolPfs",
            "module.ipsec.junos-vsrx_SecurityIpsecPolicyProposals.ipsecPolProp",
            "module.ipsec.junos-vsrx_SecurityIpsecProposalAuthentication__Algorithm.ipsecPropAuthAlgo",
            "module.ipsec.junos-vsrx_SecurityIpsecProposalEncryption__Algorithm.ipsecPropEncryptAlgo",
            "module.ipsec.junos-vsrx_SecurityIpsecProposalLifetime__Seconds.ipsecPropLifeSec",
            "module.ipsec.junos-vsrx_SecurityIpsecProposalProtocol.ipsecPropProto",
            "module.ipsec.junos-vsrx_SecurityIpsecVpnBind__Interface.ipsecBindIntf",
            "module.ipsec.junos-vsrx_SecurityIpsecVpnEstablish__Tunnels.estdTunnel",
            "module.ipsec.junos-vsrx_SecurityIpsecVpnIkeGateway.ipsecIkeGw",
            "module.ipsec.junos-vsrx_SecurityIpsecVpnIkeIpsec__Policy.ipsecPol",
            "module.ipsec.junos-vsrx_SecurityZonesSecurity__ZoneInterfacesHost__Inbound__TrafficProtocolsName.seczonesprotocol_st0",
            "module.ipsec.junos-vsrx_SecurityZonesSecurity__ZoneInterfacesHost__Inbound__TrafficSystem__ServicesName.seczonesservices_st0"
          ]
        }
      ]
    },
    {
      "mode": "managed",
      "type": "junos-vsrx_destroycommit",
      "name": "commit-main",
      "provider": "provider[\"juniper/providers/junos-vsrx\"]",
      "instances": [
        {
          "schema_version": 0,
          "attributes": {
            "id": "192.168.122.22_destroycommit",
            "resource_name": "destroycommit"
          },
          "sensitive_attributes": [],
          "private": "bnVsbA=="
        }
      ]
    },
    {
      "module": "module.interfaces",
      "mode": "managed",
      "type": "junos-vsrx_InterfacesInterfaceDescription",
      "name": "InterfacesInterfaceDescription_1",
      "provider": "provider[\"juniper/providers/junos-vsrx\"]",
      "instances": [
        {
          "schema_version": 0,
          "attributes": {
            "description": "RIGHT-TRUST",
            "id": "192.168.122.22_JTAF-vSRX-Interfaces",
            "name": "ge-0/0/1",
            "resource_name": "JTAF-vSRX-Interfaces"
          },
          "sensitive_attributes": [],
          "private": "bnVsbA==",
          "dependencies": [
            "junos-vsrx_destroycommit.commit-main"
          ]
        }
      ]
    },
    {
      "module": "module.interfaces",
      "mode": "managed",
      "type": "junos-vsrx_InterfacesInterfaceDescription",
      "name": "InterfacesInterfaceDescription_2",
      "provider": "provider[\"juniper/providers/junos-vsrx\"]",
      "instances": [
        {
          "schema_version": 0,
          "attributes": {
            "description": "RIGHT-TRUST",
            "id": "192.168.122.22_JTAF-vSRX-Interfaces",
            "name": "ge-0/0/1",
            "resource_name": "JTAF-vSRX-Interfaces"
          },
          "sensitive_attributes": [],
          "private": "bnVsbA==",
          "dependencies": [
            "junos-vsrx_destroycommit.commit-main"
          ]
        }
      ]
    },
    {
      "module": "module.interfaces",
      "mode": "managed",
      "type": "junos-vsrx_InterfacesInterfaceUnitFamilyInetAddressName",
      "name": "InterfacesInterfaceUnitFamilyInetAddressName_1",
      "provider": "provider[\"juniper/providers/junos-vsrx\"]",
      "instances": [
        {
          "schema_version": 0,
          "attributes": {
            "id": "192.168.122.22_JTAF-vSRX-Interfaces",
            "name": "ge-0/0/0",
            "name__1": "0",
            "name__2": "10.1.1.1/30",
            "resource_name": "JTAF-vSRX-Interfaces"
          },
          "sensitive_attributes": [],
          "private": "bnVsbA==",
          "dependencies": [
            "junos-vsrx_destroycommit.commit-main"
          ]
        }
      ]
    },
    {
      "module": "module.interfaces",
      "mode": "managed",
      "type": "junos-vsrx_InterfacesInterfaceUnitFamilyInetAddressName",
      "name": "InterfacesInterfaceUnitFamilyInetAddressName_2",
      "provider": "provider[\"juniper/providers/junos-vsrx\"]",
      "instances": [
        {
          "schema_version": 0,
          "attributes": {
            "id": "192.168.122.22_JTAF-vSRX-Interfaces",
            "name": "ge-0/0/1",
            "name__1": "0",
            "name__2": "10.2.1.1/30",
            "resource_name": "JTAF-vSRX-Interfaces"
          },
          "sensitive_attributes": [],
          "private": "bnVsbA==",
          "dependencies": [
            "junos-vsrx_destroycommit.commit-main"
          ]
        }
      ]
    },
    {
      "module": "module.interfaces",
      "mode": "managed",
      "type": "junos-vsrx_SecurityZonesSecurity__ZoneInterfacesHost__Inbound__TrafficProtocolsName",
      "name": "seczonesprotocol_1",
      "provider": "provider[\"juniper/providers/junos-vsrx\"]",
      "instances": [
        {
          "schema_version": 0,
          "attributes": {
            "id": "192.168.122.22_JTAF-vSRX-Interfaces",
            "name": "untrust",
            "name__1": "ge-0/0/1.0",
            "name__2": "all",
            "resource_name": "JTAF-vSRX-Interfaces"
          },
          "sensitive_attributes": [],
          "private": "bnVsbA==",
          "dependencies": [
            "junos-vsrx_destroycommit.commit-main"
          ]
        }
      ]
    },
    {
      "module": "module.interfaces",
      "mode": "managed",
      "type": "junos-vsrx_SecurityZonesSecurity__ZoneInterfacesHost__Inbound__TrafficProtocolsName",
      "name": "seczonesprotocol_2",
      "provider": "provider[\"juniper/providers/junos-vsrx\"]",
      "instances": [
        {
          "schema_version": 0,
          "attributes": {
            "id": "192.168.122.22_JTAF-vSRX-Interfaces",
            "name": "untrust",
            "name__1": "ge-0/0/1.0",
            "name__2": "all",
            "resource_name": "JTAF-vSRX-Interfaces"
          },
          "sensitive_attributes": [],
          "private": "bnVsbA==",
          "dependencies": [
            "junos-vsrx_destroycommit.commit-main"
          ]
        }
      ]
    },
    {
      "module": "module.interfaces",
      "mode": "managed",
      "type": "junos-vsrx_SecurityZonesSecurity__ZoneInterfacesHost__Inbound__TrafficSystem__ServicesName",
      "name": "seczonesservices_1",
      "provider": "provider[\"juniper/providers/junos-vsrx\"]",
      "instances": [
        {
          "schema_version": 0,
          "attributes": {
            "id": "192.168.122.22_JTAF-vSRX-Interfaces",
            "name": "untrust",
            "name__1": "ge-0/0/1.0",
            "name__2": "all",
            "resource_name": "JTAF-vSRX-Interfaces"
          },
          "sensitive_attributes": [],
          "private": "bnVsbA==",
          "dependencies": [
            "junos-vsrx_destroycommit.commit-main"
          ]
        }
      ]
    },
    {
      "module": "module.interfaces",
      "mode": "managed",
      "type": "junos-vsrx_SecurityZonesSecurity__ZoneInterfacesHost__Inbound__TrafficSystem__ServicesName",
      "name": "seczonesservices_2",
      "provider": "provider[\"juniper/providers/junos-vsrx\"]",
      "instances": [
        {
          "schema_version": 0,
          "attributes": {
            "id": "192.168.122.22_JTAF-vSRX-Interfaces",
            "name": "untrust",
            "name__1": "ge-0/0/1.0",
            "name__2": "all",
            "resource_name": "JTAF-vSRX-Interfaces"
          },
          "sensitive_attributes": [],
          "private": "bnVsbA==",
          "dependencies": [
            "junos-vsrx_destroycommit.commit-main"
          ]
        }
      ]
    },
    {
      "module": "module.ipsec",
      "mode": "managed",
      "type": "junos-vsrx_InterfacesInterfaceDescription",
      "name": "InterfacesInterfaceDescription_st0",
      "provider": "provider[\"juniper/providers/junos-vsrx\"]",
      "instances": [
        {
          "schema_version": 0,
          "attributes": {
            "description": "customer interface 1",
            "id": "192.168.122.22_JTAF-IPSEC-ST-Interfaces",
            "name": "st0",
            "resource_name": "JTAF-IPSEC-ST-Interfaces"
          },
          "sensitive_attributes": [],
          "private": "bnVsbA==",
          "dependencies": [
            "junos-vsrx_destroycommit.commit-main"
          ]
        }
      ]
    },
    {
      "module": "module.ipsec",
      "mode": "managed",
      "type": "junos-vsrx_InterfacesInterfaceUnitFamilyInetAddressName",
      "name": "InterfacesInterfaceUnitFamilyInetAddressName_st0",
      "provider": "provider[\"juniper/providers/junos-vsrx\"]",
      "instances": [
        {
          "schema_version": 0,
          "attributes": {
            "id": "192.168.122.22_JTAF-IPSEC-ST-Interfaces",
            "name": "st0",
            "name__1": "0",
            "name__2": "172.10.1.1/30",
            "resource_name": "JTAF-IPSEC-ST-Interfaces"
          },
          "sensitive_attributes": [],
          "private": "bnVsbA==",
          "dependencies": [
            "junos-vsrx_destroycommit.commit-main"
          ]
        }
      ]
    },
    {
      "module": "module.ipsec",
      "mode": "managed",
      "type": "junos-vsrx_SecurityIkeGatewayAddress",
      "name": "ikeGwAddress",
      "provider": "provider[\"juniper/providers/junos-vsrx\"]",
      "instances": [
        {
          "schema_version": 0,
          "attributes": {
            "address": "10.1.1.2",
            "id": "192.168.122.22_JTAF-IKE1",
            "name": "ike-gw",
            "resource_name": "JTAF-IKE1"
          },
          "sensitive_attributes": [],
          "private": "bnVsbA==",
          "dependencies": [
            "junos-vsrx_destroycommit.commit-main"
          ]
        }
      ]
    },
    {
      "module": "module.ipsec",
      "mode": "managed",
      "type": "junos-vsrx_SecurityIkeGatewayExternal__Interface",
      "name": "ikeGwExtIntf",
      "provider": "provider[\"juniper/providers/junos-vsrx\"]",
      "instances": [
        {
          "schema_version": 0,
          "attributes": {
            "external__interface": "ge-0/0/0.0",
            "id": "192.168.122.22_JTAF-IKE1",
            "name": "ike-gw",
            "resource_name": "JTAF-IKE1"
          },
          "sensitive_attributes": [],
          "private": "bnVsbA==",
          "dependencies": [
            "junos-vsrx_destroycommit.commit-main"
          ]
        }
      ]
    },
    {
      "module": "module.ipsec",
      "mode": "managed",
      "type": "junos-vsrx_SecurityIkeGatewayIke__Policy",
      "name": "ikeGwPolicy",
      "provider": "provider[\"juniper/providers/junos-vsrx\"]",
      "instances": [
        {
          "schema_version": 0,
          "attributes": {
            "id": "192.168.122.22_JTAF-IKE1",
            "ike__policy": "ike-ph1-policy",
            "name": "ike-gw",
            "resource_name": "JTAF-IKE1"
          },
          "sensitive_attributes": [],
          "private": "bnVsbA==",
          "dependencies": [
            "junos-vsrx_destroycommit.commit-main"
          ]
        }
      ]
    },
    {
      "module": "module.ipsec",
      "mode": "managed",
      "type": "junos-vsrx_SecurityIkeGatewayLocal__Address",
      "name": "ikeGwLocalAddr",
      "provider": "provider[\"juniper/providers/junos-vsrx\"]",
      "instances": [
        {
          "schema_version": 0,
          "attributes": {
            "id": "192.168.122.22_JTAF-IKE1",
            "local__address": "10.1.1.1",
            "name": "ike-gw",
            "resource_name": "JTAF-IKE1"
          },
          "sensitive_attributes": [],
          "private": "bnVsbA==",
          "dependencies": [
            "junos-vsrx_destroycommit.commit-main"
          ]
        }
      ]
    },
    {
      "module": "module.ipsec",
      "mode": "managed",
      "type": "junos-vsrx_SecurityIkeGatewayVersion",
      "name": "ikeGwVer",
      "provider": "provider[\"juniper/providers/junos-vsrx\"]",
      "instances": [
        {
          "schema_version": 0,
          "attributes": {
            "id": "192.168.122.22_JTAF-IKE1",
            "name": "ike-gw",
            "resource_name": "JTAF-IKE1",
            "version": "v2-only"
          },
          "sensitive_attributes": [],
          "private": "bnVsbA==",
          "dependencies": [
            "junos-vsrx_destroycommit.commit-main"
          ]
        }
      ]
    },
    {
      "module": "module.ipsec",
      "mode": "managed",
      "type": "junos-vsrx_SecurityIkePolicyPre__Shared__KeyAscii__Text",
      "name": "ikePsk",
      "provider": "provider[\"juniper/providers/junos-vsrx\"]",
      "instances": [
        {
          "schema_version": 0,
          "attributes": {
            "ascii__text": "$9$Ok/bBRSvMXdb2res4",
            "id": "192.168.122.22_JTAF-IKE1",
            "name": "ike-ph1-policy",
            "resource_name": "JTAF-IKE1"
          },
          "sensitive_attributes": [],
          "private": "bnVsbA==",
          "dependencies": [
            "junos-vsrx_destroycommit.commit-main"
          ]
        }
      ]
    },
    {
      "module": "module.ipsec",
      "mode": "managed",
      "type": "junos-vsrx_SecurityIkePolicyProposals",
      "name": "ikePolicyProp",
      "provider": "provider[\"juniper/providers/junos-vsrx\"]",
      "instances": [
        {
          "schema_version": 0,
          "attributes": {
            "id": "192.168.122.22_JTAF-IKE1",
            "name": "ike-ph1-policy",
            "proposals": "ike-ph1-proposal",
            "resource_name": "JTAF-IKE1"
          },
          "sensitive_attributes": [],
          "private": "bnVsbA==",
          "dependencies": [
            "junos-vsrx_destroycommit.commit-main"
          ]
        }
      ]
    },
    {
      "module": "module.ipsec",
      "mode": "managed",
      "type": "junos-vsrx_SecurityIkeProposalAuthentication__Algorithm",
      "name": "ikeAuthAlgo",
      "provider": "provider[\"juniper/providers/junos-vsrx\"]",
      "instances": [
        {
          "schema_version": 0,
          "attributes": {
            "authentication__algorithm": "sha1",
            "id": "192.168.122.22_JTAF-IKE1",
            "name": "ike-ph1-proposal",
            "resource_name": "JTAF-IKE1"
          },
          "sensitive_attributes": [],
          "private": "bnVsbA==",
          "dependencies": [
            "junos-vsrx_destroycommit.commit-main"
          ]
        }
      ]
    },
    {
      "module": "module.ipsec",
      "mode": "managed",
      "type": "junos-vsrx_SecurityIkeProposalAuthentication__Method",
      "name": "ikeAuth",
      "provider": "provider[\"juniper/providers/junos-vsrx\"]",
      "instances": [
        {
          "schema_version": 0,
          "attributes": {
            "authentication__method": "pre-shared-keys",
            "id": "192.168.122.22_JTAF-IKE1",
            "name": "ike-ph1-proposal",
            "resource_name": "JTAF-IKE1"
          },
          "sensitive_attributes": [],
          "private": "bnVsbA==",
          "dependencies": [
            "junos-vsrx_destroycommit.commit-main"
          ]
        }
      ]
    },
    {
      "module": "module.ipsec",
      "mode": "managed",
      "type": "junos-vsrx_SecurityIkeProposalDh__Group",
      "name": "ikeDh",
      "provider": "provider[\"juniper/providers/junos-vsrx\"]",
      "instances": [
        {
          "schema_version": 0,
          "attributes": {
            "dh__group": "group2",
            "id": "192.168.122.22_JTAF-IKE1",
            "name": "ike-ph1-proposal",
            "resource_name": "JTAF-IKE1"
          },
          "sensitive_attributes": [],
          "private": "bnVsbA==",
          "dependencies": [
            "junos-vsrx_destroycommit.commit-main"
          ]
        }
      ]
    },
    {
      "module": "module.ipsec",
      "mode": "managed",
      "type": "junos-vsrx_SecurityIkeProposalEncryption__Algorithm",
      "name": "ikeEncryptAlgo",
      "provider": "provider[\"juniper/providers/junos-vsrx\"]",
      "instances": [
        {
          "schema_version": 0,
          "attributes": {
            "encryption__algorithm": "aes-256-cbc",
            "id": "192.168.122.22_JTAF-IKE1",
            "name": "ike-ph1-proposal",
            "resource_name": "JTAF-IKE1"
          },
          "sensitive_attributes": [],
          "private": "bnVsbA==",
          "dependencies": [
            "junos-vsrx_destroycommit.commit-main"
          ]
        }
      ]
    },
    {
      "module": "module.ipsec",
      "mode": "managed",
      "type": "junos-vsrx_SecurityIkeProposalLifetime__Seconds",
      "name": "ikeLifeSec",
      "provider": "provider[\"juniper/providers/junos-vsrx\"]",
      "instances": [
        {
          "schema_version": 0,
          "attributes": {
            "id": "192.168.122.22_JTAF-IKE1",
            "lifetime__seconds": "10800",
            "name": "ike-ph1-proposal",
            "resource_name": "JTAF-IKE1"
          },
          "sensitive_attributes": [],
          "private": "bnVsbA==",
          "dependencies": [
            "junos-vsrx_destroycommit.commit-main"
          ]
        }
      ]
    },
    {
      "module": "module.ipsec",
      "mode": "managed",
      "type": "junos-vsrx_SecurityIpsecPolicyPerfect__Forward__SecrecyKeys",
      "name": "ipsecPolPfs",
      "provider": "provider[\"juniper/providers/junos-vsrx\"]",
      "instances": [
        {
          "schema_version": 0,
          "attributes": {
            "id": "192.168.122.22_JTAF_IPSEC1",
            "keys": "group2",
            "name": "ipsec-policy",
            "resource_name": "JTAF_IPSEC1"
          },
          "sensitive_attributes": [],
          "private": "bnVsbA==",
          "dependencies": [
            "junos-vsrx_destroycommit.commit-main"
          ]
        }
      ]
    },
    {
      "module": "module.ipsec",
      "mode": "managed",
      "type": "junos-vsrx_SecurityIpsecPolicyProposals",
      "name": "ipsecPolProp",
      "provider": "provider[\"juniper/providers/junos-vsrx\"]",
      "instances": [
        {
          "schema_version": 0,
          "attributes": {
            "id": "192.168.122.22_JTAF_IPSEC1",
            "name": "ipsec-policy",
            "proposals": "ipsec-ph2",
            "resource_name": "JTAF_IPSEC1"
          },
          "sensitive_attributes": [],
          "private": "bnVsbA==",
          "dependencies": [
            "junos-vsrx_destroycommit.commit-main"
          ]
        }
      ]
    },
    {
      "module": "module.ipsec",
      "mode": "managed",
      "type": "junos-vsrx_SecurityIpsecProposalAuthentication__Algorithm",
      "name": "ipsecPropAuthAlgo",
      "provider": "provider[\"juniper/providers/junos-vsrx\"]",
      "instances": [
        {
          "schema_version": 0,
          "attributes": {
            "authentication__algorithm": "hmac-sha1-96",
            "id": "192.168.122.22_JTAF_IPSEC1",
            "name": "ipsec-ph2",
            "resource_name": "JTAF_IPSEC1"
          },
          "sensitive_attributes": [],
          "private": "bnVsbA==",
          "dependencies": [
            "junos-vsrx_destroycommit.commit-main"
          ]
        }
      ]
    },
    {
      "module": "module.ipsec",
      "mode": "managed",
      "type": "junos-vsrx_SecurityIpsecProposalEncryption__Algorithm",
      "name": "ipsecPropEncryptAlgo",
      "provider": "provider[\"juniper/providers/junos-vsrx\"]",
      "instances": [
        {
          "schema_version": 0,
          "attributes": {
            "encryption__algorithm": "aes-256-cbc",
            "id": "192.168.122.22_JTAF_IPSEC1",
            "name": "ipsec-ph2",
            "resource_name": "JTAF_IPSEC1"
          },
          "sensitive_attributes": [],
          "private": "bnVsbA==",
          "dependencies": [
            "junos-vsrx_destroycommit.commit-main"
          ]
        }
      ]
    },
    {
      "module": "module.ipsec",
      "mode": "managed",
      "type": "junos-vsrx_SecurityIpsecProposalLifetime__Seconds",
      "name": "ipsecPropLifeSec",
      "provider": "provider[\"juniper/providers/junos-vsrx\"]",
      "instances": [
        {
          "schema_version": 0,
          "attributes": {
            "id": "192.168.122.22_JTAF_IPSEC1",
            "lifetime__seconds": "2000",
            "name": "ipsec-ph2",
            "resource_name": "JTAF_IPSEC1"
          },
          "sensitive_attributes": [],
          "private": "bnVsbA==",
          "dependencies": [
            "junos-vsrx_destroycommit.commit-main"
          ]
        }
      ]
    },
    {
      "module": "module.ipsec",
      "mode": "managed",
      "type": "junos-vsrx_SecurityIpsecProposalProtocol",
      "name": "ipsecPropProto",
      "provider": "provider[\"juniper/providers/junos-vsrx\"]",
      "instances": [
        {
          "schema_version": 0,
          "attributes": {
            "id": "192.168.122.22_JTAF_IPSEC1",
            "name": "ipsec-ph2",
            "protocol": "esp",
            "resource_name": "JTAF_IPSEC1"
          },
          "sensitive_attributes": [],
          "private": "bnVsbA==",
          "dependencies": [
            "junos-vsrx_destroycommit.commit-main"
          ]
        }
      ]
    },
    {
      "module": "module.ipsec",
      "mode": "managed",
      "type": "junos-vsrx_SecurityIpsecVpnBind__Interface",
      "name": "ipsecBindIntf",
      "provider": "provider[\"juniper/providers/junos-vsrx\"]",
      "instances": [
        {
          "schema_version": 0,
          "attributes": {
            "bind__interface": "st0.0",
            "id": "192.168.122.22_JTAF_IPSEC1",
            "name": "ipsec-1",
            "resource_name": "JTAF_IPSEC1"
          },
          "sensitive_attributes": [],
          "private": "bnVsbA==",
          "dependencies": [
            "junos-vsrx_destroycommit.commit-main"
          ]
        }
      ]
    },
    {
      "module": "module.ipsec",
      "mode": "managed",
      "type": "junos-vsrx_SecurityIpsecVpnEstablish__Tunnels",
      "name": "estdTunnel",
      "provider": "provider[\"juniper/providers/junos-vsrx\"]",
      "instances": [
        {
          "schema_version": 0,
          "attributes": {
            "establish__tunnels": "immediately",
            "id": "192.168.122.22_JTAF_IPSEC1",
            "name": "ipsec-1",
            "resource_name": "JTAF_IPSEC1"
          },
          "sensitive_attributes": [],
          "private": "bnVsbA==",
          "dependencies": [
            "junos-vsrx_destroycommit.commit-main"
          ]
        }
      ]
    },
    {
      "module": "module.ipsec",
      "mode": "managed",
      "type": "junos-vsrx_SecurityIpsecVpnIkeGateway",
      "name": "ipsecIkeGw",
      "provider": "provider[\"juniper/providers/junos-vsrx\"]",
      "instances": [
        {
          "schema_version": 0,
          "attributes": {
            "gateway": "ike-gw",
            "id": "192.168.122.22_JTAF_IPSEC1",
            "name": "ipsec-1",
            "resource_name": "JTAF_IPSEC1"
          },
          "sensitive_attributes": [],
          "private": "bnVsbA==",
          "dependencies": [
            "junos-vsrx_destroycommit.commit-main",
            "module.ipsec.junos-vsrx_SecurityIkeGatewayAddress.ikeGwAddress",
            "module.ipsec.junos-vsrx_SecurityZonesSecurity__ZoneInterfacesHost__Inbound__TrafficProtocolsName.seczonesprotocol_st0",
            "module.ipsec.junos-vsrx_SecurityZonesSecurity__ZoneInterfacesHost__Inbound__TrafficSystem__ServicesName.seczonesservices_st0"
          ]
        }
      ]
    },
    {
      "module": "module.ipsec",
      "mode": "managed",
      "type": "junos-vsrx_SecurityIpsecVpnIkeIpsec__Policy",
      "name": "ipsecPol",
      "provider": "provider[\"juniper/providers/junos-vsrx\"]",
      "instances": [
        {
          "schema_version": 0,
          "attributes": {
            "id": "192.168.122.22_JTAF_IPSEC1",
            "ipsec__policy": "ipsec-policy",
            "name": "ipsec-1",
            "resource_name": "JTAF_IPSEC1"
          },
          "sensitive_attributes": [],
          "private": "bnVsbA==",
          "dependencies": [
            "junos-vsrx_destroycommit.commit-main"
          ]
        }
      ]
    },
    {
      "module": "module.ipsec",
      "mode": "managed",
      "type": "junos-vsrx_SecurityZonesSecurity__ZoneInterfacesHost__Inbound__TrafficProtocolsName",
      "name": "seczonesprotocol_st0",
      "provider": "provider[\"juniper/providers/junos-vsrx\"]",
      "instances": [
        {
          "schema_version": 0,
          "attributes": {
            "id": "192.168.122.22_JTAF-IPSEC-ST-Interfaces",
            "name": "untrust",
            "name__1": "st0.0",
            "name__2": "all",
            "resource_name": "JTAF-IPSEC-ST-Interfaces"
          },
          "sensitive_attributes": [],
          "private": "bnVsbA==",
          "dependencies": [
            "junos-vsrx_destroycommit.commit-main"
          ]
        }
      ]
    },
    {
      "module": "module.ipsec",
      "mode": "managed",
      "type": "junos-vsrx_SecurityZonesSecurity__ZoneInterfacesHost__Inbound__TrafficSystem__ServicesName",
      "name": "seczonesservices_st0",
      "provider": "provider[\"juniper/providers/junos-vsrx\"]",
      "instances": [
        {
          "schema_version": 0,
          "attributes": {
            "id": "192.168.122.22_JTAF-IPSEC-ST-Interfaces",
            "name": "untrust",
            "name__1": "st0.0",
            "name__2": "all",
            "resource_name": "JTAF-IPSEC-ST-Interfaces"
          },
          "sensitive_attributes": [],
          "private": "bnVsbA==",
          "dependencies": [
            "junos-vsrx_destroycommit.commit-main"
          ]
        }
      ]
    }
  ]
}
