{
  "version": 4,
  "terraform_version": "1.9.0",
  "serial": 63,
  "lineage": "0e2b2eda-b9a0-0c2c-cb7f-3f1dd2588fea",
  "outputs": {},
  "resources": [
    {
      "mode": "managed",
      "type": "junos-vmx_commit",
      "name": "commit-main",
      "provider": "provider[\"juniper/providers/junos-vmx\"]",
      "instances": [
        {
          "schema_version": 0,
          "attributes": {
            "id": "10.56.16.246_commit",
            "resource_name": "commit"
          },
          "sensitive_attributes": [],
          "private": "bnVsbA==",
          "dependencies": [
            "junos-vmx_destroycommit.commit-main",
            "module.vmx_1.junos-vmx_InterfacesInterface.vmx_11",
            "module.vmx_1.junos-vmx_InterfacesInterfaceName.best_vmx1",
            "module.vmx_1.junos-vmx_InterfacesInterfaceUnit.vmx_2",
            "module.vmx_1.junos-vmx_InterfacesInterfaceUnitFamily.vmx_7",
            "module.vmx_1.junos-vmx_InterfacesInterfaceUnitFamilyInet.vmx_8",
            "module.vmx_1.junos-vmx_InterfacesInterfaceUnitFamilyInetAddress.vmx_3",
            "module.vmx_1.junos-vmx_InterfacesInterfaceUnitFamilyInetAddressName.vmx_9",
            "module.vmx_1.junos-vmx_InterfacesInterfaceUnitName.vmx_6",
            "module.vmx_1.junos-vmx_SystemBackup__Router.vmx_4",
            "module.vmx_1.junos-vmx_SystemBackup__RouterAddress.vmx_5",
            "module.vmx_1.junos-vmx_SystemHost__Name.vmx_10"
          ]
        }
      ]
    },
    {
      "mode": "managed",
      "type": "junos-vmx_destroycommit",
      "name": "commit-main",
      "provider": "provider[\"juniper/providers/junos-vmx\"]",
      "instances": [
        {
          "schema_version": 0,
          "attributes": {
            "id": "10.56.16.246_destroycommit",
            "resource_name": "destroycommit"
          },
          "sensitive_attributes": [],
          "private": "bnVsbA=="
        }
      ]
    },
    {
      "module": "module.vmx_1",
      "mode": "managed",
      "type": "junos-vmx_InterfacesInterface",
      "name": "vmx_11",
      "provider": "provider[\"juniper/providers/junos-vmx\"]",
      "instances": [
        {
          "schema_version": 0,
          "attributes": {
            "id": "10.56.16.246_vmx_11",
            "resource_name": "vmx_11"
          },
          "sensitive_attributes": [],
          "private": "bnVsbA==",
          "dependencies": [
            "junos-vmx_destroycommit.commit-main"
          ]
        }
      ]
    },
    {
      "module": "module.vmx_1",
      "mode": "managed",
      "type": "junos-vmx_InterfacesInterfaceName",
      "name": "best_vmx1",
      "provider": "provider[\"juniper/providers/junos-vmx\"]",
      "instances": [
        {
          "schema_version": 0,
          "attributes": {
            "id": "10.56.16.246_best_vmx1",
            "name": "",
            "resource_name": "best_vmx1"
          },
          "sensitive_attributes": [],
          "private": "bnVsbA==",
          "dependencies": [
            "junos-vmx_destroycommit.commit-main"
          ]
        }
      ]
    },
    {
      "module": "module.vmx_1",
      "mode": "managed",
      "type": "junos-vmx_InterfacesInterfaceUnit",
      "name": "vmx_2",
      "provider": "provider[\"juniper/providers/junos-vmx\"]",
      "instances": [
        {
          "schema_version": 0,
          "attributes": {
            "id": "10.56.16.246_vmx_2",
            "name": "",
            "resource_name": "vmx_2"
          },
          "sensitive_attributes": [],
          "private": "bnVsbA==",
          "dependencies": [
            "junos-vmx_destroycommit.commit-main"
          ]
        }
      ]
    },
    {
      "module": "module.vmx_1",
      "mode": "managed",
      "type": "junos-vmx_InterfacesInterfaceUnitFamily",
      "name": "vmx_7",
      "provider": "provider[\"juniper/providers/junos-vmx\"]",
      "instances": [
        {
          "schema_version": 0,
          "attributes": {
            "id": "10.56.16.246_vmx_7",
            "name": "",
            "name__1": "",
            "resource_name": "vmx_7"
          },
          "sensitive_attributes": [],
          "private": "bnVsbA==",
          "dependencies": [
            "junos-vmx_destroycommit.commit-main"
          ]
        }
      ]
    },
    {
      "module": "module.vmx_1",
      "mode": "managed",
      "type": "junos-vmx_InterfacesInterfaceUnitFamilyInet",
      "name": "vmx_8",
      "provider": "provider[\"juniper/providers/junos-vmx\"]",
      "instances": [
        {
          "schema_version": 0,
          "attributes": {
            "id": "10.56.16.246_vmx_8",
            "name": "",
            "name__1": "",
            "resource_name": "vmx_8"
          },
          "sensitive_attributes": [],
          "private": "bnVsbA==",
          "dependencies": [
            "junos-vmx_destroycommit.commit-main"
          ]
        }
      ]
    },
    {
      "module": "module.vmx_1",
      "mode": "managed",
      "type": "junos-vmx_InterfacesInterfaceUnitFamilyInetAddress",
      "name": "vmx_3",
      "provider": "provider[\"juniper/providers/junos-vmx\"]",
      "instances": [
        {
          "schema_version": 0,
          "attributes": {
            "id": "10.56.16.246_vmx_3",
            "name": "",
            "name__1": "",
            "resource_name": "vmx_3"
          },
          "sensitive_attributes": [],
          "private": "bnVsbA==",
          "dependencies": [
            "junos-vmx_destroycommit.commit-main"
          ]
        }
      ]
    },
    {
      "module": "module.vmx_1",
      "mode": "managed",
      "type": "junos-vmx_InterfacesInterfaceUnitFamilyInetAddressName",
      "name": "vmx_9",
      "provider": "provider[\"juniper/providers/junos-vmx\"]",
      "instances": [
        {
          "schema_version": 0,
          "attributes": {
            "id": "10.56.16.246_vmx_9",
            "name": "",
            "name__1": "",
            "name__2": "",
            "resource_name": "vmx_9"
          },
          "sensitive_attributes": [],
          "private": "bnVsbA==",
          "dependencies": [
            "junos-vmx_destroycommit.commit-main"
          ]
        }
      ]
    },
    {
      "module": "module.vmx_1",
      "mode": "managed",
      "type": "junos-vmx_InterfacesInterfaceUnitName",
      "name": "vmx_6",
      "provider": "provider[\"juniper/providers/junos-vmx\"]",
      "instances": [
        {
          "schema_version": 0,
          "attributes": {
            "id": "10.56.16.246_vmx_6",
            "name": "",
            "name__1": "",
            "resource_name": "vmx_6"
          },
          "sensitive_attributes": [],
          "private": "bnVsbA==",
          "dependencies": [
            "junos-vmx_destroycommit.commit-main"
          ]
        }
      ]
    },
    {
      "module": "module.vmx_1",
      "mode": "managed",
      "type": "junos-vmx_SystemBackup__Router",
      "name": "vmx_4",
      "provider": "provider[\"juniper/providers/junos-vmx\"]",
      "instances": [
        {
          "schema_version": 0,
          "attributes": {
            "id": "10.56.16.246_vmx_4",
            "resource_name": "vmx_4"
          },
          "sensitive_attributes": [],
          "private": "bnVsbA==",
          "dependencies": [
            "junos-vmx_destroycommit.commit-main"
          ]
        }
      ]
    },
    {
      "module": "module.vmx_1",
      "mode": "managed",
      "type": "junos-vmx_SystemBackup__RouterAddress",
      "name": "vmx_5",
      "provider": "provider[\"juniper/providers/junos-vmx\"]",
      "instances": [
        {
          "schema_version": 0,
          "attributes": {
            "address": "",
            "id": "10.56.16.246_vmx_5",
            "resource_name": "vmx_5"
          },
          "sensitive_attributes": [],
          "private": "bnVsbA==",
          "dependencies": [
            "junos-vmx_destroycommit.commit-main"
          ]
        }
      ]
    },
    {
      "module": "module.vmx_1",
      "mode": "managed",
      "type": "junos-vmx_SystemHost__Name",
      "name": "vmx_10",
      "provider": "provider[\"juniper/providers/junos-vmx\"]",
      "instances": [
        {
          "schema_version": 0,
          "attributes": {
            "host__name": "",
            "id": "10.56.16.246_vmx_10",
            "resource_name": "vmx_10"
          },
          "sensitive_attributes": [],
          "private": "bnVsbA==",
          "dependencies": [
            "junos-vmx_destroycommit.commit-main"
          ]
        }
      ]
    }
  ],
  "check_results": null
}
