{
  "version": 4,
  "terraform_version": "1.13.2",
  "serial": 10,
  "lineage": "48d974a9-43d3-8a8a-ed84-83ddb612d0e3",
  "outputs": {},
  "resources": [
    {
      "mode": "managed",
      "type": "junos-qfx-evpn-vxlan-base-config",
      "name": "dc1-borderleaf1",
      "provider": "provider[\"registry.terraform.io/hashicorp/junos-qfx-evpn-vxlan\"].dc1_borderleaf1",
      "instances": [
        {
          "schema_version": 0,
          "attributes": {
            "chassis": [
              {
                "aggregated_devices": [
                  {
                    "ethernet": [
                      {
                        "device_count": "24"
                      }
                    ]
                  }
                ]
              }
            ],
            "forwarding_options": [
              {
                "storm_control_profiles": [
                  {
                    "all": [
                      {}
                    ],
                    "name": "default"
                  }
                ]
              }
            ],
            "interfaces": [
              {
                "interface": [
                  {
                    "aggregated_ether_options": null,
                    "description": "*** to dc1-spine1 ***",
                    "esi": null,
                    "ether_options": null,
                    "name": "xe-0/0/0",
                    "unit": [
                      {
                        "description": null,
                        "family": [
                          {
                            "ethernet_switching": null,
                            "inet": [
                              {
                                "address": [
                                  {
                                    "name": "10.30.131.2/30"
                                  }
                                ]
                              }
                            ]
                          }
                        ],
                        "mac": null,
                        "name": "0",
                        "vlan_id": null
                      }
                    ],
                    "vlan_tagging": null
                  },
                  {
                    "aggregated_ether_options": null,
                    "description": "*** to dc1-spine2 ***",
                    "esi": null,
                    "ether_options": null,
                    "name": "xe-0/0/1",
                    "unit": [
                      {
                        "description": null,
                        "family": [
                          {
                            "ethernet_switching": null,
                            "inet": [
                              {
                                "address": [
                                  {
                                    "name": "10.30.141.2/30"
                                  }
                                ]
                              }
                            ]
                          }
                        ],
                        "mac": null,
                        "name": "0",
                        "vlan_id": null
                      }
                    ],
                    "vlan_tagging": null
                  },
                  {
                    "aggregated_ether_options": null,
                    "description": null,
                    "esi": null,
                    "ether_options": null,
                    "name": "xe-0/0/2",
                    "unit": [
                      {
                        "description": null,
                        "family": [
                          {
                            "ethernet_switching": null,
                            "inet": [
                              {
                                "address": [
                                  {
                                    "name": "10.99.1.1/30"
                                  }
                                ]
                              }
                            ]
                          }
                        ],
                        "mac": null,
                        "name": "1",
                        "vlan_id": "1"
                      },
                      {
                        "description": null,
                        "family": [
                          {
                            "ethernet_switching": null,
                            "inet": [
                              {
                                "address": [
                                  {
                                    "name": "10.99.2.1/30"
                                  }
                                ]
                              }
                            ]
                          }
                        ],
                        "mac": null,
                        "name": "2",
                        "vlan_id": "2"
                      },
                      {
                        "description": null,
                        "family": [
                          {
                            "ethernet_switching": null,
                            "inet": [
                              {
                                "address": [
                                  {
                                    "name": "10.99.3.1/30"
                                  }
                                ]
                              }
                            ]
                          }
                        ],
                        "mac": null,
                        "name": "3",
                        "vlan_id": "3"
                      }
                    ],
                    "vlan_tagging": ""
                  },
                  {
                    "aggregated_ether_options": null,
                    "description": null,
                    "esi": null,
                    "ether_options": null,
                    "name": "xe-0/0/3",
                    "unit": [
                      {
                        "description": null,
                        "family": [
                          {
                            "ethernet_switching": null,
                            "inet": [
                              {
                                "address": [
                                  {
                                    "name": "10.98.1.1/30"
                                  }
                                ]
                              }
                            ]
                          }
                        ],
                        "mac": null,
                        "name": "1",
                        "vlan_id": "1"
                      },
                      {
                        "description": null,
                        "family": [
                          {
                            "ethernet_switching": null,
                            "inet": [
                              {
                                "address": [
                                  {
                                    "name": "10.98.2.1/30"
                                  }
                                ]
                              }
                            ]
                          }
                        ],
                        "mac": null,
                        "name": "2",
                        "vlan_id": "2"
                      },
                      {
                        "description": null,
                        "family": [
                          {
                            "ethernet_switching": null,
                            "inet": [
                              {
                                "address": [
                                  {
                                    "name": "10.98.3.1/30"
                                  }
                                ]
                              }
                            ]
                          }
                        ],
                        "mac": null,
                        "name": "3",
                        "vlan_id": "3"
                      }
                    ],
                    "vlan_tagging": ""
                  },
                  {
                    "aggregated_ether_options": null,
                    "description": "*** to wan-pe1 ***",
                    "esi": null,
                    "ether_options": null,
                    "name": "xe-0/0/4",
                    "unit": [
                      {
                        "description": null,
                        "family": [
                          {
                            "ethernet_switching": null,
                            "inet": [
                              {
                                "address": [
                                  {
                                    "name": "10.32.6.1/30"
                                  }
                                ]
                              }
                            ]
                          }
                        ],
                        "mac": null,
                        "name": "0",
                        "vlan_id": null
                      }
                    ],
                    "vlan_tagging": null
                  },
                  {
                    "aggregated_ether_options": null,
                    "description": null,
                    "esi": null,
                    "ether_options": null,
                    "name": "em0",
                    "unit": [
                      {
                        "description": "*** management ***",
                        "family": [
                          {
                            "ethernet_switching": null,
                            "inet": [
                              {
                                "address": [
                                  {
                                    "name": "100.123.24.1/16"
                                  }
                                ]
                              }
                            ]
                          }
                        ],
                        "mac": null,
                        "name": "0",
                        "vlan_id": null
                      }
                    ],
                    "vlan_tagging": null
                  },
                  {
                    "aggregated_ether_options": null,
                    "description": null,
                    "esi": null,
                    "ether_options": null,
                    "name": "em1",
                    "unit": [
                      {
                        "description": "*** to pfe ***",
                        "family": [
                          {
                            "ethernet_switching": null,
                            "inet": [
                              {
                                "address": [
                                  {
                                    "name": "169.254.0.2/24"
                                  }
                                ]
                              }
                            ]
                          }
                        ],
                        "mac": null,
                        "name": "0",
                        "vlan_id": null
                      }
                    ],
                    "vlan_tagging": null
                  },
                  {
                    "aggregated_ether_options": null,
                    "description": null,
                    "esi": null,
                    "ether_options": null,
                    "name": "lo0",
                    "unit": [
                      {
                        "description": "*** loopback ***",
                        "family": [
                          {
                            "ethernet_switching": null,
                            "inet": [
                              {
                                "address": [
                                  {
                                    "name": "10.30.100.1/32"
                                  }
                                ]
                              }
                            ]
                          }
                        ],
                        "mac": null,
                        "name": "0",
                        "vlan_id": null
                      },
                      {
                        "description": "Loopback for VXLAN control packets for VRF_10001",
                        "family": [
                          {
                            "ethernet_switching": null,
                            "inet": [
                              {
                                "address": [
                                  {
                                    "name": "10.40.100.1/32"
                                  }
                                ]
                              }
                            ]
                          }
                        ],
                        "mac": null,
                        "name": "10001",
                        "vlan_id": null
                      },
                      {
                        "description": "Loopback for VXLAN control packets for VRF_10002",
                        "family": [
                          {
                            "ethernet_switching": null,
                            "inet": [
                              {
                                "address": [
                                  {
                                    "name": "10.40.100.6/32"
                                  }
                                ]
                              }
                            ]
                          }
                        ],
                        "mac": null,
                        "name": "10002",
                        "vlan_id": null
                      },
                      {
                        "description": "Loopback for VXLAN control packets for VRF_10003",
                        "family": [
                          {
                            "ethernet_switching": null,
                            "inet": [
                              {
                                "address": [
                                  {
                                    "name": "10.40.100.11/32"
                                  }
                                ]
                              }
                            ]
                          }
                        ],
                        "mac": null,
                        "name": "10003",
                        "vlan_id": null
                      }
                    ],
                    "vlan_tagging": null
                  }
                ]
              }
            ],
            "policy_options": [
              {
                "community": [
                  {
                    "members": [
                      "65506:1"
                    ],
                    "name": "dc1-borderleaf1"
                  }
                ],
                "policy_statement": [
                  {
                    "name": "EVPN_T5_EXPORT",
                    "term": [
                      {
                        "from": [
                          {
                            "protocol": [
                              "direct"
                            ],
                            "route_filter": null
                          }
                        ],
                        "name": "fm_direct",
                        "then": [
                          {
                            "accept": "",
                            "community": null,
                            "reject": null
                          }
                        ]
                      },
                      {
                        "from": [
                          {
                            "protocol": [
                              "static"
                            ],
                            "route_filter": null
                          }
                        ],
                        "name": "fm_static",
                        "then": [
                          {
                            "accept": "",
                            "community": null,
                            "reject": null
                          }
                        ]
                      },
                      {
                        "from": [
                          {
                            "protocol": [
                              "evpn",
                              "ospf"
                            ],
                            "route_filter": [
                              {
                                "address": "0.0.0.0/0",
                                "exact": "",
                                "orlonger": null,
                                "prefix_length_range": null
                              }
                            ]
                          }
                        ],
                        "name": "fm_v4_default",
                        "then": [
                          {
                            "accept": "",
                            "community": null,
                            "reject": null
                          }
                        ]
                      },
                      {
                        "from": [
                          {
                            "protocol": [
                              "evpn"
                            ],
                            "route_filter": [
                              {
                                "address": "0::0/0",
                                "exact": null,
                                "orlonger": null,
                                "prefix_length_range": "/128-/128"
                              }
                            ]
                          }
                        ],
                        "name": "fm_v6_host",
                        "then": [
                          {
                            "accept": "",
                            "community": null,
                            "reject": null
                          }
                        ]
                      }
                    ],
                    "then": null
                  },
                  {
                    "name": "IPCLOS_BGP_EXP",
                    "term": [
                      {
                        "from": [
                          {
                            "protocol": [
                              "direct",
                              "bgp"
                            ],
                            "route_filter": null
                          }
                        ],
                        "name": "loopback",
                        "then": [
                          {
                            "accept": "",
                            "community": [
                              {
                                "add": "",
                                "community_name": "dc1-borderleaf1"
                              }
                            ],
                            "reject": null
                          }
                        ]
                      },
                      {
                        "from": null,
                        "name": "default",
                        "then": [
                          {
                            "accept": null,
                            "community": null,
                            "reject": ""
                          }
                        ]
                      }
                    ],
                    "then": null
                  },
                  {
                    "name": "IPCLOS_BGP_IMP",
                    "term": [
                      {
                        "from": [
                          {
                            "protocol": [
                              "bgp",
                              "direct"
                            ],
                            "route_filter": null
                          }
                        ],
                        "name": "loopback",
                        "then": [
                          {
                            "accept": "",
                            "community": null,
                            "reject": null
                          }
                        ]
                      },
                      {
                        "from": null,
                        "name": "default",
                        "then": [
                          {
                            "accept": null,
                            "community": null,
                            "reject": ""
                          }
                        ]
                      }
                    ],
                    "then": null
                  },
                  {
                    "name": "PFE-LB",
                    "term": null,
                    "then": [
                      {
                        "load_balance": [
                          {
                            "per_packet": ""
                          }
                        ]
                      }
                    ]
                  },
                  {
                    "name": "to-ospf",
                    "term": [
                      {
                        "from": [
                          {
                            "protocol": [
                              "evpn"
                            ],
                            "route_filter": null
                          }
                        ],
                        "name": "10",
                        "then": [
                          {
                            "accept": "",
                            "community": null,
                            "reject": null
                          }
                        ]
                      },
                      {
                        "from": null,
                        "name": "100",
                        "then": [
                          {
                            "accept": null,
                            "community": null,
                            "reject": ""
                          }
                        ]
                      }
                    ],
                    "then": null
                  }
                ]
              }
            ],
            "protocols": [
              {
                "bgp": [
                  {
                    "group": [
                      {
                        "allow": null,
                        "bfd_liveness_detection": null,
                        "cluster": null,
                        "export": null,
                        "family": [
                          {
                            "evpn": [
                              {
                                "signaling": [
                                  {
                                    "delay_route_advertisements": [
                                      {
                                        "minimum_delay": [
                                          {
                                            "routing_uptime": "480"
                                          }
                                        ]
                                      }
                                    ]
                                  }
                                ]
                              }
                            ]
                          }
                        ],
                        "import": null,
                        "local_address": "10.30.100.1",
                        "local_as": [
                          {
                            "as_number": "65200"
                          }
                        ],
                        "mtu_discovery": null,
                        "multihop": [
                          {
                            "no_nexthop_change": ""
                          }
                        ],
                        "multipath": [
                          {
                            "multiple_as": ""
                          }
                        ],
                        "name": "WAN_OVERLAY_eBGP",
                        "neighbor": [
                          {
                            "description": "DCI EBGP peering to 10.30.100.8",
                            "name": "10.30.100.8",
                            "peer_as": "65201"
                          },
                          {
                            "description": "DCI EBGP peering to 10.30.100.9",
                            "name": "10.30.100.9",
                            "peer_as": "65201"
                          }
                        ],
                        "type": "external",
                        "vpn_apply_export": null
                      },
                      {
                        "allow": null,
                        "bfd_liveness_detection": null,
                        "cluster": "10.30.100.1",
                        "export": null,
                        "family": [
                          {
                            "evpn": [
                              {
                                "signaling": [
                                  {
                                    "delay_route_advertisements": null
                                  }
                                ]
                              }
                            ]
                          }
                        ],
                        "import": null,
                        "local_address": "10.30.100.1",
                        "local_as": [
                          {
                            "as_number": "65200"
                          }
                        ],
                        "mtu_discovery": null,
                        "multihop": null,
                        "multipath": [
                          {
                            "multiple_as": null
                          }
                        ],
                        "name": "EVPN_iBGP",
                        "neighbor": [
                          {
                            "description": null,
                            "name": "10.30.100.3",
                            "peer_as": null
                          },
                          {
                            "description": null,
                            "name": "10.30.100.4",
                            "peer_as": null
                          }
                        ],
                        "type": "internal",
                        "vpn_apply_export": null
                      },
                      {
                        "allow": null,
                        "bfd_liveness_detection": [
                          {
                            "minimum_interval": "1000",
                            "multiplier": "3"
                          }
                        ],
                        "cluster": null,
                        "export": [
                          "IPCLOS_BGP_EXP"
                        ],
                        "family": null,
                        "import": [
                          "IPCLOS_BGP_IMP"
                        ],
                        "local_address": null,
                        "local_as": [
                          {
                            "as_number": "65506"
                          }
                        ],
                        "mtu_discovery": "",
                        "multihop": null,
                        "multipath": [
                          {
                            "multiple_as": ""
                          }
                        ],
                        "name": "IPCLOS_eBGP",
                        "neighbor": [
                          {
                            "description": "EBGP peering to 10.30.131.1",
                            "name": "10.30.131.1",
                            "peer_as": "65501"
                          },
                          {
                            "description": "EBGP peering to 10.30.141.1",
                            "name": "10.30.141.1",
                            "peer_as": "65502"
                          },
                          {
                            "description": "EBGP peering to 10.32.6.2",
                            "name": "10.32.6.2",
                            "peer_as": "65400"
                          }
                        ],
                        "type": "external",
                        "vpn_apply_export": ""
                      }
                    ]
                  }
                ],
                "evpn": [
                  {
                    "default_gateway": "do-not-advertise",
                    "encapsulation": "vxlan",
                    "extended_vni_list": null,
                    "multicast_mode": "ingress-replication",
                    "no_core_isolation": null
                  }
                ],
                "igmp_snooping": [
                  {
                    "vlan": [
                      {
                        "name": "default"
                      }
                    ]
                  }
                ],
                "lldp": [
                  {
                    "interface": [
                      {
                        "name": "all"
                      }
                    ]
                  }
                ]
              }
            ],
            "resource_name": "dc1-borderleaf1",
            "routing_instances": [
              {
                "instance": [
                  {
                    "instance_type": "vrf",
                    "interface": [
                      {
                        "name": "xe-0/0/2.1"
                      },
                      {
                        "name": "xe-0/0/3.1"
                      },
                      {
                        "name": "lo0.10001"
                      }
                    ],
                    "name": "VRF_10001",
                    "protocols": [
                      {
                        "evpn": [
                          {
                            "ip_prefix_routes": [
                              {
                                "advertise": "direct-nexthop",
                                "encapsulation": "vxlan",
                                "export": [
                                  "EVPN_T5_EXPORT"
                                ],
                                "vni": "10001"
                              }
                            ]
                          }
                        ],
                        "ospf": [
                          {
                            "area": [
                              {
                                "interface": [
                                  {
                                    "metric": "100",
                                    "name": "xe-0/0/2.1"
                                  },
                                  {
                                    "metric": "200",
                                    "name": "xe-0/0/3.1"
                                  }
                                ],
                                "name": "0.0.0.0"
                              }
                            ],
                            "export": [
                              "to-ospf"
                            ]
                          }
                        ]
                      }
                    ],
                    "route_distinguisher": [
                      {
                        "rd_type": "10.40.100.1:10001"
                      }
                    ],
                    "routing_options": [
                      {
                        "auto_export": [
                          {}
                        ]
                      }
                    ],
                    "vrf_table_label": [
                      {}
                    ],
                    "vrf_target": [
                      {
                        "community": "target:1:10001"
                      }
                    ]
                  },
                  {
                    "instance_type": "vrf",
                    "interface": [
                      {
                        "name": "xe-0/0/2.2"
                      },
                      {
                        "name": "xe-0/0/3.2"
                      },
                      {
                        "name": "lo0.10002"
                      }
                    ],
                    "name": "VRF_10002",
                    "protocols": [
                      {
                        "evpn": [
                          {
                            "ip_prefix_routes": [
                              {
                                "advertise": "direct-nexthop",
                                "encapsulation": "vxlan",
                                "export": [
                                  "EVPN_T5_EXPORT"
                                ],
                                "vni": "10002"
                              }
                            ]
                          }
                        ],
                        "ospf": [
                          {
                            "area": [
                              {
                                "interface": [
                                  {
                                    "metric": "100",
                                    "name": "xe-0/0/2.2"
                                  },
                                  {
                                    "metric": "200",
                                    "name": "xe-0/0/3.2"
                                  }
                                ],
                                "name": "0.0.0.0"
                              }
                            ],
                            "export": [
                              "to-ospf"
                            ]
                          }
                        ]
                      }
                    ],
                    "route_distinguisher": [
                      {
                        "rd_type": "10.40.100.6:10002"
                      }
                    ],
                    "routing_options": [
                      {
                        "auto_export": [
                          {}
                        ]
                      }
                    ],
                    "vrf_table_label": [
                      {}
                    ],
                    "vrf_target": [
                      {
                        "community": "target:1:10002"
                      }
                    ]
                  },
                  {
                    "instance_type": "vrf",
                    "interface": [
                      {
                        "name": "xe-0/0/2.3"
                      },
                      {
                        "name": "xe-0/0/3.3"
                      },
                      {
                        "name": "lo0.10003"
                      }
                    ],
                    "name": "VRF_10003",
                    "protocols": [
                      {
                        "evpn": [
                          {
                            "ip_prefix_routes": [
                              {
                                "advertise": "direct-nexthop",
                                "encapsulation": "vxlan",
                                "export": [
                                  "EVPN_T5_EXPORT"
                                ],
                                "vni": "10003"
                              }
                            ]
                          }
                        ],
                        "ospf": [
                          {
                            "area": [
                              {
                                "interface": [
                                  {
                                    "metric": "100",
                                    "name": "xe-0/0/2.3"
                                  },
                                  {
                                    "metric": "200",
                                    "name": "xe-0/0/3.3"
                                  }
                                ],
                                "name": "0.0.0.0"
                              }
                            ],
                            "export": [
                              "to-ospf"
                            ]
                          }
                        ]
                      }
                    ],
                    "route_distinguisher": [
                      {
                        "rd_type": "10.40.100.11:10003"
                      }
                    ],
                    "routing_options": [
                      {
                        "auto_export": [
                          {}
                        ]
                      }
                    ],
                    "vrf_table_label": [
                      {}
                    ],
                    "vrf_target": [
                      {
                        "community": "target:1:10003"
                      }
                    ]
                  }
                ]
              }
            ],
            "routing_options": [
              {
                "forwarding_table": [
                  {
                    "chained_composite_next_hop": [
                      {
                        "ingress": [
                          {
                            "evpn": ""
                          }
                        ]
                      }
                    ],
                    "ecmp_fast_reroute": "",
                    "export": [
                      "PFE-LB"
                    ]
                  }
                ],
                "router_id": "10.30.100.1",
                "static": [
                  {
                    "route": [
                      {
                        "name": "0.0.0.0/0",
                        "next_hop": [
                          "100.123.0.1"
                        ]
                      }
                    ]
                  }
                ]
              }
            ],
            "snmp": [
              {
                "community": [
                  {
                    "authorization": "read-only",
                    "name": "public"
                  }
                ],
                "contact": "aburston@juniper.net",
                "location": "JCL Labs"
              }
            ],
            "switch_options": [
              {
                "route_distinguisher": [
                  {
                    "rd_type": "10.30.100.1:9999"
                  }
                ],
                "vrf_target": [
                  {
                    "auto": [
                      {}
                    ],
                    "community": "target:9999:9999"
                  }
                ],
                "vtep_source_interface": [
                  {
                    "interface_name": "lo0.0"
                  }
                ]
              }
            ],
            "system": [
              {
                "extensions": [
                  {
                    "providers": [
                      {
                        "license_type": [
                          {
                            "deployment_scope": [
                              "commercial"
                            ],
                            "name": "juniper"
                          }
                        ],
                        "name": "juniper"
                      },
                      {
                        "license_type": [
                          {
                            "deployment_scope": [
                              "commercial"
                            ],
                            "name": "juniper"
                          }
                        ],
                        "name": "chef"
                      }
                    ]
                  }
                ],
                "host_name": "dc1-borderleaf1",
                "login": [
                  {
                    "message": "***********************************************************************\nThis system is restricted to __________, authorized users for legitimate\nbusiness purposes only. All activity on the system will be logged and\nis subject to monitoring. Unauthorized access, use or modification\nof computers, data therein or data in transit to or from the computers\nis a violation of state and federal laws. Unauthorized activity will\nbe reported to the law enforcement for investigation and possible\nprosecution. __________ reserves the right to investigate, refer for\nprosecution and pursue monetary damages in civil actions in the event\nof unauthorized access.\n***********************************************************************\n",
                    "user": [
                      {
                        "authentication": [
                          {
                            "encrypted_password": "$1$a31gJmWG$h9ohikT1ajySf/tVH.gmv1"
                          }
                        ],
                        "class": "super-user",
                        "name": "jcluser",
                        "uid": "2000"
                      }
                    ]
                  }
                ],
                "root_authentication": [
                  {
                    "encrypted_password": "$1$DbZ1Q3pj$s48cZytjsmSJRUJAf4LdM."
                  }
                ],
                "services": [
                  {
                    "extension_service": [
                      {
                        "notification": [
                          {
                            "allow_clients": [
                              {
                                "address": [
                                  "0.0.0.0/0"
                                ]
                              }
                            ]
                          }
                        ],
                        "request_response": [
                          {
                            "grpc": [
                              {
                                "max_connections": "30"
                              }
                            ]
                          }
                        ]
                      }
                    ],
                    "netconf": [
                      {
                        "ssh": [
                          {}
                        ]
                      }
                    ],
                    "rest": [
                      {
                        "enable_explorer": "",
                        "http": [
                          {
                            "port": "3000"
                          }
                        ]
                      }
                    ],
                    "ssh": [
                      {
                        "root_login": "allow"
                      }
                    ]
                  }
                ],
                "syslog": [
                  {
                    "file": [
                      {
                        "contents": [
                          {
                            "any": null,
                            "info": null,
                            "name": "any",
                            "notice": ""
                          },
                          {
                            "any": null,
                            "info": "",
                            "name": "authorization",
                            "notice": null
                          }
                        ],
                        "name": "messages"
                      },
                      {
                        "contents": [
                          {
                            "any": "",
                            "info": null,
                            "name": "interactive-commands",
                            "notice": null
                          }
                        ],
                        "name": "interactive-commands"
                      }
                    ],
                    "user": [
                      {
                        "contents": [
                          {
                            "emergency": "",
                            "name": "any"
                          }
                        ],
                        "name": "*"
                      }
                    ]
                  }
                ]
              }
            ],
            "vlans": null
          },
          "sensitive_attributes": [],
          "identity_schema_version": 0
        }
      ]
    },
    {
      "mode": "managed",
      "type": "junos-qfx-evpn-vxlan-base-config",
      "name": "dc1-borderleaf2",
      "provider": "provider[\"registry.terraform.io/hashicorp/junos-qfx-evpn-vxlan\"].dc1_borderleaf2",
      "instances": [
        {
          "schema_version": 0,
          "attributes": {
            "chassis": [
              {
                "aggregated_devices": [
                  {
                    "ethernet": [
                      {
                        "device_count": "24"
                      }
                    ]
                  }
                ]
              }
            ],
            "forwarding_options": [
              {
                "storm_control_profiles": [
                  {
                    "all": [
                      {}
                    ],
                    "name": "default"
                  }
                ]
              }
            ],
            "interfaces": [
              {
                "interface": [
                  {
                    "aggregated_ether_options": null,
                    "description": "*** to dc1-spine1 ***",
                    "esi": null,
                    "ether_options": null,
                    "name": "xe-0/0/0",
                    "unit": [
                      {
                        "description": null,
                        "family": [
                          {
                            "ethernet_switching": null,
                            "inet": [
                              {
                                "address": [
                                  {
                                    "name": "10.30.132.2/30"
                                  }
                                ]
                              }
                            ]
                          }
                        ],
                        "mac": null,
                        "name": "0",
                        "vlan_id": null
                      }
                    ],
                    "vlan_tagging": null
                  },
                  {
                    "aggregated_ether_options": null,
                    "description": "*** to dc1-spine2 ***",
                    "esi": null,
                    "ether_options": null,
                    "name": "xe-0/0/1",
                    "unit": [
                      {
                        "description": null,
                        "family": [
                          {
                            "ethernet_switching": null,
                            "inet": [
                              {
                                "address": [
                                  {
                                    "name": "10.30.142.2/30"
                                  }
                                ]
                              }
                            ]
                          }
                        ],
                        "mac": null,
                        "name": "0",
                        "vlan_id": null
                      }
                    ],
                    "vlan_tagging": null
                  },
                  {
                    "aggregated_ether_options": null,
                    "description": null,
                    "esi": null,
                    "ether_options": null,
                    "name": "xe-0/0/2",
                    "unit": [
                      {
                        "description": null,
                        "family": [
                          {
                            "ethernet_switching": null,
                            "inet": [
                              {
                                "address": [
                                  {
                                    "name": "10.97.1.1/30"
                                  }
                                ]
                              }
                            ]
                          }
                        ],
                        "mac": null,
                        "name": "1",
                        "vlan_id": "1"
                      },
                      {
                        "description": null,
                        "family": [
                          {
                            "ethernet_switching": null,
                            "inet": [
                              {
                                "address": [
                                  {
                                    "name": "10.97.2.1/30"
                                  }
                                ]
                              }
                            ]
                          }
                        ],
                        "mac": null,
                        "name": "2",
                        "vlan_id": "2"
                      },
                      {
                        "description": null,
                        "family": [
                          {
                            "ethernet_switching": null,
                            "inet": [
                              {
                                "address": [
                                  {
                                    "name": "10.97.3.1/30"
                                  }
                                ]
                              }
                            ]
                          }
                        ],
                        "mac": null,
                        "name": "3",
                        "vlan_id": "3"
                      }
                    ],
                    "vlan_tagging": ""
                  },
                  {
                    "aggregated_ether_options": null,
                    "description": null,
                    "esi": null,
                    "ether_options": null,
                    "name": "xe-0/0/3",
                    "unit": [
                      {
                        "description": null,
                        "family": [
                          {
                            "ethernet_switching": null,
                            "inet": [
                              {
                                "address": [
                                  {
                                    "name": "10.96.1.1/30"
                                  }
                                ]
                              }
                            ]
                          }
                        ],
                        "mac": null,
                        "name": "1",
                        "vlan_id": "1"
                      },
                      {
                        "description": null,
                        "family": [
                          {
                            "ethernet_switching": null,
                            "inet": [
                              {
                                "address": [
                                  {
                                    "name": "10.96.2.1/30"
                                  }
                                ]
                              }
                            ]
                          }
                        ],
                        "mac": null,
                        "name": "2",
                        "vlan_id": "2"
                      },
                      {
                        "description": null,
                        "family": [
                          {
                            "ethernet_switching": null,
                            "inet": [
                              {
                                "address": [
                                  {
                                    "name": "10.96.3.1/30"
                                  }
                                ]
                              }
                            ]
                          }
                        ],
                        "mac": null,
                        "name": "3",
                        "vlan_id": "3"
                      }
                    ],
                    "vlan_tagging": ""
                  },
                  {
                    "aggregated_ether_options": null,
                    "description": "*** to wan-pe1 ***",
                    "esi": null,
                    "ether_options": null,
                    "name": "xe-0/0/4",
                    "unit": [
                      {
                        "description": null,
                        "family": [
                          {
                            "ethernet_switching": null,
                            "inet": [
                              {
                                "address": [
                                  {
                                    "name": "10.32.10.1/30"
                                  }
                                ]
                              }
                            ]
                          }
                        ],
                        "mac": null,
                        "name": "0",
                        "vlan_id": null
                      }
                    ],
                    "vlan_tagging": null
                  },
                  {
                    "aggregated_ether_options": null,
                    "description": null,
                    "esi": null,
                    "ether_options": null,
                    "name": "em0",
                    "unit": [
                      {
                        "description": "*** management ***",
                        "family": [
                          {
                            "ethernet_switching": null,
                            "inet": [
                              {
                                "address": [
                                  {
                                    "name": "100.123.24.2/16"
                                  }
                                ]
                              }
                            ]
                          }
                        ],
                        "mac": null,
                        "name": "0",
                        "vlan_id": null
                      }
                    ],
                    "vlan_tagging": null
                  },
                  {
                    "aggregated_ether_options": null,
                    "description": null,
                    "esi": null,
                    "ether_options": null,
                    "name": "em1",
                    "unit": [
                      {
                        "description": "*** to pfe ***",
                        "family": [
                          {
                            "ethernet_switching": null,
                            "inet": [
                              {
                                "address": [
                                  {
                                    "name": "169.254.0.2/24"
                                  }
                                ]
                              }
                            ]
                          }
                        ],
                        "mac": null,
                        "name": "0",
                        "vlan_id": null
                      }
                    ],
                    "vlan_tagging": null
                  },
                  {
                    "aggregated_ether_options": null,
                    "description": null,
                    "esi": null,
                    "ether_options": null,
                    "name": "lo0",
                    "unit": [
                      {
                        "description": "*** loopback ***",
                        "family": [
                          {
                            "ethernet_switching": null,
                            "inet": [
                              {
                                "address": [
                                  {
                                    "name": "10.30.100.2/32"
                                  }
                                ]
                              }
                            ]
                          }
                        ],
                        "mac": null,
                        "name": "0",
                        "vlan_id": null
                      },
                      {
                        "description": "Loopback for VXLAN control packets for VRF_10001",
                        "family": [
                          {
                            "ethernet_switching": null,
                            "inet": [
                              {
                                "address": [
                                  {
                                    "name": "10.40.100.2/32"
                                  }
                                ]
                              }
                            ]
                          }
                        ],
                        "mac": null,
                        "name": "10001",
                        "vlan_id": null
                      },
                      {
                        "description": "Loopback for VXLAN control packets for VRF_10002",
                        "family": [
                          {
                            "ethernet_switching": null,
                            "inet": [
                              {
                                "address": [
                                  {
                                    "name": "10.40.100.7/32"
                                  }
                                ]
                              }
                            ]
                          }
                        ],
                        "mac": null,
                        "name": "10002",
                        "vlan_id": null
                      },
                      {
                        "description": "Loopback for VXLAN control packets for VRF_10003",
                        "family": [
                          {
                            "ethernet_switching": null,
                            "inet": [
                              {
                                "address": [
                                  {
                                    "name": "10.40.100.12/32"
                                  }
                                ]
                              }
                            ]
                          }
                        ],
                        "mac": null,
                        "name": "10003",
                        "vlan_id": null
                      }
                    ],
                    "vlan_tagging": null
                  }
                ]
              }
            ],
            "policy_options": [
              {
                "community": [
                  {
                    "members": [
                      "65507:1"
                    ],
                    "name": "dc1-borderleaf2"
                  }
                ],
                "policy_statement": [
                  {
                    "name": "EVPN_T5_EXPORT",
                    "term": [
                      {
                        "from": [
                          {
                            "protocol": [
                              "direct"
                            ],
                            "route_filter": null
                          }
                        ],
                        "name": "fm_direct",
                        "then": [
                          {
                            "accept": "",
                            "community": null,
                            "reject": null
                          }
                        ]
                      },
                      {
                        "from": [
                          {
                            "protocol": [
                              "static"
                            ],
                            "route_filter": null
                          }
                        ],
                        "name": "fm_static",
                        "then": [
                          {
                            "accept": "",
                            "community": null,
                            "reject": null
                          }
                        ]
                      },
                      {
                        "from": [
                          {
                            "protocol": [
                              "evpn",
                              "ospf"
                            ],
                            "route_filter": [
                              {
                                "address": "0.0.0.0/0",
                                "exact": "",
                                "orlonger": null,
                                "prefix_length_range": null
                              }
                            ]
                          }
                        ],
                        "name": "fm_v4_default",
                        "then": [
                          {
                            "accept": "",
                            "community": null,
                            "reject": null
                          }
                        ]
                      },
                      {
                        "from": [
                          {
                            "protocol": [
                              "evpn"
                            ],
                            "route_filter": [
                              {
                                "address": "0::0/0",
                                "exact": null,
                                "orlonger": null,
                                "prefix_length_range": "/128-/128"
                              }
                            ]
                          }
                        ],
                        "name": "fm_v6_host",
                        "then": [
                          {
                            "accept": "",
                            "community": null,
                            "reject": null
                          }
                        ]
                      }
                    ],
                    "then": null
                  },
                  {
                    "name": "IPCLOS_BGP_EXP",
                    "term": [
                      {
                        "from": [
                          {
                            "protocol": [
                              "direct",
                              "bgp"
                            ],
                            "route_filter": null
                          }
                        ],
                        "name": "loopback",
                        "then": [
                          {
                            "accept": "",
                            "community": [
                              {
                                "add": "",
                                "community_name": "dc1-borderleaf2"
                              }
                            ],
                            "reject": null
                          }
                        ]
                      },
                      {
                        "from": null,
                        "name": "default",
                        "then": [
                          {
                            "accept": null,
                            "community": null,
                            "reject": ""
                          }
                        ]
                      }
                    ],
                    "then": null
                  },
                  {
                    "name": "IPCLOS_BGP_IMP",
                    "term": [
                      {
                        "from": [
                          {
                            "protocol": [
                              "bgp",
                              "direct"
                            ],
                            "route_filter": null
                          }
                        ],
                        "name": "loopback",
                        "then": [
                          {
                            "accept": "",
                            "community": null,
                            "reject": null
                          }
                        ]
                      },
                      {
                        "from": null,
                        "name": "default",
                        "then": [
                          {
                            "accept": null,
                            "community": null,
                            "reject": ""
                          }
                        ]
                      }
                    ],
                    "then": null
                  },
                  {
                    "name": "PFE-LB",
                    "term": null,
                    "then": [
                      {
                        "load_balance": [
                          {
                            "per_packet": ""
                          }
                        ]
                      }
                    ]
                  },
                  {
                    "name": "to-ospf",
                    "term": [
                      {
                        "from": [
                          {
                            "protocol": [
                              "evpn"
                            ],
                            "route_filter": null
                          }
                        ],
                        "name": "10",
                        "then": [
                          {
                            "accept": "",
                            "community": null,
                            "reject": null
                          }
                        ]
                      },
                      {
                        "from": null,
                        "name": "100",
                        "then": [
                          {
                            "accept": null,
                            "community": null,
                            "reject": ""
                          }
                        ]
                      }
                    ],
                    "then": null
                  }
                ]
              }
            ],
            "protocols": [
              {
                "bgp": [
                  {
                    "group": [
                      {
                        "allow": null,
                        "bfd_liveness_detection": null,
                        "cluster": null,
                        "export": null,
                        "family": [
                          {
                            "evpn": [
                              {
                                "signaling": [
                                  {
                                    "delay_route_advertisements": [
                                      {
                                        "minimum_delay": [
                                          {
                                            "routing_uptime": "480"
                                          }
                                        ]
                                      }
                                    ]
                                  }
                                ]
                              }
                            ]
                          }
                        ],
                        "import": null,
                        "local_address": "10.30.100.2",
                        "local_as": [
                          {
                            "as_number": "65200"
                          }
                        ],
                        "mtu_discovery": null,
                        "multihop": [
                          {
                            "no_nexthop_change": ""
                          }
                        ],
                        "multipath": [
                          {
                            "multiple_as": ""
                          }
                        ],
                        "name": "WAN_OVERLAY_eBGP",
                        "neighbor": [
                          {
                            "description": "DCI EBGP peering to 10.30.100.8",
                            "name": "10.30.100.8",
                            "peer_as": "65201"
                          },
                          {
                            "description": "DCI EBGP peering to 10.30.100.9",
                            "name": "10.30.100.9",
                            "peer_as": "65201"
                          }
                        ],
                        "type": "external",
                        "vpn_apply_export": null
                      },
                      {
                        "allow": null,
                        "bfd_liveness_detection": null,
                        "cluster": "10.30.100.2",
                        "export": null,
                        "family": [
                          {
                            "evpn": [
                              {
                                "signaling": [
                                  {
                                    "delay_route_advertisements": null
                                  }
                                ]
                              }
                            ]
                          }
                        ],
                        "import": null,
                        "local_address": "10.30.100.2",
                        "local_as": [
                          {
                            "as_number": "65200"
                          }
                        ],
                        "mtu_discovery": null,
                        "multihop": null,
                        "multipath": [
                          {
                            "multiple_as": null
                          }
                        ],
                        "name": "EVPN_iBGP",
                        "neighbor": [
                          {
                            "description": null,
                            "name": "10.30.100.3",
                            "peer_as": null
                          },
                          {
                            "description": null,
                            "name": "10.30.100.4",
                            "peer_as": null
                          }
                        ],
                        "type": "internal",
                        "vpn_apply_export": null
                      },
                      {
                        "allow": null,
                        "bfd_liveness_detection": [
                          {
                            "minimum_interval": "1000",
                            "multiplier": "3"
                          }
                        ],
                        "cluster": null,
                        "export": [
                          "IPCLOS_BGP_EXP"
                        ],
                        "family": null,
                        "import": [
                          "IPCLOS_BGP_IMP"
                        ],
                        "local_address": null,
                        "local_as": [
                          {
                            "as_number": "65507"
                          }
                        ],
                        "mtu_discovery": "",
                        "multihop": null,
                        "multipath": [
                          {
                            "multiple_as": ""
                          }
                        ],
                        "name": "IPCLOS_eBGP",
                        "neighbor": [
                          {
                            "description": "EBGP peering to 10.30.132.1",
                            "name": "10.30.132.1",
                            "peer_as": "65501"
                          },
                          {
                            "description": "EBGP peering to 10.30.142.1",
                            "name": "10.30.142.1",
                            "peer_as": "65502"
                          },
                          {
                            "description": "EBGP peering to 10.32.10.2",
                            "name": "10.32.10.2",
                            "peer_as": "65400"
                          }
                        ],
                        "type": "external",
                        "vpn_apply_export": ""
                      }
                    ]
                  }
                ],
                "evpn": [
                  {
                    "default_gateway": "do-not-advertise",
                    "encapsulation": "vxlan",
                    "extended_vni_list": null,
                    "multicast_mode": "ingress-replication",
                    "no_core_isolation": null
                  }
                ],
                "igmp_snooping": [
                  {
                    "vlan": [
                      {
                        "name": "default"
                      }
                    ]
                  }
                ],
                "lldp": [
                  {
                    "interface": [
                      {
                        "name": "all"
                      }
                    ]
                  }
                ]
              }
            ],
            "resource_name": "dc1-borderleaf2",
            "routing_instances": [
              {
                "instance": [
                  {
                    "instance_type": "vrf",
                    "interface": [
                      {
                        "name": "xe-0/0/2.1"
                      },
                      {
                        "name": "xe-0/0/3.1"
                      },
                      {
                        "name": "lo0.10001"
                      }
                    ],
                    "name": "VRF_10001",
                    "protocols": [
                      {
                        "evpn": [
                          {
                            "ip_prefix_routes": [
                              {
                                "advertise": "direct-nexthop",
                                "encapsulation": "vxlan",
                                "export": [
                                  "EVPN_T5_EXPORT"
                                ],
                                "vni": "10001"
                              }
                            ]
                          }
                        ],
                        "ospf": [
                          {
                            "area": [
                              {
                                "interface": [
                                  {
                                    "metric": "100",
                                    "name": "xe-0/0/2.1"
                                  },
                                  {
                                    "metric": "200",
                                    "name": "xe-0/0/3.1"
                                  }
                                ],
                                "name": "0.0.0.0"
                              }
                            ],
                            "export": [
                              "to-ospf"
                            ]
                          }
                        ]
                      }
                    ],
                    "route_distinguisher": [
                      {
                        "rd_type": "10.40.100.2:10001"
                      }
                    ],
                    "routing_options": [
                      {
                        "auto_export": [
                          {}
                        ]
                      }
                    ],
                    "vrf_table_label": [
                      {}
                    ],
                    "vrf_target": [
                      {
                        "community": "target:1:10001"
                      }
                    ]
                  },
                  {
                    "instance_type": "vrf",
                    "interface": [
                      {
                        "name": "xe-0/0/2.2"
                      },
                      {
                        "name": "xe-0/0/3.2"
                      },
                      {
                        "name": "lo0.10002"
                      }
                    ],
                    "name": "VRF_10002",
                    "protocols": [
                      {
                        "evpn": [
                          {
                            "ip_prefix_routes": [
                              {
                                "advertise": "direct-nexthop",
                                "encapsulation": "vxlan",
                                "export": [
                                  "EVPN_T5_EXPORT"
                                ],
                                "vni": "10002"
                              }
                            ]
                          }
                        ],
                        "ospf": [
                          {
                            "area": [
                              {
                                "interface": [
                                  {
                                    "metric": "100",
                                    "name": "xe-0/0/2.2"
                                  },
                                  {
                                    "metric": "200",
                                    "name": "xe-0/0/3.2"
                                  }
                                ],
                                "name": "0.0.0.0"
                              }
                            ],
                            "export": [
                              "to-ospf"
                            ]
                          }
                        ]
                      }
                    ],
                    "route_distinguisher": [
                      {
                        "rd_type": "10.40.100.7:10002"
                      }
                    ],
                    "routing_options": [
                      {
                        "auto_export": [
                          {}
                        ]
                      }
                    ],
                    "vrf_table_label": [
                      {}
                    ],
                    "vrf_target": [
                      {
                        "community": "target:1:10002"
                      }
                    ]
                  },
                  {
                    "instance_type": "vrf",
                    "interface": [
                      {
                        "name": "xe-0/0/2.3"
                      },
                      {
                        "name": "xe-0/0/3.3"
                      },
                      {
                        "name": "lo0.10003"
                      }
                    ],
                    "name": "VRF_10003",
                    "protocols": [
                      {
                        "evpn": [
                          {
                            "ip_prefix_routes": [
                              {
                                "advertise": "direct-nexthop",
                                "encapsulation": "vxlan",
                                "export": [
                                  "EVPN_T5_EXPORT"
                                ],
                                "vni": "10003"
                              }
                            ]
                          }
                        ],
                        "ospf": [
                          {
                            "area": [
                              {
                                "interface": [
                                  {
                                    "metric": "100",
                                    "name": "xe-0/0/2.3"
                                  },
                                  {
                                    "metric": "200",
                                    "name": "xe-0/0/3.3"
                                  }
                                ],
                                "name": "0.0.0.0"
                              }
                            ],
                            "export": [
                              "to-ospf"
                            ]
                          }
                        ]
                      }
                    ],
                    "route_distinguisher": [
                      {
                        "rd_type": "10.40.100.12:10003"
                      }
                    ],
                    "routing_options": [
                      {
                        "auto_export": [
                          {}
                        ]
                      }
                    ],
                    "vrf_table_label": [
                      {}
                    ],
                    "vrf_target": [
                      {
                        "community": "target:1:10003"
                      }
                    ]
                  }
                ]
              }
            ],
            "routing_options": [
              {
                "forwarding_table": [
                  {
                    "chained_composite_next_hop": [
                      {
                        "ingress": [
                          {
                            "evpn": ""
                          }
                        ]
                      }
                    ],
                    "ecmp_fast_reroute": "",
                    "export": [
                      "PFE-LB"
                    ]
                  }
                ],
                "router_id": "10.30.100.2",
                "static": [
                  {
                    "route": [
                      {
                        "name": "0.0.0.0/0",
                        "next_hop": [
                          "100.123.0.1"
                        ]
                      }
                    ]
                  }
                ]
              }
            ],
            "snmp": [
              {
                "community": [
                  {
                    "authorization": "read-only",
                    "name": "public"
                  }
                ],
                "contact": "aburston@juniper.net",
                "location": "JCL Labs"
              }
            ],
            "switch_options": [
              {
                "route_distinguisher": [
                  {
                    "rd_type": "10.30.100.2:9999"
                  }
                ],
                "vrf_target": [
                  {
                    "auto": [
                      {}
                    ],
                    "community": "target:9999:9999"
                  }
                ],
                "vtep_source_interface": [
                  {
                    "interface_name": "lo0.0"
                  }
                ]
              }
            ],
            "system": [
              {
                "extensions": [
                  {
                    "providers": [
                      {
                        "license_type": [
                          {
                            "deployment_scope": [
                              "commercial"
                            ],
                            "name": "juniper"
                          }
                        ],
                        "name": "juniper"
                      },
                      {
                        "license_type": [
                          {
                            "deployment_scope": [
                              "commercial"
                            ],
                            "name": "juniper"
                          }
                        ],
                        "name": "chef"
                      }
                    ]
                  }
                ],
                "host_name": "dc1-borderleaf2",
                "login": [
                  {
                    "message": "***********************************************************************\nThis system is restricted to __________, authorized users for legitimate\nbusiness purposes only. All activity on the system will be logged and\nis subject to monitoring. Unauthorized access, use or modification\nof computers, data therein or data in transit to or from the computers\nis a violation of state and federal laws. Unauthorized activity will\nbe reported to the law enforcement for investigation and possible\nprosecution. __________ reserves the right to investigate, refer for\nprosecution and pursue monetary damages in civil actions in the event\nof unauthorized access.\n***********************************************************************\n",
                    "user": [
                      {
                        "authentication": [
                          {
                            "encrypted_password": "$1$a31gJmWG$h9ohikT1ajySf/tVH.gmv1"
                          }
                        ],
                        "class": "super-user",
                        "name": "jcluser",
                        "uid": "2000"
                      }
                    ]
                  }
                ],
                "root_authentication": [
                  {
                    "encrypted_password": "$1$DbZ1Q3pj$s48cZytjsmSJRUJAf4LdM."
                  }
                ],
                "services": [
                  {
                    "extension_service": [
                      {
                        "notification": [
                          {
                            "allow_clients": [
                              {
                                "address": [
                                  "0.0.0.0/0"
                                ]
                              }
                            ]
                          }
                        ],
                        "request_response": [
                          {
                            "grpc": [
                              {
                                "max_connections": "30"
                              }
                            ]
                          }
                        ]
                      }
                    ],
                    "netconf": [
                      {
                        "ssh": [
                          {}
                        ]
                      }
                    ],
                    "rest": [
                      {
                        "enable_explorer": "",
                        "http": [
                          {
                            "port": "3000"
                          }
                        ]
                      }
                    ],
                    "ssh": [
                      {
                        "root_login": "allow"
                      }
                    ]
                  }
                ],
                "syslog": [
                  {
                    "file": [
                      {
                        "contents": [
                          {
                            "any": null,
                            "info": null,
                            "name": "any",
                            "notice": ""
                          },
                          {
                            "any": null,
                            "info": "",
                            "name": "authorization",
                            "notice": null
                          }
                        ],
                        "name": "messages"
                      },
                      {
                        "contents": [
                          {
                            "any": "",
                            "info": null,
                            "name": "interactive-commands",
                            "notice": null
                          }
                        ],
                        "name": "interactive-commands"
                      }
                    ],
                    "user": [
                      {
                        "contents": [
                          {
                            "emergency": "",
                            "name": "any"
                          }
                        ],
                        "name": "*"
                      }
                    ]
                  }
                ]
              }
            ],
            "vlans": null
          },
          "sensitive_attributes": [],
          "identity_schema_version": 0
        }
      ]
    },
    {
      "mode": "managed",
      "type": "junos-qfx-evpn-vxlan-base-config",
      "name": "dc1-leaf1",
      "provider": "provider[\"registry.terraform.io/hashicorp/junos-qfx-evpn-vxlan\"].dc1_leaf1",
      "instances": [
        {
          "schema_version": 0,
          "attributes": {
            "chassis": [
              {
                "aggregated_devices": [
                  {
                    "ethernet": [
                      {
                        "device_count": "24"
                      }
                    ]
                  }
                ]
              }
            ],
            "forwarding_options": [
              {
                "storm_control_profiles": [
                  {
                    "all": [
                      {}
                    ],
                    "name": "default"
                  }
                ]
              }
            ],
            "interfaces": [
              {
                "interface": [
                  {
                    "aggregated_ether_options": null,
                    "description": "*** to dc1-spine1 ***",
                    "esi": null,
                    "ether_options": null,
                    "name": "xe-0/0/0",
                    "unit": [
                      {
                        "description": null,
                        "family": [
                          {
                            "ethernet_switching": null,
                            "inet": [
                              {
                                "address": [
                                  {
                                    "name": "10.30.135.2/30"
                                  }
                                ]
                              }
                            ]
                          }
                        ],
                        "mac": null,
                        "name": "0",
                        "vlan_id": null
                      }
                    ],
                    "vlan_tagging": null
                  },
                  {
                    "aggregated_ether_options": null,
                    "description": "*** to dc1-spine2 ***",
                    "esi": null,
                    "ether_options": null,
                    "name": "xe-0/0/1",
                    "unit": [
                      {
                        "description": null,
                        "family": [
                          {
                            "ethernet_switching": null,
                            "inet": [
                              {
                                "address": [
                                  {
                                    "name": "10.30.145.2/30"
                                  }
                                ]
                              }
                            ]
                          }
                        ],
                        "mac": null,
                        "name": "0",
                        "vlan_id": null
                      }
                    ],
                    "vlan_tagging": null
                  },
                  {
                    "aggregated_ether_options": null,
                    "description": null,
                    "esi": null,
                    "ether_options": [
                      {
                        "ieee_802_3ad": [
                          {
                            "bundle": "ae0"
                          }
                        ]
                      }
                    ],
                    "name": "xe-0/0/2",
                    "unit": null,
                    "vlan_tagging": null
                  },
                  {
                    "aggregated_ether_options": null,
                    "description": null,
                    "esi": null,
                    "ether_options": [
                      {
                        "ieee_802_3ad": [
                          {
                            "bundle": "ae1"
                          }
                        ]
                      }
                    ],
                    "name": "xe-0/0/3",
                    "unit": null,
                    "vlan_tagging": null
                  },
                  {
                    "aggregated_ether_options": [
                      {
                        "lacp": [
                          {
                            "active": "",
                            "periodic": "fast",
                            "system_id": "00:00:00:00:01:00"
                          }
                        ]
                      }
                    ],
                    "description": null,
                    "esi": [
                      {
                        "all_active": "",
                        "identifier": "00:00:00:00:00:00:00:00:01:00"
                      }
                    ],
                    "ether_options": null,
                    "name": "ae0",
                    "unit": [
                      {
                        "description": null,
                        "family": [
                          {
                            "ethernet_switching": [
                              {
                                "vlan": [
                                  {
                                    "members": [
                                      "1001"
                                    ]
                                  }
                                ]
                              }
                            ],
                            "inet": null
                          }
                        ],
                        "mac": null,
                        "name": "0",
                        "vlan_id": null
                      }
                    ],
                    "vlan_tagging": null
                  },
                  {
                    "aggregated_ether_options": [
                      {
                        "lacp": [
                          {
                            "active": "",
                            "periodic": "fast",
                            "system_id": "00:00:00:00:02:00"
                          }
                        ]
                      }
                    ],
                    "description": null,
                    "esi": [
                      {
                        "all_active": "",
                        "identifier": "00:00:00:00:00:00:00:00:02:00"
                      }
                    ],
                    "ether_options": null,
                    "name": "ae1",
                    "unit": [
                      {
                        "description": null,
                        "family": [
                          {
                            "ethernet_switching": [
                              {
                                "vlan": [
                                  {
                                    "members": [
                                      "2001"
                                    ]
                                  }
                                ]
                              }
                            ],
                            "inet": null
                          }
                        ],
                        "mac": null,
                        "name": "0",
                        "vlan_id": null
                      }
                    ],
                    "vlan_tagging": null
                  },
                  {
                    "aggregated_ether_options": null,
                    "description": null,
                    "esi": null,
                    "ether_options": null,
                    "name": "em0",
                    "unit": [
                      {
                        "description": "*** management ***",
                        "family": [
                          {
                            "ethernet_switching": null,
                            "inet": [
                              {
                                "address": [
                                  {
                                    "name": "100.123.24.5/16"
                                  }
                                ]
                              }
                            ]
                          }
                        ],
                        "mac": null,
                        "name": "0",
                        "vlan_id": null
                      }
                    ],
                    "vlan_tagging": null
                  },
                  {
                    "aggregated_ether_options": null,
                    "description": null,
                    "esi": null,
                    "ether_options": null,
                    "name": "em1",
                    "unit": [
                      {
                        "description": "*** to pfe ***",
                        "family": [
                          {
                            "ethernet_switching": null,
                            "inet": [
                              {
                                "address": [
                                  {
                                    "name": "169.254.0.2/24"
                                  }
                                ]
                              }
                            ]
                          }
                        ],
                        "mac": null,
                        "name": "0",
                        "vlan_id": null
                      }
                    ],
                    "vlan_tagging": null
                  },
                  {
                    "aggregated_ether_options": null,
                    "description": null,
                    "esi": null,
                    "ether_options": null,
                    "name": "irb",
                    "unit": [
                      {
                        "description": null,
                        "family": [
                          {
                            "ethernet_switching": null,
                            "inet": [
                              {
                                "address": [
                                  {
                                    "name": "10.1.1.1/24"
                                  }
                                ]
                              }
                            ]
                          }
                        ],
                        "mac": "02:0a:01:01:01:18",
                        "name": "1001",
                        "vlan_id": null
                      },
                      {
                        "description": null,
                        "family": [
                          {
                            "ethernet_switching": null,
                            "inet": [
                              {
                                "address": [
                                  {
                                    "name": "10.2.1.1/24"
                                  }
                                ]
                              }
                            ]
                          }
                        ],
                        "mac": "02:0a:02:01:01:18",
                        "name": "2001",
                        "vlan_id": null
                      },
                      {
                        "description": null,
                        "family": [
                          {
                            "ethernet_switching": null,
                            "inet": [
                              {
                                "address": [
                                  {
                                    "name": "10.3.1.1/24"
                                  }
                                ]
                              }
                            ]
                          }
                        ],
                        "mac": "02:0a:03:01:01:18",
                        "name": "3001",
                        "vlan_id": null
                      }
                    ],
                    "vlan_tagging": null
                  },
                  {
                    "aggregated_ether_options": null,
                    "description": null,
                    "esi": null,
                    "ether_options": null,
                    "name": "lo0",
                    "unit": [
                      {
                        "description": "*** loopback ***",
                        "family": [
                          {
                            "ethernet_switching": null,
                            "inet": [
                              {
                                "address": [
                                  {
                                    "name": "10.30.100.5/32"
                                  }
                                ]
                              }
                            ]
                          }
                        ],
                        "mac": null,
                        "name": "0",
                        "vlan_id": null
                      },
                      {
                        "description": "Loopback for VXLAN control packets for VRF_10001",
                        "family": [
                          {
                            "ethernet_switching": null,
                            "inet": [
                              {
                                "address": [
                                  {
                                    "name": "10.40.100.3/32"
                                  }
                                ]
                              }
                            ]
                          }
                        ],
                        "mac": null,
                        "name": "10001",
                        "vlan_id": null
                      },
                      {
                        "description": "Loopback for VXLAN control packets for VRF_10002",
                        "family": [
                          {
                            "ethernet_switching": null,
                            "inet": [
                              {
                                "address": [
                                  {
                                    "name": "10.40.100.8/32"
                                  }
                                ]
                              }
                            ]
                          }
                        ],
                        "mac": null,
                        "name": "10002",
                        "vlan_id": null
                      },
                      {
                        "description": "Loopback for VXLAN control packets for VRF_10003",
                        "family": [
                          {
                            "ethernet_switching": null,
                            "inet": [
                              {
                                "address": [
                                  {
                                    "name": "10.40.100.13/32"
                                  }
                                ]
                              }
                            ]
                          }
                        ],
                        "mac": null,
                        "name": "10003",
                        "vlan_id": null
                      }
                    ],
                    "vlan_tagging": null
                  }
                ]
              }
            ],
            "policy_options": [
              {
                "community": [
                  {
                    "members": [
                      "65503:1"
                    ],
                    "name": "dc1-leaf1"
                  }
                ],
                "policy_statement": [
                  {
                    "name": "EVPN_T5_EXPORT",
                    "term": [
                      {
                        "from": [
                          {
                            "protocol": [
                              "direct"
                            ],
                            "route_filter": null
                          }
                        ],
                        "name": "fm_direct",
                        "then": [
                          {
                            "accept": "",
                            "community": null,
                            "reject": null
                          }
                        ]
                      },
                      {
                        "from": [
                          {
                            "protocol": [
                              "static"
                            ],
                            "route_filter": null
                          }
                        ],
                        "name": "fm_static",
                        "then": [
                          {
                            "accept": "",
                            "community": null,
                            "reject": null
                          }
                        ]
                      },
                      {
                        "from": [
                          {
                            "protocol": [
                              "evpn"
                            ],
                            "route_filter": [
                              {
                                "address": "0.0.0.0/0",
                                "exact": null,
                                "orlonger": null,
                                "prefix_length_range": "/32-/32"
                              }
                            ]
                          }
                        ],
                        "name": "fm_v4_host",
                        "then": [
                          {
                            "accept": "",
                            "community": null,
                            "reject": null
                          }
                        ]
                      },
                      {
                        "from": [
                          {
                            "protocol": [
                              "evpn"
                            ],
                            "route_filter": [
                              {
                                "address": "0::0/0",
                                "exact": null,
                                "orlonger": null,
                                "prefix_length_range": "/128-/128"
                              }
                            ]
                          }
                        ],
                        "name": "fm_v6_host",
                        "then": [
                          {
                            "accept": "",
                            "community": null,
                            "reject": null
                          }
                        ]
                      }
                    ],
                    "then": null
                  },
                  {
                    "name": "IPCLOS_BGP_EXP",
                    "term": [
                      {
                        "from": [
                          {
                            "protocol": [
                              "direct",
                              "bgp"
                            ],
                            "route_filter": null
                          }
                        ],
                        "name": "loopback",
                        "then": [
                          {
                            "accept": "",
                            "community": [
                              {
                                "add": "",
                                "community_name": "dc1-leaf1"
                              }
                            ],
                            "reject": null
                          }
                        ]
                      },
                      {
                        "from": null,
                        "name": "default",
                        "then": [
                          {
                            "accept": null,
                            "community": null,
                            "reject": ""
                          }
                        ]
                      }
                    ],
                    "then": null
                  },
                  {
                    "name": "IPCLOS_BGP_IMP",
                    "term": [
                      {
                        "from": [
                          {
                            "protocol": [
                              "bgp",
                              "direct"
                            ],
                            "route_filter": null
                          }
                        ],
                        "name": "loopback",
                        "then": [
                          {
                            "accept": "",
                            "community": null,
                            "reject": null
                          }
                        ]
                      },
                      {
                        "from": null,
                        "name": "default",
                        "then": [
                          {
                            "accept": null,
                            "community": null,
                            "reject": ""
                          }
                        ]
                      }
                    ],
                    "then": null
                  },
                  {
                    "name": "PFE-LB",
                    "term": null,
                    "then": [
                      {
                        "load_balance": [
                          {
                            "per_packet": ""
                          }
                        ]
                      }
                    ]
                  }
                ]
              }
            ],
            "protocols": [
              {
                "bgp": [
                  {
                    "group": [
                      {
                        "allow": null,
                        "bfd_liveness_detection": null,
                        "cluster": "10.30.100.5",
                        "export": null,
                        "family": [
                          {
                            "evpn": [
                              {
                                "signaling": [
                                  {
                                    "delay_route_advertisements": null
                                  }
                                ]
                              }
                            ]
                          }
                        ],
                        "import": null,
                        "local_address": "10.30.100.5",
                        "local_as": [
                          {
                            "as_number": "65200"
                          }
                        ],
                        "mtu_discovery": null,
                        "multihop": null,
                        "multipath": [
                          {
                            "multiple_as": null
                          }
                        ],
                        "name": "EVPN_iBGP",
                        "neighbor": [
                          {
                            "description": null,
                            "name": "10.30.100.3",
                            "peer_as": null
                          },
                          {
                            "description": null,
                            "name": "10.30.100.4",
                            "peer_as": null
                          }
                        ],
                        "type": "internal",
                        "vpn_apply_export": null
                      },
                      {
                        "allow": null,
                        "bfd_liveness_detection": [
                          {
                            "minimum_interval": "1000",
                            "multiplier": "3"
                          }
                        ],
                        "cluster": null,
                        "export": [
                          "IPCLOS_BGP_EXP"
                        ],
                        "family": null,
                        "import": [
                          "IPCLOS_BGP_IMP"
                        ],
                        "local_address": null,
                        "local_as": [
                          {
                            "as_number": "65503"
                          }
                        ],
                        "mtu_discovery": "",
                        "multihop": null,
                        "multipath": [
                          {
                            "multiple_as": ""
                          }
                        ],
                        "name": "IPCLOS_eBGP",
                        "neighbor": [
                          {
                            "description": "EBGP peering to 10.30.135.1",
                            "name": "10.30.135.1",
                            "peer_as": "65501"
                          },
                          {
                            "description": "EBGP peering to 10.30.145.1",
                            "name": "10.30.145.1",
                            "peer_as": "65502"
                          }
                        ],
                        "type": "external",
                        "vpn_apply_export": ""
                      }
                    ]
                  }
                ],
                "evpn": [
                  {
                    "default_gateway": "do-not-advertise",
                    "encapsulation": "vxlan",
                    "extended_vni_list": [
                      "all"
                    ],
                    "multicast_mode": "ingress-replication",
                    "no_core_isolation": null
                  }
                ],
                "igmp_snooping": [
                  {
                    "vlan": [
                      {
                        "name": "default"
                      }
                    ]
                  }
                ],
                "lldp": [
                  {
                    "interface": [
                      {
                        "name": "all"
                      }
                    ]
                  }
                ]
              }
            ],
            "resource_name": "dc1-leaf1",
            "routing_instances": [
              {
                "instance": [
                  {
                    "instance_type": "vrf",
                    "interface": [
                      {
                        "name": "irb.1001"
                      },
                      {
                        "name": "lo0.10001"
                      }
                    ],
                    "name": "VRF_10001",
                    "protocols": [
                      {
                        "evpn": [
                          {
                            "ip_prefix_routes": [
                              {
                                "advertise": "direct-nexthop",
                                "encapsulation": "vxlan",
                                "export": [
                                  "EVPN_T5_EXPORT"
                                ],
                                "vni": "10001"
                              }
                            ]
                          }
                        ],
                        "ospf": null
                      }
                    ],
                    "route_distinguisher": [
                      {
                        "rd_type": "10.40.100.3:10001"
                      }
                    ],
                    "routing_options": [
                      {
                        "auto_export": [
                          {}
                        ]
                      }
                    ],
                    "vrf_table_label": [
                      {}
                    ],
                    "vrf_target": [
                      {
                        "community": "target:1:10001"
                      }
                    ]
                  },
                  {
                    "instance_type": "vrf",
                    "interface": [
                      {
                        "name": "irb.2001"
                      },
                      {
                        "name": "lo0.10002"
                      }
                    ],
                    "name": "VRF_10002",
                    "protocols": [
                      {
                        "evpn": [
                          {
                            "ip_prefix_routes": [
                              {
                                "advertise": "direct-nexthop",
                                "encapsulation": "vxlan",
                                "export": [
                                  "EVPN_T5_EXPORT"
                                ],
                                "vni": "10002"
                              }
                            ]
                          }
                        ],
                        "ospf": null
                      }
                    ],
                    "route_distinguisher": [
                      {
                        "rd_type": "10.40.100.8:10002"
                      }
                    ],
                    "routing_options": [
                      {
                        "auto_export": [
                          {}
                        ]
                      }
                    ],
                    "vrf_table_label": [
                      {}
                    ],
                    "vrf_target": [
                      {
                        "community": "target:1:10002"
                      }
                    ]
                  },
                  {
                    "instance_type": "vrf",
                    "interface": [
                      {
                        "name": "irb.3001"
                      },
                      {
                        "name": "lo0.10003"
                      }
                    ],
                    "name": "VRF_10003",
                    "protocols": [
                      {
                        "evpn": [
                          {
                            "ip_prefix_routes": [
                              {
                                "advertise": "direct-nexthop",
                                "encapsulation": "vxlan",
                                "export": [
                                  "EVPN_T5_EXPORT"
                                ],
                                "vni": "10003"
                              }
                            ]
                          }
                        ],
                        "ospf": null
                      }
                    ],
                    "route_distinguisher": [
                      {
                        "rd_type": "10.40.100.13:10003"
                      }
                    ],
                    "routing_options": [
                      {
                        "auto_export": [
                          {}
                        ]
                      }
                    ],
                    "vrf_table_label": [
                      {}
                    ],
                    "vrf_target": [
                      {
                        "community": "target:1:10003"
                      }
                    ]
                  }
                ]
              }
            ],
            "routing_options": [
              {
                "forwarding_table": [
                  {
                    "chained_composite_next_hop": [
                      {
                        "ingress": [
                          {
                            "evpn": ""
                          }
                        ]
                      }
                    ],
                    "ecmp_fast_reroute": "",
                    "export": [
                      "PFE-LB"
                    ]
                  }
                ],
                "router_id": "10.30.100.5",
                "static": [
                  {
                    "route": [
                      {
                        "name": "0.0.0.0/0",
                        "next_hop": [
                          "100.123.0.1"
                        ]
                      }
                    ]
                  }
                ]
              }
            ],
            "snmp": [
              {
                "community": [
                  {
                    "authorization": "read-only",
                    "name": "public"
                  }
                ],
                "contact": "aburston@juniper.net",
                "location": "JCL Labs"
              }
            ],
            "switch_options": [
              {
                "route_distinguisher": [
                  {
                    "rd_type": "10.30.100.5:9999"
                  }
                ],
                "vrf_target": [
                  {
                    "auto": [
                      {}
                    ],
                    "community": "target:9999:9999"
                  }
                ],
                "vtep_source_interface": [
                  {
                    "interface_name": "lo0.0"
                  }
                ]
              }
            ],
            "system": [
              {
                "extensions": [
                  {
                    "providers": [
                      {
                        "license_type": [
                          {
                            "deployment_scope": [
                              "commercial"
                            ],
                            "name": "juniper"
                          }
                        ],
                        "name": "juniper"
                      },
                      {
                        "license_type": [
                          {
                            "deployment_scope": [
                              "commercial"
                            ],
                            "name": "juniper"
                          }
                        ],
                        "name": "chef"
                      }
                    ]
                  }
                ],
                "host_name": "dc1-leaf1",
                "login": [
                  {
                    "message": "***********************************************************************\nThis system is restricted to __________, authorized users for legitimate\nbusiness purposes only. All activity on the system will be logged and\nis subject to monitoring. Unauthorized access, use or modification\nof computers, data therein or data in transit to or from the computers\nis a violation of state and federal laws. Unauthorized activity will\nbe reported to the law enforcement for investigation and possible\nprosecution. __________ reserves the right to investigate, refer for\nprosecution and pursue monetary damages in civil actions in the event\nof unauthorized access.\n***********************************************************************\n",
                    "user": [
                      {
                        "authentication": [
                          {
                            "encrypted_password": "$1$a31gJmWG$h9ohikT1ajySf/tVH.gmv1"
                          }
                        ],
                        "class": "super-user",
                        "name": "jcluser",
                        "uid": "2000"
                      }
                    ]
                  }
                ],
                "root_authentication": [
                  {
                    "encrypted_password": "$1$DbZ1Q3pj$s48cZytjsmSJRUJAf4LdM."
                  }
                ],
                "services": [
                  {
                    "extension_service": [
                      {
                        "notification": [
                          {
                            "allow_clients": [
                              {
                                "address": [
                                  "0.0.0.0/0"
                                ]
                              }
                            ]
                          }
                        ],
                        "request_response": [
                          {
                            "grpc": [
                              {
                                "max_connections": "30"
                              }
                            ]
                          }
                        ]
                      }
                    ],
                    "netconf": [
                      {
                        "ssh": [
                          {}
                        ]
                      }
                    ],
                    "rest": [
                      {
                        "enable_explorer": "",
                        "http": [
                          {
                            "port": "3000"
                          }
                        ]
                      }
                    ],
                    "ssh": [
                      {
                        "root_login": "allow"
                      }
                    ]
                  }
                ],
                "syslog": [
                  {
                    "file": [
                      {
                        "contents": [
                          {
                            "any": null,
                            "info": null,
                            "name": "any",
                            "notice": ""
                          },
                          {
                            "any": null,
                            "info": "",
                            "name": "authorization",
                            "notice": null
                          }
                        ],
                        "name": "messages"
                      },
                      {
                        "contents": [
                          {
                            "any": "",
                            "info": null,
                            "name": "interactive-commands",
                            "notice": null
                          }
                        ],
                        "name": "interactive-commands"
                      }
                    ],
                    "user": [
                      {
                        "contents": [
                          {
                            "emergency": "",
                            "name": "any"
                          }
                        ],
                        "name": "*"
                      }
                    ]
                  }
                ]
              }
            ],
            "vlans": [
              {
                "vlan": [
                  {
                    "l3_interface": "irb.1001",
                    "name": "vlan_1001",
                    "vlan_id": "1001",
                    "vxlan": [
                      {
                        "vni": "1001"
                      }
                    ]
                  },
                  {
                    "l3_interface": "irb.2001",
                    "name": "vlan_2001",
                    "vlan_id": "2001",
                    "vxlan": [
                      {
                        "vni": "2001"
                      }
                    ]
                  },
                  {
                    "l3_interface": "irb.3001",
                    "name": "vlan_3001",
                    "vlan_id": "3001",
                    "vxlan": [
                      {
                        "vni": "3001"
                      }
                    ]
                  }
                ]
              }
            ]
          },
          "sensitive_attributes": [],
          "identity_schema_version": 0
        }
      ]
    },
    {
      "mode": "managed",
      "type": "junos-qfx-evpn-vxlan-base-config",
      "name": "dc1-leaf2",
      "provider": "provider[\"registry.terraform.io/hashicorp/junos-qfx-evpn-vxlan\"].dc1_leaf2",
      "instances": [
        {
          "schema_version": 0,
          "attributes": {
            "chassis": [
              {
                "aggregated_devices": [
                  {
                    "ethernet": [
                      {
                        "device_count": "24"
                      }
                    ]
                  }
                ]
              }
            ],
            "forwarding_options": [
              {
                "storm_control_profiles": [
                  {
                    "all": [
                      {}
                    ],
                    "name": "default"
                  }
                ]
              }
            ],
            "interfaces": [
              {
                "interface": [
                  {
                    "aggregated_ether_options": null,
                    "description": "*** to dc1-spine1 ***",
                    "esi": null,
                    "ether_options": null,
                    "name": "xe-0/0/0",
                    "unit": [
                      {
                        "description": null,
                        "family": [
                          {
                            "ethernet_switching": null,
                            "inet": [
                              {
                                "address": [
                                  {
                                    "name": "10.30.136.2/30"
                                  }
                                ]
                              }
                            ]
                          }
                        ],
                        "mac": null,
                        "name": "0",
                        "vlan_id": null
                      }
                    ],
                    "vlan_tagging": null
                  },
                  {
                    "aggregated_ether_options": null,
                    "description": "*** to dc1-spine2 ***",
                    "esi": null,
                    "ether_options": null,
                    "name": "xe-0/0/1",
                    "unit": [
                      {
                        "description": null,
                        "family": [
                          {
                            "ethernet_switching": null,
                            "inet": [
                              {
                                "address": [
                                  {
                                    "name": "10.30.146.2/30"
                                  }
                                ]
                              }
                            ]
                          }
                        ],
                        "mac": null,
                        "name": "0",
                        "vlan_id": null
                      }
                    ],
                    "vlan_tagging": null
                  },
                  {
                    "aggregated_ether_options": null,
                    "description": null,
                    "esi": null,
                    "ether_options": [
                      {
                        "ieee_802_3ad": [
                          {
                            "bundle": "ae0"
                          }
                        ]
                      }
                    ],
                    "name": "xe-0/0/2",
                    "unit": null,
                    "vlan_tagging": null
                  },
                  {
                    "aggregated_ether_options": null,
                    "description": null,
                    "esi": null,
                    "ether_options": [
                      {
                        "ieee_802_3ad": [
                          {
                            "bundle": "ae1"
                          }
                        ]
                      }
                    ],
                    "name": "xe-0/0/3",
                    "unit": null,
                    "vlan_tagging": null
                  },
                  {
                    "aggregated_ether_options": null,
                    "description": null,
                    "esi": null,
                    "ether_options": [
                      {
                        "ieee_802_3ad": [
                          {
                            "bundle": "ae2"
                          }
                        ]
                      }
                    ],
                    "name": "xe-0/0/4",
                    "unit": null,
                    "vlan_tagging": null
                  },
                  {
                    "aggregated_ether_options": [
                      {
                        "lacp": [
                          {
                            "active": "",
                            "periodic": "fast",
                            "system_id": "00:00:00:00:01:00"
                          }
                        ]
                      }
                    ],
                    "description": null,
                    "esi": [
                      {
                        "all_active": "",
                        "identifier": "00:00:00:00:00:00:00:00:01:00"
                      }
                    ],
                    "ether_options": null,
                    "name": "ae0",
                    "unit": [
                      {
                        "description": null,
                        "family": [
                          {
                            "ethernet_switching": [
                              {
                                "vlan": [
                                  {
                                    "members": [
                                      "1001"
                                    ]
                                  }
                                ]
                              }
                            ],
                            "inet": null
                          }
                        ],
                        "mac": null,
                        "name": "0",
                        "vlan_id": null
                      }
                    ],
                    "vlan_tagging": null
                  },
                  {
                    "aggregated_ether_options": [
                      {
                        "lacp": [
                          {
                            "active": "",
                            "periodic": "fast",
                            "system_id": "00:00:00:00:02:00"
                          }
                        ]
                      }
                    ],
                    "description": null,
                    "esi": [
                      {
                        "all_active": "",
                        "identifier": "00:00:00:00:00:00:00:00:02:00"
                      }
                    ],
                    "ether_options": null,
                    "name": "ae1",
                    "unit": [
                      {
                        "description": null,
                        "family": [
                          {
                            "ethernet_switching": [
                              {
                                "vlan": [
                                  {
                                    "members": [
                                      "2001"
                                    ]
                                  }
                                ]
                              }
                            ],
                            "inet": null
                          }
                        ],
                        "mac": null,
                        "name": "0",
                        "vlan_id": null
                      }
                    ],
                    "vlan_tagging": null
                  },
                  {
                    "aggregated_ether_options": [
                      {
                        "lacp": [
                          {
                            "active": "",
                            "periodic": "fast",
                            "system_id": "00:00:00:00:03:00"
                          }
                        ]
                      }
                    ],
                    "description": null,
                    "esi": [
                      {
                        "all_active": "",
                        "identifier": "00:00:00:00:00:00:00:00:03:00"
                      }
                    ],
                    "ether_options": null,
                    "name": "ae2",
                    "unit": [
                      {
                        "description": null,
                        "family": [
                          {
                            "ethernet_switching": [
                              {
                                "vlan": [
                                  {
                                    "members": [
                                      "3001"
                                    ]
                                  }
                                ]
                              }
                            ],
                            "inet": null
                          }
                        ],
                        "mac": null,
                        "name": "0",
                        "vlan_id": null
                      }
                    ],
                    "vlan_tagging": null
                  },
                  {
                    "aggregated_ether_options": null,
                    "description": null,
                    "esi": null,
                    "ether_options": null,
                    "name": "em0",
                    "unit": [
                      {
                        "description": "*** management ***",
                        "family": [
                          {
                            "ethernet_switching": null,
                            "inet": [
                              {
                                "address": [
                                  {
                                    "name": "100.123.24.6/16"
                                  }
                                ]
                              }
                            ]
                          }
                        ],
                        "mac": null,
                        "name": "0",
                        "vlan_id": null
                      }
                    ],
                    "vlan_tagging": null
                  },
                  {
                    "aggregated_ether_options": null,
                    "description": null,
                    "esi": null,
                    "ether_options": null,
                    "name": "em1",
                    "unit": [
                      {
                        "description": "*** to pfe ***",
                        "family": [
                          {
                            "ethernet_switching": null,
                            "inet": [
                              {
                                "address": [
                                  {
                                    "name": "169.254.0.2/24"
                                  }
                                ]
                              }
                            ]
                          }
                        ],
                        "mac": null,
                        "name": "0",
                        "vlan_id": null
                      }
                    ],
                    "vlan_tagging": null
                  },
                  {
                    "aggregated_ether_options": null,
                    "description": null,
                    "esi": null,
                    "ether_options": null,
                    "name": "irb",
                    "unit": [
                      {
                        "description": null,
                        "family": [
                          {
                            "ethernet_switching": null,
                            "inet": [
                              {
                                "address": [
                                  {
                                    "name": "10.1.1.1/24"
                                  }
                                ]
                              }
                            ]
                          }
                        ],
                        "mac": "02:0a:01:01:01:18",
                        "name": "1001",
                        "vlan_id": null
                      },
                      {
                        "description": null,
                        "family": [
                          {
                            "ethernet_switching": null,
                            "inet": [
                              {
                                "address": [
                                  {
                                    "name": "10.2.1.1/24"
                                  }
                                ]
                              }
                            ]
                          }
                        ],
                        "mac": "02:0a:02:01:01:18",
                        "name": "2001",
                        "vlan_id": null
                      },
                      {
                        "description": null,
                        "family": [
                          {
                            "ethernet_switching": null,
                            "inet": [
                              {
                                "address": [
                                  {
                                    "name": "10.3.1.1/24"
                                  }
                                ]
                              }
                            ]
                          }
                        ],
                        "mac": "02:0a:03:01:01:18",
                        "name": "3001",
                        "vlan_id": null
                      }
                    ],
                    "vlan_tagging": null
                  },
                  {
                    "aggregated_ether_options": null,
                    "description": null,
                    "esi": null,
                    "ether_options": null,
                    "name": "lo0",
                    "unit": [
                      {
                        "description": "*** loopback ***",
                        "family": [
                          {
                            "ethernet_switching": null,
                            "inet": [
                              {
                                "address": [
                                  {
                                    "name": "10.30.100.6/32"
                                  }
                                ]
                              }
                            ]
                          }
                        ],
                        "mac": null,
                        "name": "0",
                        "vlan_id": null
                      },
                      {
                        "description": "Loopback for VXLAN control packets for VRF_10001",
                        "family": [
                          {
                            "ethernet_switching": null,
                            "inet": [
                              {
                                "address": [
                                  {
                                    "name": "10.40.100.4/32"
                                  }
                                ]
                              }
                            ]
                          }
                        ],
                        "mac": null,
                        "name": "10001",
                        "vlan_id": null
                      },
                      {
                        "description": "Loopback for VXLAN control packets for VRF_10002",
                        "family": [
                          {
                            "ethernet_switching": null,
                            "inet": [
                              {
                                "address": [
                                  {
                                    "name": "10.40.100.9/32"
                                  }
                                ]
                              }
                            ]
                          }
                        ],
                        "mac": null,
                        "name": "10002",
                        "vlan_id": null
                      },
                      {
                        "description": "Loopback for VXLAN control packets for VRF_10003",
                        "family": [
                          {
                            "ethernet_switching": null,
                            "inet": [
                              {
                                "address": [
                                  {
                                    "name": "10.40.100.14/32"
                                  }
                                ]
                              }
                            ]
                          }
                        ],
                        "mac": null,
                        "name": "10003",
                        "vlan_id": null
                      }
                    ],
                    "vlan_tagging": null
                  }
                ]
              }
            ],
            "policy_options": [
              {
                "community": [
                  {
                    "members": [
                      "65504:1"
                    ],
                    "name": "dc1-leaf2"
                  }
                ],
                "policy_statement": [
                  {
                    "name": "EVPN_T5_EXPORT",
                    "term": [
                      {
                        "from": [
                          {
                            "protocol": [
                              "direct"
                            ],
                            "route_filter": null
                          }
                        ],
                        "name": "fm_direct",
                        "then": [
                          {
                            "accept": "",
                            "community": null,
                            "reject": null
                          }
                        ]
                      },
                      {
                        "from": [
                          {
                            "protocol": [
                              "static"
                            ],
                            "route_filter": null
                          }
                        ],
                        "name": "fm_static",
                        "then": [
                          {
                            "accept": "",
                            "community": null,
                            "reject": null
                          }
                        ]
                      },
                      {
                        "from": [
                          {
                            "protocol": [
                              "evpn"
                            ],
                            "route_filter": [
                              {
                                "address": "0.0.0.0/0",
                                "exact": null,
                                "orlonger": null,
                                "prefix_length_range": "/32-/32"
                              }
                            ]
                          }
                        ],
                        "name": "fm_v4_host",
                        "then": [
                          {
                            "accept": "",
                            "community": null,
                            "reject": null
                          }
                        ]
                      },
                      {
                        "from": [
                          {
                            "protocol": [
                              "evpn"
                            ],
                            "route_filter": [
                              {
                                "address": "0::0/0",
                                "exact": null,
                                "orlonger": null,
                                "prefix_length_range": "/128-/128"
                              }
                            ]
                          }
                        ],
                        "name": "fm_v6_host",
                        "then": [
                          {
                            "accept": "",
                            "community": null,
                            "reject": null
                          }
                        ]
                      }
                    ],
                    "then": null
                  },
                  {
                    "name": "IPCLOS_BGP_EXP",
                    "term": [
                      {
                        "from": [
                          {
                            "protocol": [
                              "direct",
                              "bgp"
                            ],
                            "route_filter": null
                          }
                        ],
                        "name": "loopback",
                        "then": [
                          {
                            "accept": "",
                            "community": [
                              {
                                "add": "",
                                "community_name": "dc1-leaf2"
                              }
                            ],
                            "reject": null
                          }
                        ]
                      },
                      {
                        "from": null,
                        "name": "default",
                        "then": [
                          {
                            "accept": null,
                            "community": null,
                            "reject": ""
                          }
                        ]
                      }
                    ],
                    "then": null
                  },
                  {
                    "name": "IPCLOS_BGP_IMP",
                    "term": [
                      {
                        "from": [
                          {
                            "protocol": [
                              "bgp",
                              "direct"
                            ],
                            "route_filter": null
                          }
                        ],
                        "name": "loopback",
                        "then": [
                          {
                            "accept": "",
                            "community": null,
                            "reject": null
                          }
                        ]
                      },
                      {
                        "from": null,
                        "name": "default",
                        "then": [
                          {
                            "accept": null,
                            "community": null,
                            "reject": ""
                          }
                        ]
                      }
                    ],
                    "then": null
                  },
                  {
                    "name": "PFE-LB",
                    "term": null,
                    "then": [
                      {
                        "load_balance": [
                          {
                            "per_packet": ""
                          }
                        ]
                      }
                    ]
                  }
                ]
              }
            ],
            "protocols": [
              {
                "bgp": [
                  {
                    "group": [
                      {
                        "allow": null,
                        "bfd_liveness_detection": null,
                        "cluster": "10.30.100.6",
                        "export": null,
                        "family": [
                          {
                            "evpn": [
                              {
                                "signaling": [
                                  {
                                    "delay_route_advertisements": null
                                  }
                                ]
                              }
                            ]
                          }
                        ],
                        "import": null,
                        "local_address": "10.30.100.6",
                        "local_as": [
                          {
                            "as_number": "65200"
                          }
                        ],
                        "mtu_discovery": null,
                        "multihop": null,
                        "multipath": [
                          {
                            "multiple_as": null
                          }
                        ],
                        "name": "EVPN_iBGP",
                        "neighbor": [
                          {
                            "description": null,
                            "name": "10.30.100.3",
                            "peer_as": null
                          },
                          {
                            "description": null,
                            "name": "10.30.100.4",
                            "peer_as": null
                          }
                        ],
                        "type": "internal",
                        "vpn_apply_export": null
                      },
                      {
                        "allow": null,
                        "bfd_liveness_detection": [
                          {
                            "minimum_interval": "1000",
                            "multiplier": "3"
                          }
                        ],
                        "cluster": null,
                        "export": [
                          "IPCLOS_BGP_EXP"
                        ],
                        "family": null,
                        "import": [
                          "IPCLOS_BGP_IMP"
                        ],
                        "local_address": null,
                        "local_as": [
                          {
                            "as_number": "65504"
                          }
                        ],
                        "mtu_discovery": "",
                        "multihop": null,
                        "multipath": [
                          {
                            "multiple_as": ""
                          }
                        ],
                        "name": "IPCLOS_eBGP",
                        "neighbor": [
                          {
                            "description": "EBGP peering to 10.30.136.1",
                            "name": "10.30.136.1",
                            "peer_as": "65501"
                          },
                          {
                            "description": "EBGP peering to 10.30.146.1",
                            "name": "10.30.146.1",
                            "peer_as": "65502"
                          }
                        ],
                        "type": "external",
                        "vpn_apply_export": ""
                      }
                    ]
                  }
                ],
                "evpn": [
                  {
                    "default_gateway": "do-not-advertise",
                    "encapsulation": "vxlan",
                    "extended_vni_list": [
                      "all"
                    ],
                    "multicast_mode": "ingress-replication",
                    "no_core_isolation": null
                  }
                ],
                "igmp_snooping": [
                  {
                    "vlan": [
                      {
                        "name": "default"
                      }
                    ]
                  }
                ],
                "lldp": [
                  {
                    "interface": [
                      {
                        "name": "all"
                      }
                    ]
                  }
                ]
              }
            ],
            "resource_name": "dc1-leaf2",
            "routing_instances": [
              {
                "instance": [
                  {
                    "instance_type": "vrf",
                    "interface": [
                      {
                        "name": "irb.1001"
                      },
                      {
                        "name": "lo0.10001"
                      }
                    ],
                    "name": "VRF_10001",
                    "protocols": [
                      {
                        "evpn": [
                          {
                            "ip_prefix_routes": [
                              {
                                "advertise": "direct-nexthop",
                                "encapsulation": "vxlan",
                                "export": [
                                  "EVPN_T5_EXPORT"
                                ],
                                "vni": "10001"
                              }
                            ]
                          }
                        ],
                        "ospf": null
                      }
                    ],
                    "route_distinguisher": [
                      {
                        "rd_type": "10.40.100.4:10001"
                      }
                    ],
                    "routing_options": [
                      {
                        "auto_export": [
                          {}
                        ]
                      }
                    ],
                    "vrf_table_label": [
                      {}
                    ],
                    "vrf_target": [
                      {
                        "community": "target:1:10001"
                      }
                    ]
                  },
                  {
                    "instance_type": "vrf",
                    "interface": [
                      {
                        "name": "irb.2001"
                      },
                      {
                        "name": "lo0.10002"
                      }
                    ],
                    "name": "VRF_10002",
                    "protocols": [
                      {
                        "evpn": [
                          {
                            "ip_prefix_routes": [
                              {
                                "advertise": "direct-nexthop",
                                "encapsulation": "vxlan",
                                "export": [
                                  "EVPN_T5_EXPORT"
                                ],
                                "vni": "10002"
                              }
                            ]
                          }
                        ],
                        "ospf": null
                      }
                    ],
                    "route_distinguisher": [
                      {
                        "rd_type": "10.40.100.9:10002"
                      }
                    ],
                    "routing_options": [
                      {
                        "auto_export": [
                          {}
                        ]
                      }
                    ],
                    "vrf_table_label": [
                      {}
                    ],
                    "vrf_target": [
                      {
                        "community": "target:1:10002"
                      }
                    ]
                  },
                  {
                    "instance_type": "vrf",
                    "interface": [
                      {
                        "name": "irb.3001"
                      },
                      {
                        "name": "lo0.10003"
                      }
                    ],
                    "name": "VRF_10003",
                    "protocols": [
                      {
                        "evpn": [
                          {
                            "ip_prefix_routes": [
                              {
                                "advertise": "direct-nexthop",
                                "encapsulation": "vxlan",
                                "export": [
                                  "EVPN_T5_EXPORT"
                                ],
                                "vni": "10003"
                              }
                            ]
                          }
                        ],
                        "ospf": null
                      }
                    ],
                    "route_distinguisher": [
                      {
                        "rd_type": "10.40.100.14:10003"
                      }
                    ],
                    "routing_options": [
                      {
                        "auto_export": [
                          {}
                        ]
                      }
                    ],
                    "vrf_table_label": [
                      {}
                    ],
                    "vrf_target": [
                      {
                        "community": "target:1:10003"
                      }
                    ]
                  }
                ]
              }
            ],
            "routing_options": [
              {
                "forwarding_table": [
                  {
                    "chained_composite_next_hop": [
                      {
                        "ingress": [
                          {
                            "evpn": ""
                          }
                        ]
                      }
                    ],
                    "ecmp_fast_reroute": "",
                    "export": [
                      "PFE-LB"
                    ]
                  }
                ],
                "router_id": "10.30.100.6",
                "static": [
                  {
                    "route": [
                      {
                        "name": "0.0.0.0/0",
                        "next_hop": [
                          "100.123.0.1"
                        ]
                      }
                    ]
                  }
                ]
              }
            ],
            "snmp": [
              {
                "community": [
                  {
                    "authorization": "read-only",
                    "name": "public"
                  }
                ],
                "contact": "aburston@juniper.net",
                "location": "JCL Labs"
              }
            ],
            "switch_options": [
              {
                "route_distinguisher": [
                  {
                    "rd_type": "10.30.100.6:9999"
                  }
                ],
                "vrf_target": [
                  {
                    "auto": [
                      {}
                    ],
                    "community": "target:9999:9999"
                  }
                ],
                "vtep_source_interface": [
                  {
                    "interface_name": "lo0.0"
                  }
                ]
              }
            ],
            "system": [
              {
                "extensions": [
                  {
                    "providers": [
                      {
                        "license_type": [
                          {
                            "deployment_scope": [
                              "commercial"
                            ],
                            "name": "juniper"
                          }
                        ],
                        "name": "juniper"
                      },
                      {
                        "license_type": [
                          {
                            "deployment_scope": [
                              "commercial"
                            ],
                            "name": "juniper"
                          }
                        ],
                        "name": "chef"
                      }
                    ]
                  }
                ],
                "host_name": "dc1-leaf2",
                "login": [
                  {
                    "message": "***********************************************************************\nThis system is restricted to __________, authorized users for legitimate\nbusiness purposes only. All activity on the system will be logged and\nis subject to monitoring. Unauthorized access, use or modification\nof computers, data therein or data in transit to or from the computers\nis a violation of state and federal laws. Unauthorized activity will\nbe reported to the law enforcement for investigation and possible\nprosecution. __________ reserves the right to investigate, refer for\nprosecution and pursue monetary damages in civil actions in the event\nof unauthorized access.\n***********************************************************************\n",
                    "user": [
                      {
                        "authentication": [
                          {
                            "encrypted_password": "$1$a31gJmWG$h9ohikT1ajySf/tVH.gmv1"
                          }
                        ],
                        "class": "super-user",
                        "name": "jcluser",
                        "uid": "2000"
                      }
                    ]
                  }
                ],
                "root_authentication": [
                  {
                    "encrypted_password": "$1$DbZ1Q3pj$s48cZytjsmSJRUJAf4LdM."
                  }
                ],
                "services": [
                  {
                    "extension_service": [
                      {
                        "notification": [
                          {
                            "allow_clients": [
                              {
                                "address": [
                                  "0.0.0.0/0"
                                ]
                              }
                            ]
                          }
                        ],
                        "request_response": [
                          {
                            "grpc": [
                              {
                                "max_connections": "30"
                              }
                            ]
                          }
                        ]
                      }
                    ],
                    "netconf": [
                      {
                        "ssh": [
                          {}
                        ]
                      }
                    ],
                    "rest": [
                      {
                        "enable_explorer": "",
                        "http": [
                          {
                            "port": "3000"
                          }
                        ]
                      }
                    ],
                    "ssh": [
                      {
                        "root_login": "allow"
                      }
                    ]
                  }
                ],
                "syslog": [
                  {
                    "file": [
                      {
                        "contents": [
                          {
                            "any": null,
                            "info": null,
                            "name": "any",
                            "notice": ""
                          },
                          {
                            "any": null,
                            "info": "",
                            "name": "authorization",
                            "notice": null
                          }
                        ],
                        "name": "messages"
                      },
                      {
                        "contents": [
                          {
                            "any": "",
                            "info": null,
                            "name": "interactive-commands",
                            "notice": null
                          }
                        ],
                        "name": "interactive-commands"
                      }
                    ],
                    "user": [
                      {
                        "contents": [
                          {
                            "emergency": "",
                            "name": "any"
                          }
                        ],
                        "name": "*"
                      }
                    ]
                  }
                ]
              }
            ],
            "vlans": [
              {
                "vlan": [
                  {
                    "l3_interface": "irb.1001",
                    "name": "vlan_1001",
                    "vlan_id": "1001",
                    "vxlan": [
                      {
                        "vni": "1001"
                      }
                    ]
                  },
                  {
                    "l3_interface": "irb.2001",
                    "name": "vlan_2001",
                    "vlan_id": "2001",
                    "vxlan": [
                      {
                        "vni": "2001"
                      }
                    ]
                  },
                  {
                    "l3_interface": "irb.3001",
                    "name": "vlan_3001",
                    "vlan_id": "3001",
                    "vxlan": [
                      {
                        "vni": "3001"
                      }
                    ]
                  }
                ]
              }
            ]
          },
          "sensitive_attributes": [],
          "identity_schema_version": 0
        }
      ]
    },
    {
      "mode": "managed",
      "type": "junos-qfx-evpn-vxlan-base-config",
      "name": "dc1-leaf3",
      "provider": "provider[\"registry.terraform.io/hashicorp/junos-qfx-evpn-vxlan\"].dc1_leaf3",
      "instances": [
        {
          "schema_version": 0,
          "attributes": {
            "chassis": [
              {
                "aggregated_devices": [
                  {
                    "ethernet": [
                      {
                        "device_count": "24"
                      }
                    ]
                  }
                ]
              }
            ],
            "forwarding_options": [
              {
                "storm_control_profiles": [
                  {
                    "all": [
                      {}
                    ],
                    "name": "default"
                  }
                ]
              }
            ],
            "interfaces": [
              {
                "interface": [
                  {
                    "aggregated_ether_options": null,
                    "description": "*** to dc1-spine1 ***",
                    "esi": null,
                    "ether_options": null,
                    "name": "xe-0/0/0",
                    "unit": [
                      {
                        "description": null,
                        "family": [
                          {
                            "ethernet_switching": null,
                            "inet": [
                              {
                                "address": [
                                  {
                                    "name": "10.30.137.2/30"
                                  }
                                ]
                              }
                            ]
                          }
                        ],
                        "mac": null,
                        "name": "0",
                        "vlan_id": null
                      }
                    ],
                    "vlan_tagging": null
                  },
                  {
                    "aggregated_ether_options": null,
                    "description": "*** to dc1-spine2 ***",
                    "esi": null,
                    "ether_options": null,
                    "name": "xe-0/0/1",
                    "unit": [
                      {
                        "description": null,
                        "family": [
                          {
                            "ethernet_switching": null,
                            "inet": [
                              {
                                "address": [
                                  {
                                    "name": "10.30.147.2/30"
                                  }
                                ]
                              }
                            ]
                          }
                        ],
                        "mac": null,
                        "name": "0",
                        "vlan_id": null
                      }
                    ],
                    "vlan_tagging": null
                  },
                  {
                    "aggregated_ether_options": null,
                    "description": null,
                    "esi": null,
                    "ether_options": [
                      {
                        "ieee_802_3ad": [
                          {
                            "bundle": "ae0"
                          }
                        ]
                      }
                    ],
                    "name": "xe-0/0/2",
                    "unit": null,
                    "vlan_tagging": null
                  },
                  {
                    "aggregated_ether_options": [
                      {
                        "lacp": [
                          {
                            "active": "",
                            "periodic": "fast",
                            "system_id": "00:00:00:00:03:00"
                          }
                        ]
                      }
                    ],
                    "description": null,
                    "esi": [
                      {
                        "all_active": "",
                        "identifier": "00:00:00:00:00:00:00:00:03:00"
                      }
                    ],
                    "ether_options": null,
                    "name": "ae0",
                    "unit": [
                      {
                        "description": null,
                        "family": [
                          {
                            "ethernet_switching": [
                              {
                                "vlan": [
                                  {
                                    "members": [
                                      "3001"
                                    ]
                                  }
                                ]
                              }
                            ],
                            "inet": null
                          }
                        ],
                        "mac": null,
                        "name": "0",
                        "vlan_id": null
                      }
                    ],
                    "vlan_tagging": null
                  },
                  {
                    "aggregated_ether_options": null,
                    "description": null,
                    "esi": null,
                    "ether_options": null,
                    "name": "em0",
                    "unit": [
                      {
                        "description": "*** management ***",
                        "family": [
                          {
                            "ethernet_switching": null,
                            "inet": [
                              {
                                "address": [
                                  {
                                    "name": "100.123.24.7/16"
                                  }
                                ]
                              }
                            ]
                          }
                        ],
                        "mac": null,
                        "name": "0",
                        "vlan_id": null
                      }
                    ],
                    "vlan_tagging": null
                  },
                  {
                    "aggregated_ether_options": null,
                    "description": null,
                    "esi": null,
                    "ether_options": null,
                    "name": "em1",
                    "unit": [
                      {
                        "description": "*** to pfe ***",
                        "family": [
                          {
                            "ethernet_switching": null,
                            "inet": [
                              {
                                "address": [
                                  {
                                    "name": "169.254.0.2/24"
                                  }
                                ]
                              }
                            ]
                          }
                        ],
                        "mac": null,
                        "name": "0",
                        "vlan_id": null
                      }
                    ],
                    "vlan_tagging": null
                  },
                  {
                    "aggregated_ether_options": null,
                    "description": null,
                    "esi": null,
                    "ether_options": null,
                    "name": "irb",
                    "unit": [
                      {
                        "description": null,
                        "family": [
                          {
                            "ethernet_switching": null,
                            "inet": [
                              {
                                "address": [
                                  {
                                    "name": "10.1.1.1/24"
                                  }
                                ]
                              }
                            ]
                          }
                        ],
                        "mac": "02:0a:01:01:01:18",
                        "name": "1001",
                        "vlan_id": null
                      },
                      {
                        "description": null,
                        "family": [
                          {
                            "ethernet_switching": null,
                            "inet": [
                              {
                                "address": [
                                  {
                                    "name": "10.2.1.1/24"
                                  }
                                ]
                              }
                            ]
                          }
                        ],
                        "mac": "02:0a:02:01:01:18",
                        "name": "2001",
                        "vlan_id": null
                      },
                      {
                        "description": null,
                        "family": [
                          {
                            "ethernet_switching": null,
                            "inet": [
                              {
                                "address": [
                                  {
                                    "name": "10.3.1.1/24"
                                  }
                                ]
                              }
                            ]
                          }
                        ],
                        "mac": "02:0a:03:01:01:18",
                        "name": "3001",
                        "vlan_id": null
                      }
                    ],
                    "vlan_tagging": null
                  },
                  {
                    "aggregated_ether_options": null,
                    "description": null,
                    "esi": null,
                    "ether_options": null,
                    "name": "lo0",
                    "unit": [
                      {
                        "description": "*** loopback ***",
                        "family": [
                          {
                            "ethernet_switching": null,
                            "inet": [
                              {
                                "address": [
                                  {
                                    "name": "10.30.100.7/32"
                                  }
                                ]
                              }
                            ]
                          }
                        ],
                        "mac": null,
                        "name": "0",
                        "vlan_id": null
                      },
                      {
                        "description": "Loopback for VXLAN control packets for VRF_10001",
                        "family": [
                          {
                            "ethernet_switching": null,
                            "inet": [
                              {
                                "address": [
                                  {
                                    "name": "10.40.100.5/32"
                                  }
                                ]
                              }
                            ]
                          }
                        ],
                        "mac": null,
                        "name": "10001",
                        "vlan_id": null
                      },
                      {
                        "description": "Loopback for VXLAN control packets for VRF_10002",
                        "family": [
                          {
                            "ethernet_switching": null,
                            "inet": [
                              {
                                "address": [
                                  {
                                    "name": "10.40.100.10/32"
                                  }
                                ]
                              }
                            ]
                          }
                        ],
                        "mac": null,
                        "name": "10002",
                        "vlan_id": null
                      },
                      {
                        "description": "Loopback for VXLAN control packets for VRF_10003",
                        "family": [
                          {
                            "ethernet_switching": null,
                            "inet": [
                              {
                                "address": [
                                  {
                                    "name": "10.40.100.15/32"
                                  }
                                ]
                              }
                            ]
                          }
                        ],
                        "mac": null,
                        "name": "10003",
                        "vlan_id": null
                      }
                    ],
                    "vlan_tagging": null
                  }
                ]
              }
            ],
            "policy_options": [
              {
                "community": [
                  {
                    "members": [
                      "65505:1"
                    ],
                    "name": "dc1-leaf3"
                  }
                ],
                "policy_statement": [
                  {
                    "name": "EVPN_T5_EXPORT",
                    "term": [
                      {
                        "from": [
                          {
                            "protocol": [
                              "direct"
                            ],
                            "route_filter": null
                          }
                        ],
                        "name": "fm_direct",
                        "then": [
                          {
                            "accept": "",
                            "community": null,
                            "reject": null
                          }
                        ]
                      },
                      {
                        "from": [
                          {
                            "protocol": [
                              "static"
                            ],
                            "route_filter": null
                          }
                        ],
                        "name": "fm_static",
                        "then": [
                          {
                            "accept": "",
                            "community": null,
                            "reject": null
                          }
                        ]
                      },
                      {
                        "from": [
                          {
                            "protocol": [
                              "evpn"
                            ],
                            "route_filter": [
                              {
                                "address": "0.0.0.0/0",
                                "exact": null,
                                "orlonger": null,
                                "prefix_length_range": "/32-/32"
                              }
                            ]
                          }
                        ],
                        "name": "fm_v4_host",
                        "then": [
                          {
                            "accept": "",
                            "community": null,
                            "reject": null
                          }
                        ]
                      },
                      {
                        "from": [
                          {
                            "protocol": [
                              "evpn"
                            ],
                            "route_filter": [
                              {
                                "address": "0::0/0",
                                "exact": null,
                                "orlonger": null,
                                "prefix_length_range": "/128-/128"
                              }
                            ]
                          }
                        ],
                        "name": "fm_v6_host",
                        "then": [
                          {
                            "accept": "",
                            "community": null,
                            "reject": null
                          }
                        ]
                      }
                    ],
                    "then": null
                  },
                  {
                    "name": "IPCLOS_BGP_EXP",
                    "term": [
                      {
                        "from": [
                          {
                            "protocol": [
                              "direct",
                              "bgp"
                            ],
                            "route_filter": null
                          }
                        ],
                        "name": "loopback",
                        "then": [
                          {
                            "accept": "",
                            "community": [
                              {
                                "add": "",
                                "community_name": "dc1-leaf3"
                              }
                            ],
                            "reject": null
                          }
                        ]
                      },
                      {
                        "from": null,
                        "name": "default",
                        "then": [
                          {
                            "accept": null,
                            "community": null,
                            "reject": ""
                          }
                        ]
                      }
                    ],
                    "then": null
                  },
                  {
                    "name": "IPCLOS_BGP_IMP",
                    "term": [
                      {
                        "from": [
                          {
                            "protocol": [
                              "bgp",
                              "direct"
                            ],
                            "route_filter": null
                          }
                        ],
                        "name": "loopback",
                        "then": [
                          {
                            "accept": "",
                            "community": null,
                            "reject": null
                          }
                        ]
                      },
                      {
                        "from": null,
                        "name": "default",
                        "then": [
                          {
                            "accept": null,
                            "community": null,
                            "reject": ""
                          }
                        ]
                      }
                    ],
                    "then": null
                  },
                  {
                    "name": "PFE-LB",
                    "term": null,
                    "then": [
                      {
                        "load_balance": [
                          {
                            "per_packet": ""
                          }
                        ]
                      }
                    ]
                  }
                ]
              }
            ],
            "protocols": [
              {
                "bgp": [
                  {
                    "group": [
                      {
                        "allow": null,
                        "bfd_liveness_detection": null,
                        "cluster": "10.30.100.7",
                        "export": null,
                        "family": [
                          {
                            "evpn": [
                              {
                                "signaling": [
                                  {
                                    "delay_route_advertisements": null
                                  }
                                ]
                              }
                            ]
                          }
                        ],
                        "import": null,
                        "local_address": "10.30.100.7",
                        "local_as": [
                          {
                            "as_number": "65200"
                          }
                        ],
                        "mtu_discovery": null,
                        "multihop": null,
                        "multipath": [
                          {
                            "multiple_as": null
                          }
                        ],
                        "name": "EVPN_iBGP",
                        "neighbor": [
                          {
                            "description": null,
                            "name": "10.30.100.3",
                            "peer_as": null
                          },
                          {
                            "description": null,
                            "name": "10.30.100.4",
                            "peer_as": null
                          }
                        ],
                        "type": "internal",
                        "vpn_apply_export": null
                      },
                      {
                        "allow": null,
                        "bfd_liveness_detection": [
                          {
                            "minimum_interval": "1000",
                            "multiplier": "3"
                          }
                        ],
                        "cluster": null,
                        "export": [
                          "IPCLOS_BGP_EXP"
                        ],
                        "family": null,
                        "import": [
                          "IPCLOS_BGP_IMP"
                        ],
                        "local_address": null,
                        "local_as": [
                          {
                            "as_number": "65505"
                          }
                        ],
                        "mtu_discovery": "",
                        "multihop": null,
                        "multipath": [
                          {
                            "multiple_as": ""
                          }
                        ],
                        "name": "IPCLOS_eBGP",
                        "neighbor": [
                          {
                            "description": "EBGP peering to 10.30.137.1",
                            "name": "10.30.137.1",
                            "peer_as": "65501"
                          },
                          {
                            "description": "EBGP peering to 10.30.147.1",
                            "name": "10.30.147.1",
                            "peer_as": "65502"
                          }
                        ],
                        "type": "external",
                        "vpn_apply_export": ""
                      }
                    ]
                  }
                ],
                "evpn": [
                  {
                    "default_gateway": "do-not-advertise",
                    "encapsulation": "vxlan",
                    "extended_vni_list": [
                      "all"
                    ],
                    "multicast_mode": "ingress-replication",
                    "no_core_isolation": null
                  }
                ],
                "igmp_snooping": [
                  {
                    "vlan": [
                      {
                        "name": "default"
                      }
                    ]
                  }
                ],
                "lldp": [
                  {
                    "interface": [
                      {
                        "name": "all"
                      }
                    ]
                  }
                ]
              }
            ],
            "resource_name": "dc1-leaf3",
            "routing_instances": [
              {
                "instance": [
                  {
                    "instance_type": "vrf",
                    "interface": [
                      {
                        "name": "irb.1001"
                      },
                      {
                        "name": "lo0.10001"
                      }
                    ],
                    "name": "VRF_10001",
                    "protocols": [
                      {
                        "evpn": [
                          {
                            "ip_prefix_routes": [
                              {
                                "advertise": "direct-nexthop",
                                "encapsulation": "vxlan",
                                "export": [
                                  "EVPN_T5_EXPORT"
                                ],
                                "vni": "10001"
                              }
                            ]
                          }
                        ],
                        "ospf": null
                      }
                    ],
                    "route_distinguisher": [
                      {
                        "rd_type": "10.40.100.5:10001"
                      }
                    ],
                    "routing_options": [
                      {
                        "auto_export": [
                          {}
                        ]
                      }
                    ],
                    "vrf_table_label": [
                      {}
                    ],
                    "vrf_target": [
                      {
                        "community": "target:1:10001"
                      }
                    ]
                  },
                  {
                    "instance_type": "vrf",
                    "interface": [
                      {
                        "name": "irb.2001"
                      },
                      {
                        "name": "lo0.10002"
                      }
                    ],
                    "name": "VRF_10002",
                    "protocols": [
                      {
                        "evpn": [
                          {
                            "ip_prefix_routes": [
                              {
                                "advertise": "direct-nexthop",
                                "encapsulation": "vxlan",
                                "export": [
                                  "EVPN_T5_EXPORT"
                                ],
                                "vni": "10002"
                              }
                            ]
                          }
                        ],
                        "ospf": null
                      }
                    ],
                    "route_distinguisher": [
                      {
                        "rd_type": "10.40.100.10:10002"
                      }
                    ],
                    "routing_options": [
                      {
                        "auto_export": [
                          {}
                        ]
                      }
                    ],
                    "vrf_table_label": [
                      {}
                    ],
                    "vrf_target": [
                      {
                        "community": "target:1:10002"
                      }
                    ]
                  },
                  {
                    "instance_type": "vrf",
                    "interface": [
                      {
                        "name": "irb.3001"
                      },
                      {
                        "name": "lo0.10003"
                      }
                    ],
                    "name": "VRF_10003",
                    "protocols": [
                      {
                        "evpn": [
                          {
                            "ip_prefix_routes": [
                              {
                                "advertise": "direct-nexthop",
                                "encapsulation": "vxlan",
                                "export": [
                                  "EVPN_T5_EXPORT"
                                ],
                                "vni": "10003"
                              }
                            ]
                          }
                        ],
                        "ospf": null
                      }
                    ],
                    "route_distinguisher": [
                      {
                        "rd_type": "10.40.100.15:10003"
                      }
                    ],
                    "routing_options": [
                      {
                        "auto_export": [
                          {}
                        ]
                      }
                    ],
                    "vrf_table_label": [
                      {}
                    ],
                    "vrf_target": [
                      {
                        "community": "target:1:10003"
                      }
                    ]
                  }
                ]
              }
            ],
            "routing_options": [
              {
                "forwarding_table": [
                  {
                    "chained_composite_next_hop": [
                      {
                        "ingress": [
                          {
                            "evpn": ""
                          }
                        ]
                      }
                    ],
                    "ecmp_fast_reroute": "",
                    "export": [
                      "PFE-LB"
                    ]
                  }
                ],
                "router_id": "10.30.100.7",
                "static": [
                  {
                    "route": [
                      {
                        "name": "0.0.0.0/0",
                        "next_hop": [
                          "100.123.0.1"
                        ]
                      }
                    ]
                  }
                ]
              }
            ],
            "snmp": [
              {
                "community": [
                  {
                    "authorization": "read-only",
                    "name": "public"
                  }
                ],
                "contact": "aburston@juniper.net",
                "location": "JCL Labs"
              }
            ],
            "switch_options": [
              {
                "route_distinguisher": [
                  {
                    "rd_type": "10.30.100.7:9999"
                  }
                ],
                "vrf_target": [
                  {
                    "auto": [
                      {}
                    ],
                    "community": "target:9999:9999"
                  }
                ],
                "vtep_source_interface": [
                  {
                    "interface_name": "lo0.0"
                  }
                ]
              }
            ],
            "system": [
              {
                "extensions": [
                  {
                    "providers": [
                      {
                        "license_type": [
                          {
                            "deployment_scope": [
                              "commercial"
                            ],
                            "name": "juniper"
                          }
                        ],
                        "name": "juniper"
                      },
                      {
                        "license_type": [
                          {
                            "deployment_scope": [
                              "commercial"
                            ],
                            "name": "juniper"
                          }
                        ],
                        "name": "chef"
                      }
                    ]
                  }
                ],
                "host_name": "dc1-leaf3",
                "login": [
                  {
                    "message": "***********************************************************************\nThis system is restricted to __________, authorized users for legitimate\nbusiness purposes only. All activity on the system will be logged and\nis subject to monitoring. Unauthorized access, use or modification\nof computers, data therein or data in transit to or from the computers\nis a violation of state and federal laws. Unauthorized activity will\nbe reported to the law enforcement for investigation and possible\nprosecution. __________ reserves the right to investigate, refer for\nprosecution and pursue monetary damages in civil actions in the event\nof unauthorized access.\n***********************************************************************\n",
                    "user": [
                      {
                        "authentication": [
                          {
                            "encrypted_password": "$1$a31gJmWG$h9ohikT1ajySf/tVH.gmv1"
                          }
                        ],
                        "class": "super-user",
                        "name": "jcluser",
                        "uid": "2000"
                      }
                    ]
                  }
                ],
                "root_authentication": [
                  {
                    "encrypted_password": "$1$DbZ1Q3pj$s48cZytjsmSJRUJAf4LdM."
                  }
                ],
                "services": [
                  {
                    "extension_service": [
                      {
                        "notification": [
                          {
                            "allow_clients": [
                              {
                                "address": [
                                  "0.0.0.0/0"
                                ]
                              }
                            ]
                          }
                        ],
                        "request_response": [
                          {
                            "grpc": [
                              {
                                "max_connections": "30"
                              }
                            ]
                          }
                        ]
                      }
                    ],
                    "netconf": [
                      {
                        "ssh": [
                          {}
                        ]
                      }
                    ],
                    "rest": [
                      {
                        "enable_explorer": "",
                        "http": [
                          {
                            "port": "3000"
                          }
                        ]
                      }
                    ],
                    "ssh": [
                      {
                        "root_login": "allow"
                      }
                    ]
                  }
                ],
                "syslog": [
                  {
                    "file": [
                      {
                        "contents": [
                          {
                            "any": null,
                            "info": null,
                            "name": "any",
                            "notice": ""
                          },
                          {
                            "any": null,
                            "info": "",
                            "name": "authorization",
                            "notice": null
                          }
                        ],
                        "name": "messages"
                      },
                      {
                        "contents": [
                          {
                            "any": "",
                            "info": null,
                            "name": "interactive-commands",
                            "notice": null
                          }
                        ],
                        "name": "interactive-commands"
                      }
                    ],
                    "user": [
                      {
                        "contents": [
                          {
                            "emergency": "",
                            "name": "any"
                          }
                        ],
                        "name": "*"
                      }
                    ]
                  }
                ]
              }
            ],
            "vlans": [
              {
                "vlan": [
                  {
                    "l3_interface": "irb.1001",
                    "name": "vlan_1001",
                    "vlan_id": "1001",
                    "vxlan": [
                      {
                        "vni": "1001"
                      }
                    ]
                  },
                  {
                    "l3_interface": "irb.2001",
                    "name": "vlan_2001",
                    "vlan_id": "2001",
                    "vxlan": [
                      {
                        "vni": "2001"
                      }
                    ]
                  },
                  {
                    "l3_interface": "irb.3001",
                    "name": "vlan_3001",
                    "vlan_id": "3001",
                    "vxlan": [
                      {
                        "vni": "3001"
                      }
                    ]
                  }
                ]
              }
            ]
          },
          "sensitive_attributes": [],
          "identity_schema_version": 0
        }
      ]
    },
    {
      "mode": "managed",
      "type": "junos-qfx-evpn-vxlan-base-config",
      "name": "dc1-spine1",
      "provider": "provider[\"registry.terraform.io/hashicorp/junos-qfx-evpn-vxlan\"].dc1_spine1",
      "instances": [
        {
          "schema_version": 0,
          "attributes": {
            "chassis": [
              {
                "aggregated_devices": [
                  {
                    "ethernet": [
                      {
                        "device_count": "24"
                      }
                    ]
                  }
                ]
              }
            ],
            "forwarding_options": [
              {
                "storm_control_profiles": [
                  {
                    "all": [
                      {}
                    ],
                    "name": "default"
                  }
                ]
              }
            ],
            "interfaces": [
              {
                "interface": [
                  {
                    "aggregated_ether_options": null,
                    "description": "*** to dc1-borderleaf1 ***",
                    "esi": null,
                    "ether_options": null,
                    "name": "xe-0/0/0",
                    "unit": [
                      {
                        "description": null,
                        "family": [
                          {
                            "ethernet_switching": null,
                            "inet": [
                              {
                                "address": [
                                  {
                                    "name": "10.30.131.1/30"
                                  }
                                ]
                              }
                            ]
                          }
                        ],
                        "mac": null,
                        "name": "0",
                        "vlan_id": null
                      }
                    ],
                    "vlan_tagging": null
                  },
                  {
                    "aggregated_ether_options": null,
                    "description": "*** to dc1-borderleaf2 ***",
                    "esi": null,
                    "ether_options": null,
                    "name": "xe-0/0/1",
                    "unit": [
                      {
                        "description": null,
                        "family": [
                          {
                            "ethernet_switching": null,
                            "inet": [
                              {
                                "address": [
                                  {
                                    "name": "10.30.132.1/30"
                                  }
                                ]
                              }
                            ]
                          }
                        ],
                        "mac": null,
                        "name": "0",
                        "vlan_id": null
                      }
                    ],
                    "vlan_tagging": null
                  },
                  {
                    "aggregated_ether_options": null,
                    "description": "*** to dc1-leaf1 ***",
                    "esi": null,
                    "ether_options": null,
                    "name": "xe-0/0/2",
                    "unit": [
                      {
                        "description": null,
                        "family": [
                          {
                            "ethernet_switching": null,
                            "inet": [
                              {
                                "address": [
                                  {
                                    "name": "10.30.135.1/30"
                                  }
                                ]
                              }
                            ]
                          }
                        ],
                        "mac": null,
                        "name": "0",
                        "vlan_id": null
                      }
                    ],
                    "vlan_tagging": null
                  },
                  {
                    "aggregated_ether_options": null,
                    "description": "*** to dc1-leaf2 ***",
                    "esi": null,
                    "ether_options": null,
                    "name": "xe-0/0/3",
                    "unit": [
                      {
                        "description": null,
                        "family": [
                          {
                            "ethernet_switching": null,
                            "inet": [
                              {
                                "address": [
                                  {
                                    "name": "10.30.136.1/30"
                                  }
                                ]
                              }
                            ]
                          }
                        ],
                        "mac": null,
                        "name": "0",
                        "vlan_id": null
                      }
                    ],
                    "vlan_tagging": null
                  },
                  {
                    "aggregated_ether_options": null,
                    "description": "*** to dc1-leaf3 ***",
                    "esi": null,
                    "ether_options": null,
                    "name": "xe-0/0/4",
                    "unit": [
                      {
                        "description": null,
                        "family": [
                          {
                            "ethernet_switching": null,
                            "inet": [
                              {
                                "address": [
                                  {
                                    "name": "10.30.137.1/30"
                                  }
                                ]
                              }
                            ]
                          }
                        ],
                        "mac": null,
                        "name": "0",
                        "vlan_id": null
                      }
                    ],
                    "vlan_tagging": null
                  },
                  {
                    "aggregated_ether_options": null,
                    "description": null,
                    "esi": null,
                    "ether_options": null,
                    "name": "em0",
                    "unit": [
                      {
                        "description": "*** management ***",
                        "family": [
                          {
                            "ethernet_switching": null,
                            "inet": [
                              {
                                "address": [
                                  {
                                    "name": "100.123.24.3/16"
                                  }
                                ]
                              }
                            ]
                          }
                        ],
                        "mac": null,
                        "name": "0",
                        "vlan_id": null
                      }
                    ],
                    "vlan_tagging": null
                  },
                  {
                    "aggregated_ether_options": null,
                    "description": null,
                    "esi": null,
                    "ether_options": null,
                    "name": "em1",
                    "unit": [
                      {
                        "description": "*** to pfe ***",
                        "family": [
                          {
                            "ethernet_switching": null,
                            "inet": [
                              {
                                "address": [
                                  {
                                    "name": "169.254.0.2/24"
                                  }
                                ]
                              }
                            ]
                          }
                        ],
                        "mac": null,
                        "name": "0",
                        "vlan_id": null
                      }
                    ],
                    "vlan_tagging": null
                  },
                  {
                    "aggregated_ether_options": null,
                    "description": null,
                    "esi": null,
                    "ether_options": null,
                    "name": "lo0",
                    "unit": [
                      {
                        "description": "*** loopback ***",
                        "family": [
                          {
                            "ethernet_switching": null,
                            "inet": [
                              {
                                "address": [
                                  {
                                    "name": "10.30.100.3/32"
                                  }
                                ]
                              }
                            ]
                          }
                        ],
                        "mac": null,
                        "name": "0",
                        "vlan_id": null
                      }
                    ],
                    "vlan_tagging": null
                  }
                ]
              }
            ],
            "policy_options": [
              {
                "community": [
                  {
                    "members": [
                      "65501:1"
                    ],
                    "name": "dc1-spine1"
                  }
                ],
                "policy_statement": [
                  {
                    "name": "IPCLOS_BGP_EXP",
                    "term": [
                      {
                        "from": [
                          {
                            "protocol": [
                              "direct",
                              "bgp"
                            ],
                            "route_filter": null
                          }
                        ],
                        "name": "loopback",
                        "then": [
                          {
                            "accept": "",
                            "community": [
                              {
                                "add": "",
                                "community_name": "dc1-spine1"
                              }
                            ],
                            "reject": null
                          }
                        ]
                      },
                      {
                        "from": null,
                        "name": "default",
                        "then": [
                          {
                            "accept": null,
                            "community": null,
                            "reject": ""
                          }
                        ]
                      }
                    ],
                    "then": null
                  },
                  {
                    "name": "IPCLOS_BGP_IMP",
                    "term": [
                      {
                        "from": [
                          {
                            "protocol": [
                              "bgp",
                              "direct"
                            ],
                            "route_filter": null
                          }
                        ],
                        "name": "loopback",
                        "then": [
                          {
                            "accept": "",
                            "community": null,
                            "reject": null
                          }
                        ]
                      },
                      {
                        "from": null,
                        "name": "default",
                        "then": [
                          {
                            "accept": null,
                            "community": null,
                            "reject": ""
                          }
                        ]
                      }
                    ],
                    "then": null
                  },
                  {
                    "name": "PFE-LB",
                    "term": null,
                    "then": [
                      {
                        "load_balance": [
                          {
                            "per_packet": ""
                          }
                        ]
                      }
                    ]
                  }
                ]
              }
            ],
            "protocols": [
              {
                "bgp": [
                  {
                    "group": [
                      {
                        "allow": [
                          "10.30.100.0/24"
                        ],
                        "bfd_liveness_detection": null,
                        "cluster": "10.30.100.3",
                        "export": null,
                        "family": [
                          {
                            "evpn": [
                              {
                                "signaling": [
                                  {
                                    "delay_route_advertisements": null
                                  }
                                ]
                              }
                            ]
                          }
                        ],
                        "import": null,
                        "local_address": "10.30.100.3",
                        "local_as": [
                          {
                            "as_number": "65200"
                          }
                        ],
                        "mtu_discovery": null,
                        "multihop": null,
                        "multipath": [
                          {
                            "multiple_as": null
                          }
                        ],
                        "name": "EVPN_iBGP",
                        "neighbor": [
                          {
                            "description": null,
                            "name": "10.30.100.4",
                            "peer_as": null
                          }
                        ],
                        "type": "internal",
                        "vpn_apply_export": null
                      },
                      {
                        "allow": null,
                        "bfd_liveness_detection": [
                          {
                            "minimum_interval": "1000",
                            "multiplier": "3"
                          }
                        ],
                        "cluster": null,
                        "export": [
                          "IPCLOS_BGP_EXP"
                        ],
                        "family": null,
                        "import": [
                          "IPCLOS_BGP_IMP"
                        ],
                        "local_address": null,
                        "local_as": [
                          {
                            "as_number": "65501"
                          }
                        ],
                        "mtu_discovery": "",
                        "multihop": null,
                        "multipath": [
                          {
                            "multiple_as": ""
                          }
                        ],
                        "name": "IPCLOS_eBGP",
                        "neighbor": [
                          {
                            "description": "EBGP peering to 10.30.135.2",
                            "name": "10.30.135.2",
                            "peer_as": "65503"
                          },
                          {
                            "description": "EBGP peering to 10.30.136.2",
                            "name": "10.30.136.2",
                            "peer_as": "65504"
                          },
                          {
                            "description": "EBGP peering to 10.30.137.2",
                            "name": "10.30.137.2",
                            "peer_as": "65505"
                          },
                          {
                            "description": "EBGP peering to 10.30.131.2",
                            "name": "10.30.131.2",
                            "peer_as": "65506"
                          },
                          {
                            "description": "EBGP peering to 10.30.132.2",
                            "name": "10.30.132.2",
                            "peer_as": "65507"
                          }
                        ],
                        "type": "external",
                        "vpn_apply_export": ""
                      }
                    ]
                  }
                ],
                "evpn": null,
                "igmp_snooping": [
                  {
                    "vlan": [
                      {
                        "name": "default"
                      }
                    ]
                  }
                ],
                "lldp": [
                  {
                    "interface": [
                      {
                        "name": "all"
                      }
                    ]
                  }
                ]
              }
            ],
            "resource_name": "dc1-spine1",
            "routing_instances": null,
            "routing_options": [
              {
                "forwarding_table": [
                  {
                    "chained_composite_next_hop": null,
                    "ecmp_fast_reroute": "",
                    "export": [
                      "PFE-LB"
                    ]
                  }
                ],
                "router_id": "10.30.100.3",
                "static": [
                  {
                    "route": [
                      {
                        "name": "0.0.0.0/0",
                        "next_hop": [
                          "100.123.0.1"
                        ]
                      }
                    ]
                  }
                ]
              }
            ],
            "snmp": [
              {
                "community": [
                  {
                    "authorization": "read-only",
                    "name": "public"
                  }
                ],
                "contact": "aburston@juniper.net",
                "location": "JCL Labs"
              }
            ],
            "switch_options": null,
            "system": [
              {
                "extensions": [
                  {
                    "providers": [
                      {
                        "license_type": [
                          {
                            "deployment_scope": [
                              "commercial"
                            ],
                            "name": "juniper"
                          }
                        ],
                        "name": "juniper"
                      },
                      {
                        "license_type": [
                          {
                            "deployment_scope": [
                              "commercial"
                            ],
                            "name": "juniper"
                          }
                        ],
                        "name": "chef"
                      }
                    ]
                  }
                ],
                "host_name": "dc1-spine1",
                "login": [
                  {
                    "message": "***********************************************************************\nThis system is restricted to __________, authorized users for legitimate\nbusiness purposes only. All activity on the system will be logged and\nis subject to monitoring. Unauthorized access, use or modification\nof computers, data therein or data in transit to or from the computers\nis a violation of state and federal laws. Unauthorized activity will\nbe reported to the law enforcement for investigation and possible\nprosecution. __________ reserves the right to investigate, refer for\nprosecution and pursue monetary damages in civil actions in the event\nof unauthorized access.\n***********************************************************************\n",
                    "user": [
                      {
                        "authentication": [
                          {
                            "encrypted_password": "$1$a31gJmWG$h9ohikT1ajySf/tVH.gmv1"
                          }
                        ],
                        "class": "super-user",
                        "name": "jcluser",
                        "uid": "2000"
                      }
                    ]
                  }
                ],
                "root_authentication": [
                  {
                    "encrypted_password": "$1$DbZ1Q3pj$s48cZytjsmSJRUJAf4LdM."
                  }
                ],
                "services": [
                  {
                    "extension_service": [
                      {
                        "notification": [
                          {
                            "allow_clients": [
                              {
                                "address": [
                                  "0.0.0.0/0"
                                ]
                              }
                            ]
                          }
                        ],
                        "request_response": [
                          {
                            "grpc": [
                              {
                                "max_connections": "30"
                              }
                            ]
                          }
                        ]
                      }
                    ],
                    "netconf": [
                      {
                        "ssh": [
                          {}
                        ]
                      }
                    ],
                    "rest": [
                      {
                        "enable_explorer": "",
                        "http": [
                          {
                            "port": "3000"
                          }
                        ]
                      }
                    ],
                    "ssh": [
                      {
                        "root_login": "allow"
                      }
                    ]
                  }
                ],
                "syslog": [
                  {
                    "file": [
                      {
                        "contents": [
                          {
                            "any": null,
                            "info": null,
                            "name": "any",
                            "notice": ""
                          },
                          {
                            "any": null,
                            "info": "",
                            "name": "authorization",
                            "notice": null
                          }
                        ],
                        "name": "messages"
                      },
                      {
                        "contents": [
                          {
                            "any": "",
                            "info": null,
                            "name": "interactive-commands",
                            "notice": null
                          }
                        ],
                        "name": "interactive-commands"
                      }
                    ],
                    "user": [
                      {
                        "contents": [
                          {
                            "emergency": "",
                            "name": "any"
                          }
                        ],
                        "name": "*"
                      }
                    ]
                  }
                ]
              }
            ],
            "vlans": null
          },
          "sensitive_attributes": [],
          "identity_schema_version": 0
        }
      ]
    },
    {
      "mode": "managed",
      "type": "junos-qfx-evpn-vxlan-base-config",
      "name": "dc1-spine2",
      "provider": "provider[\"registry.terraform.io/hashicorp/junos-qfx-evpn-vxlan\"].dc1_spine2",
      "instances": [
        {
          "schema_version": 0,
          "attributes": {
            "chassis": [
              {
                "aggregated_devices": [
                  {
                    "ethernet": [
                      {
                        "device_count": "24"
                      }
                    ]
                  }
                ]
              }
            ],
            "forwarding_options": [
              {
                "storm_control_profiles": [
                  {
                    "all": [
                      {}
                    ],
                    "name": "default"
                  }
                ]
              }
            ],
            "interfaces": [
              {
                "interface": [
                  {
                    "aggregated_ether_options": null,
                    "description": "*** to dc1-borderleaf1 ***",
                    "esi": null,
                    "ether_options": null,
                    "name": "xe-0/0/0",
                    "unit": [
                      {
                        "description": null,
                        "family": [
                          {
                            "ethernet_switching": null,
                            "inet": [
                              {
                                "address": [
                                  {
                                    "name": "10.30.141.1/30"
                                  }
                                ]
                              }
                            ]
                          }
                        ],
                        "mac": null,
                        "name": "0",
                        "vlan_id": null
                      }
                    ],
                    "vlan_tagging": null
                  },
                  {
                    "aggregated_ether_options": null,
                    "description": "*** to dc1-borderleaf2 ***",
                    "esi": null,
                    "ether_options": null,
                    "name": "xe-0/0/1",
                    "unit": [
                      {
                        "description": null,
                        "family": [
                          {
                            "ethernet_switching": null,
                            "inet": [
                              {
                                "address": [
                                  {
                                    "name": "10.30.142.1/30"
                                  }
                                ]
                              }
                            ]
                          }
                        ],
                        "mac": null,
                        "name": "0",
                        "vlan_id": null
                      }
                    ],
                    "vlan_tagging": null
                  },
                  {
                    "aggregated_ether_options": null,
                    "description": "*** to dc1-leaf1 ***",
                    "esi": null,
                    "ether_options": null,
                    "name": "xe-0/0/2",
                    "unit": [
                      {
                        "description": null,
                        "family": [
                          {
                            "ethernet_switching": null,
                            "inet": [
                              {
                                "address": [
                                  {
                                    "name": "10.30.145.1/30"
                                  }
                                ]
                              }
                            ]
                          }
                        ],
                        "mac": null,
                        "name": "0",
                        "vlan_id": null
                      }
                    ],
                    "vlan_tagging": null
                  },
                  {
                    "aggregated_ether_options": null,
                    "description": "*** to dc1-leaf2 ***",
                    "esi": null,
                    "ether_options": null,
                    "name": "xe-0/0/3",
                    "unit": [
                      {
                        "description": null,
                        "family": [
                          {
                            "ethernet_switching": null,
                            "inet": [
                              {
                                "address": [
                                  {
                                    "name": "10.30.146.1/30"
                                  }
                                ]
                              }
                            ]
                          }
                        ],
                        "mac": null,
                        "name": "0",
                        "vlan_id": null
                      }
                    ],
                    "vlan_tagging": null
                  },
                  {
                    "aggregated_ether_options": null,
                    "description": "*** to dc1-leaf3 ***",
                    "esi": null,
                    "ether_options": null,
                    "name": "xe-0/0/4",
                    "unit": [
                      {
                        "description": null,
                        "family": [
                          {
                            "ethernet_switching": null,
                            "inet": [
                              {
                                "address": [
                                  {
                                    "name": "10.30.147.1/30"
                                  }
                                ]
                              }
                            ]
                          }
                        ],
                        "mac": null,
                        "name": "0",
                        "vlan_id": null
                      }
                    ],
                    "vlan_tagging": null
                  },
                  {
                    "aggregated_ether_options": null,
                    "description": null,
                    "esi": null,
                    "ether_options": null,
                    "name": "em0",
                    "unit": [
                      {
                        "description": "*** management ***",
                        "family": [
                          {
                            "ethernet_switching": null,
                            "inet": [
                              {
                                "address": [
                                  {
                                    "name": "100.123.24.4/16"
                                  }
                                ]
                              }
                            ]
                          }
                        ],
                        "mac": null,
                        "name": "0",
                        "vlan_id": null
                      }
                    ],
                    "vlan_tagging": null
                  },
                  {
                    "aggregated_ether_options": null,
                    "description": null,
                    "esi": null,
                    "ether_options": null,
                    "name": "em1",
                    "unit": [
                      {
                        "description": "*** to pfe ***",
                        "family": [
                          {
                            "ethernet_switching": null,
                            "inet": [
                              {
                                "address": [
                                  {
                                    "name": "169.254.0.2/24"
                                  }
                                ]
                              }
                            ]
                          }
                        ],
                        "mac": null,
                        "name": "0",
                        "vlan_id": null
                      }
                    ],
                    "vlan_tagging": null
                  },
                  {
                    "aggregated_ether_options": null,
                    "description": null,
                    "esi": null,
                    "ether_options": null,
                    "name": "lo0",
                    "unit": [
                      {
                        "description": "*** loopback ***",
                        "family": [
                          {
                            "ethernet_switching": null,
                            "inet": [
                              {
                                "address": [
                                  {
                                    "name": "10.30.100.4/32"
                                  }
                                ]
                              }
                            ]
                          }
                        ],
                        "mac": null,
                        "name": "0",
                        "vlan_id": null
                      }
                    ],
                    "vlan_tagging": null
                  }
                ]
              }
            ],
            "policy_options": [
              {
                "community": [
                  {
                    "members": [
                      "65502:1"
                    ],
                    "name": "dc1-spine2"
                  }
                ],
                "policy_statement": [
                  {
                    "name": "IPCLOS_BGP_EXP",
                    "term": [
                      {
                        "from": [
                          {
                            "protocol": [
                              "direct",
                              "bgp"
                            ],
                            "route_filter": null
                          }
                        ],
                        "name": "loopback",
                        "then": [
                          {
                            "accept": "",
                            "community": [
                              {
                                "add": "",
                                "community_name": "dc1-spine2"
                              }
                            ],
                            "reject": null
                          }
                        ]
                      },
                      {
                        "from": null,
                        "name": "default",
                        "then": [
                          {
                            "accept": null,
                            "community": null,
                            "reject": ""
                          }
                        ]
                      }
                    ],
                    "then": null
                  },
                  {
                    "name": "IPCLOS_BGP_IMP",
                    "term": [
                      {
                        "from": [
                          {
                            "protocol": [
                              "bgp",
                              "direct"
                            ],
                            "route_filter": null
                          }
                        ],
                        "name": "loopback",
                        "then": [
                          {
                            "accept": "",
                            "community": null,
                            "reject": null
                          }
                        ]
                      },
                      {
                        "from": null,
                        "name": "default",
                        "then": [
                          {
                            "accept": null,
                            "community": null,
                            "reject": ""
                          }
                        ]
                      }
                    ],
                    "then": null
                  },
                  {
                    "name": "PFE-LB",
                    "term": null,
                    "then": [
                      {
                        "load_balance": [
                          {
                            "per_packet": ""
                          }
                        ]
                      }
                    ]
                  }
                ]
              }
            ],
            "protocols": [
              {
                "bgp": [
                  {
                    "group": [
                      {
                        "allow": [
                          "10.30.100.0/24"
                        ],
                        "bfd_liveness_detection": null,
                        "cluster": "10.30.100.4",
                        "export": null,
                        "family": [
                          {
                            "evpn": [
                              {
                                "signaling": [
                                  {
                                    "delay_route_advertisements": null
                                  }
                                ]
                              }
                            ]
                          }
                        ],
                        "import": null,
                        "local_address": "10.30.100.4",
                        "local_as": [
                          {
                            "as_number": "65200"
                          }
                        ],
                        "mtu_discovery": null,
                        "multihop": null,
                        "multipath": [
                          {
                            "multiple_as": null
                          }
                        ],
                        "name": "EVPN_iBGP",
                        "neighbor": [
                          {
                            "description": null,
                            "name": "10.30.100.3",
                            "peer_as": null
                          }
                        ],
                        "type": "internal",
                        "vpn_apply_export": null
                      },
                      {
                        "allow": null,
                        "bfd_liveness_detection": [
                          {
                            "minimum_interval": "1000",
                            "multiplier": "3"
                          }
                        ],
                        "cluster": null,
                        "export": [
                          "IPCLOS_BGP_EXP"
                        ],
                        "family": null,
                        "import": [
                          "IPCLOS_BGP_IMP"
                        ],
                        "local_address": null,
                        "local_as": [
                          {
                            "as_number": "65502"
                          }
                        ],
                        "mtu_discovery": "",
                        "multihop": null,
                        "multipath": [
                          {
                            "multiple_as": ""
                          }
                        ],
                        "name": "IPCLOS_eBGP",
                        "neighbor": [
                          {
                            "description": "EBGP peering to 10.30.145.2",
                            "name": "10.30.145.2",
                            "peer_as": "65503"
                          },
                          {
                            "description": "EBGP peering to 10.30.146.2",
                            "name": "10.30.146.2",
                            "peer_as": "65504"
                          },
                          {
                            "description": "EBGP peering to 10.30.147.2",
                            "name": "10.30.147.2",
                            "peer_as": "65505"
                          },
                          {
                            "description": "EBGP peering to 10.30.141.2",
                            "name": "10.30.141.2",
                            "peer_as": "65506"
                          },
                          {
                            "description": "EBGP peering to 10.30.142.2",
                            "name": "10.30.142.2",
                            "peer_as": "65507"
                          }
                        ],
                        "type": "external",
                        "vpn_apply_export": ""
                      }
                    ]
                  }
                ],
                "evpn": null,
                "igmp_snooping": [
                  {
                    "vlan": [
                      {
                        "name": "default"
                      }
                    ]
                  }
                ],
                "lldp": [
                  {
                    "interface": [
                      {
                        "name": "all"
                      }
                    ]
                  }
                ]
              }
            ],
            "resource_name": "dc1-spine2",
            "routing_instances": null,
            "routing_options": [
              {
                "forwarding_table": [
                  {
                    "chained_composite_next_hop": null,
                    "ecmp_fast_reroute": "",
                    "export": [
                      "PFE-LB"
                    ]
                  }
                ],
                "router_id": "10.30.100.4",
                "static": [
                  {
                    "route": [
                      {
                        "name": "0.0.0.0/0",
                        "next_hop": [
                          "100.123.0.1"
                        ]
                      }
                    ]
                  }
                ]
              }
            ],
            "snmp": [
              {
                "community": [
                  {
                    "authorization": "read-only",
                    "name": "public"
                  }
                ],
                "contact": "aburston@juniper.net",
                "location": "JCL Labs"
              }
            ],
            "switch_options": null,
            "system": [
              {
                "extensions": [
                  {
                    "providers": [
                      {
                        "license_type": [
                          {
                            "deployment_scope": [
                              "commercial"
                            ],
                            "name": "juniper"
                          }
                        ],
                        "name": "juniper"
                      },
                      {
                        "license_type": [
                          {
                            "deployment_scope": [
                              "commercial"
                            ],
                            "name": "juniper"
                          }
                        ],
                        "name": "chef"
                      }
                    ]
                  }
                ],
                "host_name": "dc1-spine2",
                "login": [
                  {
                    "message": "***********************************************************************\nThis system is restricted to __________, authorized users for legitimate\nbusiness purposes only. All activity on the system will be logged and\nis subject to monitoring. Unauthorized access, use or modification\nof computers, data therein or data in transit to or from the computers\nis a violation of state and federal laws. Unauthorized activity will\nbe reported to the law enforcement for investigation and possible\nprosecution. __________ reserves the right to investigate, refer for\nprosecution and pursue monetary damages in civil actions in the event\nof unauthorized access.\n***********************************************************************\n",
                    "user": [
                      {
                        "authentication": [
                          {
                            "encrypted_password": "$1$a31gJmWG$h9ohikT1ajySf/tVH.gmv1"
                          }
                        ],
                        "class": "super-user",
                        "name": "jcluser",
                        "uid": "2000"
                      }
                    ]
                  }
                ],
                "root_authentication": [
                  {
                    "encrypted_password": "$1$DbZ1Q3pj$s48cZytjsmSJRUJAf4LdM."
                  }
                ],
                "services": [
                  {
                    "extension_service": [
                      {
                        "notification": [
                          {
                            "allow_clients": [
                              {
                                "address": [
                                  "0.0.0.0/0"
                                ]
                              }
                            ]
                          }
                        ],
                        "request_response": [
                          {
                            "grpc": [
                              {
                                "max_connections": "30"
                              }
                            ]
                          }
                        ]
                      }
                    ],
                    "netconf": [
                      {
                        "ssh": [
                          {}
                        ]
                      }
                    ],
                    "rest": [
                      {
                        "enable_explorer": "",
                        "http": [
                          {
                            "port": "3000"
                          }
                        ]
                      }
                    ],
                    "ssh": [
                      {
                        "root_login": "allow"
                      }
                    ]
                  }
                ],
                "syslog": [
                  {
                    "file": [
                      {
                        "contents": [
                          {
                            "any": null,
                            "info": null,
                            "name": "any",
                            "notice": ""
                          },
                          {
                            "any": null,
                            "info": "",
                            "name": "authorization",
                            "notice": null
                          }
                        ],
                        "name": "messages"
                      },
                      {
                        "contents": [
                          {
                            "any": "",
                            "info": null,
                            "name": "interactive-commands",
                            "notice": null
                          }
                        ],
                        "name": "interactive-commands"
                      }
                    ],
                    "user": [
                      {
                        "contents": [
                          {
                            "emergency": "",
                            "name": "any"
                          }
                        ],
                        "name": "*"
                      }
                    ]
                  }
                ]
              }
            ],
            "vlans": null
          },
          "sensitive_attributes": [],
          "identity_schema_version": 0
        }
      ]
    },
    {
      "mode": "managed",
      "type": "junos-qfx-evpn-vxlan-base-config",
      "name": "dc2-spine1",
      "provider": "provider[\"registry.terraform.io/hashicorp/junos-qfx-evpn-vxlan\"].dc2_spine1",
      "instances": [
        {
          "schema_version": 0,
          "attributes": {
            "chassis": [
              {
                "aggregated_devices": [
                  {
                    "ethernet": [
                      {
                        "device_count": "24"
                      }
                    ]
                  }
                ]
              }
            ],
            "forwarding_options": [
              {
                "storm_control_profiles": [
                  {
                    "all": [
                      {}
                    ],
                    "name": "default"
                  }
                ]
              }
            ],
            "interfaces": [
              {
                "interface": [
                  {
                    "aggregated_ether_options": null,
                    "description": "*** to wan-pe2 ***",
                    "esi": null,
                    "ether_options": null,
                    "name": "xe-0/0/0",
                    "unit": [
                      {
                        "description": null,
                        "family": [
                          {
                            "ethernet_switching": null,
                            "inet": [
                              {
                                "address": [
                                  {
                                    "name": "10.32.2.1/30"
                                  }
                                ]
                              }
                            ]
                          }
                        ],
                        "mac": null,
                        "name": "0",
                        "vlan_id": null
                      }
                    ],
                    "vlan_tagging": null
                  },
                  {
                    "aggregated_ether_options": null,
                    "description": null,
                    "esi": null,
                    "ether_options": null,
                    "name": "xe-0/0/1",
                    "unit": [
                      {
                        "description": null,
                        "family": [
                          {
                            "ethernet_switching": null,
                            "inet": [
                              {
                                "address": [
                                  {
                                    "name": "10.95.1.1/30"
                                  }
                                ]
                              }
                            ]
                          }
                        ],
                        "mac": null,
                        "name": "1",
                        "vlan_id": "1"
                      }
                    ],
                    "vlan_tagging": ""
                  },
                  {
                    "aggregated_ether_options": null,
                    "description": null,
                    "esi": null,
                    "ether_options": null,
                    "name": "xe-0/0/2",
                    "unit": [
                      {
                        "description": null,
                        "family": [
                          {
                            "ethernet_switching": null,
                            "inet": [
                              {
                                "address": [
                                  {
                                    "name": "10.94.1.1/30"
                                  }
                                ]
                              }
                            ]
                          }
                        ],
                        "mac": null,
                        "name": "1",
                        "vlan_id": "1"
                      }
                    ],
                    "vlan_tagging": ""
                  },
                  {
                    "aggregated_ether_options": null,
                    "description": null,
                    "esi": null,
                    "ether_options": [
                      {
                        "ieee_802_3ad": [
                          {
                            "bundle": "ae0"
                          }
                        ]
                      }
                    ],
                    "name": "xe-0/0/3",
                    "unit": null,
                    "vlan_tagging": null
                  },
                  {
                    "aggregated_ether_options": null,
                    "description": null,
                    "esi": null,
                    "ether_options": [
                      {
                        "ieee_802_3ad": [
                          {
                            "bundle": "ae1"
                          }
                        ]
                      }
                    ],
                    "name": "xe-0/0/4",
                    "unit": null,
                    "vlan_tagging": null
                  },
                  {
                    "aggregated_ether_options": null,
                    "description": "*** to dc2-spine2 ***",
                    "esi": null,
                    "ether_options": null,
                    "name": "xe-0/0/5",
                    "unit": [
                      {
                        "description": null,
                        "family": [
                          {
                            "ethernet_switching": null,
                            "inet": [
                              {
                                "address": [
                                  {
                                    "name": "10.30.189.1/30"
                                  }
                                ]
                              }
                            ]
                          }
                        ],
                        "mac": null,
                        "name": "0",
                        "vlan_id": null
                      }
                    ],
                    "vlan_tagging": null
                  },
                  {
                    "aggregated_ether_options": [
                      {
                        "lacp": [
                          {
                            "active": "",
                            "periodic": "fast",
                            "system_id": "00:00:00:01:01:00"
                          }
                        ]
                      }
                    ],
                    "description": null,
                    "esi": [
                      {
                        "all_active": "",
                        "identifier": "00:00:00:00:00:00:00:01:01:00"
                      }
                    ],
                    "ether_options": null,
                    "name": "ae0",
                    "unit": [
                      {
                        "description": null,
                        "family": [
                          {
                            "ethernet_switching": [
                              {
                                "vlan": [
                                  {
                                    "members": [
                                      "1002"
                                    ]
                                  }
                                ]
                              }
                            ],
                            "inet": null
                          }
                        ],
                        "mac": null,
                        "name": "0",
                        "vlan_id": null
                      }
                    ],
                    "vlan_tagging": null
                  },
                  {
                    "aggregated_ether_options": [
                      {
                        "lacp": [
                          {
                            "active": "",
                            "periodic": "fast",
                            "system_id": "00:00:00:01:02:00"
                          }
                        ]
                      }
                    ],
                    "description": null,
                    "esi": [
                      {
                        "all_active": "",
                        "identifier": "00:00:00:00:00:00:00:01:02:00"
                      }
                    ],
                    "ether_options": null,
                    "name": "ae1",
                    "unit": [
                      {
                        "description": null,
                        "family": [
                          {
                            "ethernet_switching": [
                              {
                                "vlan": [
                                  {
                                    "members": [
                                      "1002"
                                    ]
                                  }
                                ]
                              }
                            ],
                            "inet": null
                          }
                        ],
                        "mac": null,
                        "name": "0",
                        "vlan_id": null
                      }
                    ],
                    "vlan_tagging": null
                  },
                  {
                    "aggregated_ether_options": null,
                    "description": null,
                    "esi": null,
                    "ether_options": null,
                    "name": "em0",
                    "unit": [
                      {
                        "description": "*** management ***",
                        "family": [
                          {
                            "ethernet_switching": null,
                            "inet": [
                              {
                                "address": [
                                  {
                                    "name": "100.123.24.8/16"
                                  }
                                ]
                              }
                            ]
                          }
                        ],
                        "mac": null,
                        "name": "0",
                        "vlan_id": null
                      }
                    ],
                    "vlan_tagging": null
                  },
                  {
                    "aggregated_ether_options": null,
                    "description": null,
                    "esi": null,
                    "ether_options": null,
                    "name": "em1",
                    "unit": [
                      {
                        "description": "*** to pfe ***",
                        "family": [
                          {
                            "ethernet_switching": null,
                            "inet": [
                              {
                                "address": [
                                  {
                                    "name": "169.254.0.2/24"
                                  }
                                ]
                              }
                            ]
                          }
                        ],
                        "mac": null,
                        "name": "0",
                        "vlan_id": null
                      }
                    ],
                    "vlan_tagging": null
                  },
                  {
                    "aggregated_ether_options": null,
                    "description": null,
                    "esi": null,
                    "ether_options": null,
                    "name": "irb",
                    "unit": [
                      {
                        "description": null,
                        "family": [
                          {
                            "ethernet_switching": null,
                            "inet": [
                              {
                                "address": [
                                  {
                                    "name": "10.1.2.1/24"
                                  }
                                ]
                              }
                            ]
                          }
                        ],
                        "mac": "02:0a:01:02:01:18",
                        "name": "1002",
                        "vlan_id": null
                      }
                    ],
                    "vlan_tagging": null
                  },
                  {
                    "aggregated_ether_options": null,
                    "description": null,
                    "esi": null,
                    "ether_options": null,
                    "name": "lo0",
                    "unit": [
                      {
                        "description": "*** loopback ***",
                        "family": [
                          {
                            "ethernet_switching": null,
                            "inet": [
                              {
                                "address": [
                                  {
                                    "name": "10.30.100.8/32"
                                  }
                                ]
                              }
                            ]
                          }
                        ],
                        "mac": null,
                        "name": "0",
                        "vlan_id": null
                      },
                      {
                        "description": "Loopback for VXLAN control packets for VRF_10001",
                        "family": [
                          {
                            "ethernet_switching": null,
                            "inet": [
                              {
                                "address": [
                                  {
                                    "name": "10.40.101.1/32"
                                  }
                                ]
                              }
                            ]
                          }
                        ],
                        "mac": null,
                        "name": "10001",
                        "vlan_id": null
                      }
                    ],
                    "vlan_tagging": null
                  }
                ]
              }
            ],
            "policy_options": [
              {
                "community": [
                  {
                    "members": [
                      "65520:1"
                    ],
                    "name": "dc2-spine1"
                  }
                ],
                "policy_statement": [
                  {
                    "name": "EVPN_T5_EXPORT",
                    "term": [
                      {
                        "from": [
                          {
                            "protocol": [
                              "direct"
                            ],
                            "route_filter": null
                          }
                        ],
                        "name": "fm_direct",
                        "then": [
                          {
                            "accept": "",
                            "community": null,
                            "reject": null
                          }
                        ]
                      },
                      {
                        "from": [
                          {
                            "protocol": [
                              "static"
                            ],
                            "route_filter": null
                          }
                        ],
                        "name": "fm_static",
                        "then": [
                          {
                            "accept": "",
                            "community": null,
                            "reject": null
                          }
                        ]
                      },
                      {
                        "from": [
                          {
                            "protocol": [
                              "evpn",
                              "ospf"
                            ],
                            "route_filter": [
                              {
                                "address": "0.0.0.0/0",
                                "exact": "",
                                "orlonger": null,
                                "prefix_length_range": null
                              }
                            ]
                          }
                        ],
                        "name": "fm_v4_default",
                        "then": [
                          {
                            "accept": "",
                            "community": null,
                            "reject": null
                          }
                        ]
                      },
                      {
                        "from": [
                          {
                            "protocol": [
                              "evpn"
                            ],
                            "route_filter": [
                              {
                                "address": "0.0.0.0/0",
                                "exact": null,
                                "orlonger": null,
                                "prefix_length_range": "/32-/32"
                              }
                            ]
                          }
                        ],
                        "name": "fm_v4_host",
                        "then": [
                          {
                            "accept": "",
                            "community": null,
                            "reject": null
                          }
                        ]
                      },
                      {
                        "from": [
                          {
                            "protocol": [
                              "evpn"
                            ],
                            "route_filter": [
                              {
                                "address": "0::0/0",
                                "exact": null,
                                "orlonger": null,
                                "prefix_length_range": "/128-/128"
                              }
                            ]
                          }
                        ],
                        "name": "fm_v6_host",
                        "then": [
                          {
                            "accept": "",
                            "community": null,
                            "reject": null
                          }
                        ]
                      }
                    ],
                    "then": null
                  },
                  {
                    "name": "IPCLOS_BGP_EXP",
                    "term": [
                      {
                        "from": [
                          {
                            "protocol": [
                              "direct",
                              "bgp"
                            ],
                            "route_filter": null
                          }
                        ],
                        "name": "loopback",
                        "then": [
                          {
                            "accept": "",
                            "community": [
                              {
                                "add": "",
                                "community_name": "dc2-spine1"
                              }
                            ],
                            "reject": null
                          }
                        ]
                      },
                      {
                        "from": null,
                        "name": "default",
                        "then": [
                          {
                            "accept": null,
                            "community": null,
                            "reject": ""
                          }
                        ]
                      }
                    ],
                    "then": null
                  },
                  {
                    "name": "IPCLOS_BGP_IMP",
                    "term": [
                      {
                        "from": [
                          {
                            "protocol": [
                              "bgp",
                              "direct"
                            ],
                            "route_filter": null
                          }
                        ],
                        "name": "loopback",
                        "then": [
                          {
                            "accept": "",
                            "community": null,
                            "reject": null
                          }
                        ]
                      },
                      {
                        "from": null,
                        "name": "default",
                        "then": [
                          {
                            "accept": null,
                            "community": null,
                            "reject": ""
                          }
                        ]
                      }
                    ],
                    "then": null
                  },
                  {
                    "name": "PFE-LB",
                    "term": null,
                    "then": [
                      {
                        "load_balance": [
                          {
                            "per_packet": ""
                          }
                        ]
                      }
                    ]
                  },
                  {
                    "name": "to-ospf",
                    "term": [
                      {
                        "from": [
                          {
                            "protocol": [
                              "evpn"
                            ],
                            "route_filter": [
                              {
                                "address": "10.1.2.0/24",
                                "exact": null,
                                "orlonger": "",
                                "prefix_length_range": null
                              }
                            ]
                          }
                        ],
                        "name": "10",
                        "then": [
                          {
                            "accept": "",
                            "community": null,
                            "reject": null
                          }
                        ]
                      },
                      {
                        "from": null,
                        "name": "100",
                        "then": [
                          {
                            "accept": null,
                            "community": null,
                            "reject": ""
                          }
                        ]
                      }
                    ],
                    "then": null
                  }
                ]
              }
            ],
            "protocols": [
              {
                "bgp": [
                  {
                    "group": [
                      {
                        "allow": null,
                        "bfd_liveness_detection": null,
                        "cluster": null,
                        "export": null,
                        "family": [
                          {
                            "evpn": [
                              {
                                "signaling": [
                                  {
                                    "delay_route_advertisements": [
                                      {
                                        "minimum_delay": [
                                          {
                                            "routing_uptime": "480"
                                          }
                                        ]
                                      }
                                    ]
                                  }
                                ]
                              }
                            ]
                          }
                        ],
                        "import": null,
                        "local_address": "10.30.100.8",
                        "local_as": [
                          {
                            "as_number": "65201"
                          }
                        ],
                        "mtu_discovery": null,
                        "multihop": [
                          {
                            "no_nexthop_change": ""
                          }
                        ],
                        "multipath": [
                          {
                            "multiple_as": ""
                          }
                        ],
                        "name": "WAN_OVERLAY_eBGP",
                        "neighbor": [
                          {
                            "description": "DCI EBGP peering to 10.30.100.1",
                            "name": "10.30.100.1",
                            "peer_as": "65200"
                          },
                          {
                            "description": "DCI EBGP peering to 10.30.100.2",
                            "name": "10.30.100.2",
                            "peer_as": "65200"
                          }
                        ],
                        "type": "external",
                        "vpn_apply_export": null
                      },
                      {
                        "allow": null,
                        "bfd_liveness_detection": null,
                        "cluster": "10.30.100.8",
                        "export": null,
                        "family": [
                          {
                            "evpn": [
                              {
                                "signaling": [
                                  {
                                    "delay_route_advertisements": null
                                  }
                                ]
                              }
                            ]
                          }
                        ],
                        "import": null,
                        "local_address": "10.30.100.8",
                        "local_as": [
                          {
                            "as_number": "65201"
                          }
                        ],
                        "mtu_discovery": null,
                        "multihop": null,
                        "multipath": [
                          {
                            "multiple_as": null
                          }
                        ],
                        "name": "EVPN_iBGP",
                        "neighbor": [
                          {
                            "description": null,
                            "name": "10.30.100.9",
                            "peer_as": null
                          }
                        ],
                        "type": "internal",
                        "vpn_apply_export": null
                      },
                      {
                        "allow": null,
                        "bfd_liveness_detection": [
                          {
                            "minimum_interval": "1000",
                            "multiplier": "3"
                          }
                        ],
                        "cluster": null,
                        "export": [
                          "IPCLOS_BGP_EXP"
                        ],
                        "family": null,
                        "import": [
                          "IPCLOS_BGP_IMP"
                        ],
                        "local_address": null,
                        "local_as": [
                          {
                            "as_number": "65520"
                          }
                        ],
                        "mtu_discovery": "",
                        "multihop": null,
                        "multipath": [
                          {
                            "multiple_as": ""
                          }
                        ],
                        "name": "IPCLOS_eBGP",
                        "neighbor": [
                          {
                            "description": "EBGP peering to 10.30.189.2",
                            "name": "10.30.189.2",
                            "peer_as": "65521"
                          },
                          {
                            "description": "EBGP peering to 10.32.2.2",
                            "name": "10.32.2.2",
                            "peer_as": "65401"
                          }
                        ],
                        "type": "external",
                        "vpn_apply_export": ""
                      }
                    ]
                  }
                ],
                "evpn": [
                  {
                    "default_gateway": "do-not-advertise",
                    "encapsulation": "vxlan",
                    "extended_vni_list": [
                      "all"
                    ],
                    "multicast_mode": "ingress-replication",
                    "no_core_isolation": ""
                  }
                ],
                "igmp_snooping": [
                  {
                    "vlan": [
                      {
                        "name": "default"
                      }
                    ]
                  }
                ],
                "lldp": [
                  {
                    "interface": [
                      {
                        "name": "all"
                      }
                    ]
                  }
                ]
              }
            ],
            "resource_name": "dc2-spine1",
            "routing_instances": [
              {
                "instance": [
                  {
                    "instance_type": "vrf",
                    "interface": [
                      {
                        "name": "xe-0/0/1.1"
                      },
                      {
                        "name": "xe-0/0/2.1"
                      },
                      {
                        "name": "irb.1002"
                      },
                      {
                        "name": "lo0.10001"
                      }
                    ],
                    "name": "VRF_10001",
                    "protocols": [
                      {
                        "evpn": [
                          {
                            "ip_prefix_routes": [
                              {
                                "advertise": "direct-nexthop",
                                "encapsulation": "vxlan",
                                "export": [
                                  "EVPN_T5_EXPORT"
                                ],
                                "vni": "10001"
                              }
                            ]
                          }
                        ],
                        "ospf": [
                          {
                            "area": [
                              {
                                "interface": [
                                  {
                                    "metric": "100",
                                    "name": "xe-0/0/1.1"
                                  },
                                  {
                                    "metric": "200",
                                    "name": "xe-0/0/2.1"
                                  }
                                ],
                                "name": "0.0.0.0"
                              }
                            ],
                            "export": [
                              "to-ospf"
                            ]
                          }
                        ]
                      }
                    ],
                    "route_distinguisher": [
                      {
                        "rd_type": "10.40.101.1:10001"
                      }
                    ],
                    "routing_options": [
                      {
                        "auto_export": [
                          {}
                        ]
                      }
                    ],
                    "vrf_table_label": [
                      {}
                    ],
                    "vrf_target": [
                      {
                        "community": "target:1:10001"
                      }
                    ]
                  }
                ]
              }
            ],
            "routing_options": [
              {
                "forwarding_table": [
                  {
                    "chained_composite_next_hop": [
                      {
                        "ingress": [
                          {
                            "evpn": ""
                          }
                        ]
                      }
                    ],
                    "ecmp_fast_reroute": "",
                    "export": [
                      "PFE-LB"
                    ]
                  }
                ],
                "router_id": "10.30.100.8",
                "static": [
                  {
                    "route": [
                      {
                        "name": "0.0.0.0/0",
                        "next_hop": [
                          "100.123.0.1"
                        ]
                      }
                    ]
                  }
                ]
              }
            ],
            "snmp": [
              {
                "community": [
                  {
                    "authorization": "read-only",
                    "name": "public"
                  }
                ],
                "contact": "aburston@juniper.net",
                "location": "JCL Labs"
              }
            ],
            "switch_options": [
              {
                "route_distinguisher": [
                  {
                    "rd_type": "10.30.100.8:9999"
                  }
                ],
                "vrf_target": [
                  {
                    "auto": [
                      {}
                    ],
                    "community": "target:9999:9999"
                  }
                ],
                "vtep_source_interface": [
                  {
                    "interface_name": "lo0.0"
                  }
                ]
              }
            ],
            "system": [
              {
                "extensions": [
                  {
                    "providers": [
                      {
                        "license_type": [
                          {
                            "deployment_scope": [
                              "commercial"
                            ],
                            "name": "juniper"
                          }
                        ],
                        "name": "juniper"
                      },
                      {
                        "license_type": [
                          {
                            "deployment_scope": [
                              "commercial"
                            ],
                            "name": "juniper"
                          }
                        ],
                        "name": "chef"
                      }
                    ]
                  }
                ],
                "host_name": "dc2-spine1",
                "login": [
                  {
                    "message": "***********************************************************************\nThis system is restricted to __________, authorized users for legitimate\nbusiness purposes only. All activity on the system will be logged and\nis subject to monitoring. Unauthorized access, use or modification\nof computers, data therein or data in transit to or from the computers\nis a violation of state and federal laws. Unauthorized activity will\nbe reported to the law enforcement for investigation and possible\nprosecution. __________ reserves the right to investigate, refer for\nprosecution and pursue monetary damages in civil actions in the event\nof unauthorized access.\n***********************************************************************\n",
                    "user": [
                      {
                        "authentication": [
                          {
                            "encrypted_password": "$1$a31gJmWG$h9ohikT1ajySf/tVH.gmv1"
                          }
                        ],
                        "class": "super-user",
                        "name": "jcluser",
                        "uid": "2000"
                      }
                    ]
                  }
                ],
                "root_authentication": [
                  {
                    "encrypted_password": "$1$DbZ1Q3pj$s48cZytjsmSJRUJAf4LdM."
                  }
                ],
                "services": [
                  {
                    "extension_service": [
                      {
                        "notification": [
                          {
                            "allow_clients": [
                              {
                                "address": [
                                  "0.0.0.0/0"
                                ]
                              }
                            ]
                          }
                        ],
                        "request_response": [
                          {
                            "grpc": [
                              {
                                "max_connections": "30"
                              }
                            ]
                          }
                        ]
                      }
                    ],
                    "netconf": [
                      {
                        "ssh": [
                          {}
                        ]
                      }
                    ],
                    "rest": [
                      {
                        "enable_explorer": "",
                        "http": [
                          {
                            "port": "3000"
                          }
                        ]
                      }
                    ],
                    "ssh": [
                      {
                        "root_login": "allow"
                      }
                    ]
                  }
                ],
                "syslog": [
                  {
                    "file": [
                      {
                        "contents": [
                          {
                            "any": null,
                            "info": null,
                            "name": "any",
                            "notice": ""
                          },
                          {
                            "any": null,
                            "info": "",
                            "name": "authorization",
                            "notice": null
                          }
                        ],
                        "name": "messages"
                      },
                      {
                        "contents": [
                          {
                            "any": "",
                            "info": null,
                            "name": "interactive-commands",
                            "notice": null
                          }
                        ],
                        "name": "interactive-commands"
                      }
                    ],
                    "user": [
                      {
                        "contents": [
                          {
                            "emergency": "",
                            "name": "any"
                          }
                        ],
                        "name": "*"
                      }
                    ]
                  }
                ]
              }
            ],
            "vlans": [
              {
                "vlan": [
                  {
                    "l3_interface": "irb.1002",
                    "name": "vlan_1002",
                    "vlan_id": "1002",
                    "vxlan": [
                      {
                        "vni": "1002"
                      }
                    ]
                  }
                ]
              }
            ]
          },
          "sensitive_attributes": [],
          "identity_schema_version": 0
        }
      ]
    },
    {
      "mode": "managed",
      "type": "junos-qfx-evpn-vxlan-base-config",
      "name": "dc2-spine2",
      "provider": "provider[\"registry.terraform.io/hashicorp/junos-qfx-evpn-vxlan\"].dc2_spine2",
      "instances": [
        {
          "schema_version": 0,
          "attributes": {
            "chassis": [
              {
                "aggregated_devices": [
                  {
                    "ethernet": [
                      {
                        "device_count": "24"
                      }
                    ]
                  }
                ]
              }
            ],
            "forwarding_options": [
              {
                "storm_control_profiles": [
                  {
                    "all": [
                      {}
                    ],
                    "name": "default"
                  }
                ]
              }
            ],
            "interfaces": [
              {
                "interface": [
                  {
                    "aggregated_ether_options": null,
                    "description": "*** to wan-pe2 ***",
                    "esi": null,
                    "ether_options": null,
                    "name": "xe-0/0/0",
                    "unit": [
                      {
                        "description": null,
                        "family": [
                          {
                            "ethernet_switching": null,
                            "inet": [
                              {
                                "address": [
                                  {
                                    "name": "10.32.12.1/30"
                                  }
                                ]
                              }
                            ]
                          }
                        ],
                        "mac": null,
                        "name": "0",
                        "vlan_id": null
                      }
                    ],
                    "vlan_tagging": null
                  },
                  {
                    "aggregated_ether_options": null,
                    "description": null,
                    "esi": null,
                    "ether_options": null,
                    "name": "xe-0/0/1",
                    "unit": [
                      {
                        "description": null,
                        "family": [
                          {
                            "ethernet_switching": null,
                            "inet": [
                              {
                                "address": [
                                  {
                                    "name": "10.93.1.1/30"
                                  }
                                ]
                              }
                            ]
                          }
                        ],
                        "mac": null,
                        "name": "1",
                        "vlan_id": "1"
                      }
                    ],
                    "vlan_tagging": ""
                  },
                  {
                    "aggregated_ether_options": null,
                    "description": null,
                    "esi": null,
                    "ether_options": null,
                    "name": "xe-0/0/2",
                    "unit": [
                      {
                        "description": null,
                        "family": [
                          {
                            "ethernet_switching": null,
                            "inet": [
                              {
                                "address": [
                                  {
                                    "name": "10.92.1.1/30"
                                  }
                                ]
                              }
                            ]
                          }
                        ],
                        "mac": null,
                        "name": "1",
                        "vlan_id": "1"
                      }
                    ],
                    "vlan_tagging": ""
                  },
                  {
                    "aggregated_ether_options": null,
                    "description": null,
                    "esi": null,
                    "ether_options": [
                      {
                        "ieee_802_3ad": [
                          {
                            "bundle": "ae0"
                          }
                        ]
                      }
                    ],
                    "name": "xe-0/0/3",
                    "unit": null,
                    "vlan_tagging": null
                  },
                  {
                    "aggregated_ether_options": null,
                    "description": null,
                    "esi": null,
                    "ether_options": [
                      {
                        "ieee_802_3ad": [
                          {
                            "bundle": "ae1"
                          }
                        ]
                      }
                    ],
                    "name": "xe-0/0/4",
                    "unit": null,
                    "vlan_tagging": null
                  },
                  {
                    "aggregated_ether_options": null,
                    "description": "*** to dc2-spine1 ***",
                    "esi": null,
                    "ether_options": null,
                    "name": "xe-0/0/5",
                    "unit": [
                      {
                        "description": null,
                        "family": [
                          {
                            "ethernet_switching": null,
                            "inet": [
                              {
                                "address": [
                                  {
                                    "name": "10.30.189.2/30"
                                  }
                                ]
                              }
                            ]
                          }
                        ],
                        "mac": null,
                        "name": "0",
                        "vlan_id": null
                      }
                    ],
                    "vlan_tagging": null
                  },
                  {
                    "aggregated_ether_options": [
                      {
                        "lacp": [
                          {
                            "active": "",
                            "periodic": "fast",
                            "system_id": "00:00:00:01:01:00"
                          }
                        ]
                      }
                    ],
                    "description": null,
                    "esi": [
                      {
                        "all_active": "",
                        "identifier": "00:00:00:00:00:00:00:01:01:00"
                      }
                    ],
                    "ether_options": null,
                    "name": "ae0",
                    "unit": [
                      {
                        "description": null,
                        "family": [
                          {
                            "ethernet_switching": [
                              {
                                "vlan": [
                                  {
                                    "members": [
                                      "1002"
                                    ]
                                  }
                                ]
                              }
                            ],
                            "inet": null
                          }
                        ],
                        "mac": null,
                        "name": "0",
                        "vlan_id": null
                      }
                    ],
                    "vlan_tagging": null
                  },
                  {
                    "aggregated_ether_options": [
                      {
                        "lacp": [
                          {
                            "active": "",
                            "periodic": "fast",
                            "system_id": "00:00:00:01:02:00"
                          }
                        ]
                      }
                    ],
                    "description": null,
                    "esi": [
                      {
                        "all_active": "",
                        "identifier": "00:00:00:00:00:00:00:01:02:00"
                      }
                    ],
                    "ether_options": null,
                    "name": "ae1",
                    "unit": [
                      {
                        "description": null,
                        "family": [
                          {
                            "ethernet_switching": [
                              {
                                "vlan": [
                                  {
                                    "members": [
                                      "1002"
                                    ]
                                  }
                                ]
                              }
                            ],
                            "inet": null
                          }
                        ],
                        "mac": null,
                        "name": "0",
                        "vlan_id": null
                      }
                    ],
                    "vlan_tagging": null
                  },
                  {
                    "aggregated_ether_options": null,
                    "description": null,
                    "esi": null,
                    "ether_options": null,
                    "name": "em0",
                    "unit": [
                      {
                        "description": "*** management ***",
                        "family": [
                          {
                            "ethernet_switching": null,
                            "inet": [
                              {
                                "address": [
                                  {
                                    "name": "100.123.24.9/16"
                                  }
                                ]
                              }
                            ]
                          }
                        ],
                        "mac": null,
                        "name": "0",
                        "vlan_id": null
                      }
                    ],
                    "vlan_tagging": null
                  },
                  {
                    "aggregated_ether_options": null,
                    "description": null,
                    "esi": null,
                    "ether_options": null,
                    "name": "em1",
                    "unit": [
                      {
                        "description": "*** to pfe ***",
                        "family": [
                          {
                            "ethernet_switching": null,
                            "inet": [
                              {
                                "address": [
                                  {
                                    "name": "169.254.0.2/24"
                                  }
                                ]
                              }
                            ]
                          }
                        ],
                        "mac": null,
                        "name": "0",
                        "vlan_id": null
                      }
                    ],
                    "vlan_tagging": null
                  },
                  {
                    "aggregated_ether_options": null,
                    "description": null,
                    "esi": null,
                    "ether_options": null,
                    "name": "irb",
                    "unit": [
                      {
                        "description": null,
                        "family": [
                          {
                            "ethernet_switching": null,
                            "inet": [
                              {
                                "address": [
                                  {
                                    "name": "10.1.2.1/24"
                                  }
                                ]
                              }
                            ]
                          }
                        ],
                        "mac": "02:0a:01:02:01:18",
                        "name": "1002",
                        "vlan_id": null
                      }
                    ],
                    "vlan_tagging": null
                  },
                  {
                    "aggregated_ether_options": null,
                    "description": null,
                    "esi": null,
                    "ether_options": null,
                    "name": "lo0",
                    "unit": [
                      {
                        "description": "*** loopback ***",
                        "family": [
                          {
                            "ethernet_switching": null,
                            "inet": [
                              {
                                "address": [
                                  {
                                    "name": "10.30.100.9/32"
                                  }
                                ]
                              }
                            ]
                          }
                        ],
                        "mac": null,
                        "name": "0",
                        "vlan_id": null
                      },
                      {
                        "description": "Loopback for VXLAN control packets for VRF_10001",
                        "family": [
                          {
                            "ethernet_switching": null,
                            "inet": [
                              {
                                "address": [
                                  {
                                    "name": "10.40.101.2/32"
                                  }
                                ]
                              }
                            ]
                          }
                        ],
                        "mac": null,
                        "name": "10001",
                        "vlan_id": null
                      }
                    ],
                    "vlan_tagging": null
                  }
                ]
              }
            ],
            "policy_options": [
              {
                "community": [
                  {
                    "members": [
                      "65521:1"
                    ],
                    "name": "dc2-spine2"
                  }
                ],
                "policy_statement": [
                  {
                    "name": "EVPN_T5_EXPORT",
                    "term": [
                      {
                        "from": [
                          {
                            "protocol": [
                              "direct"
                            ],
                            "route_filter": null
                          }
                        ],
                        "name": "fm_direct",
                        "then": [
                          {
                            "accept": "",
                            "community": null,
                            "reject": null
                          }
                        ]
                      },
                      {
                        "from": [
                          {
                            "protocol": [
                              "static"
                            ],
                            "route_filter": null
                          }
                        ],
                        "name": "fm_static",
                        "then": [
                          {
                            "accept": "",
                            "community": null,
                            "reject": null
                          }
                        ]
                      },
                      {
                        "from": [
                          {
                            "protocol": [
                              "evpn",
                              "ospf"
                            ],
                            "route_filter": [
                              {
                                "address": "0.0.0.0/0",
                                "exact": "",
                                "orlonger": null,
                                "prefix_length_range": null
                              }
                            ]
                          }
                        ],
                        "name": "fm_v4_default",
                        "then": [
                          {
                            "accept": "",
                            "community": null,
                            "reject": null
                          }
                        ]
                      },
                      {
                        "from": [
                          {
                            "protocol": [
                              "evpn"
                            ],
                            "route_filter": [
                              {
                                "address": "0.0.0.0/0",
                                "exact": null,
                                "orlonger": null,
                                "prefix_length_range": "/32-/32"
                              }
                            ]
                          }
                        ],
                        "name": "fm_v4_host",
                        "then": [
                          {
                            "accept": "",
                            "community": null,
                            "reject": null
                          }
                        ]
                      },
                      {
                        "from": [
                          {
                            "protocol": [
                              "evpn"
                            ],
                            "route_filter": [
                              {
                                "address": "0::0/0",
                                "exact": null,
                                "orlonger": null,
                                "prefix_length_range": "/128-/128"
                              }
                            ]
                          }
                        ],
                        "name": "fm_v6_host",
                        "then": [
                          {
                            "accept": "",
                            "community": null,
                            "reject": null
                          }
                        ]
                      }
                    ],
                    "then": null
                  },
                  {
                    "name": "IPCLOS_BGP_EXP",
                    "term": [
                      {
                        "from": [
                          {
                            "protocol": [
                              "direct",
                              "bgp"
                            ],
                            "route_filter": null
                          }
                        ],
                        "name": "loopback",
                        "then": [
                          {
                            "accept": "",
                            "community": [
                              {
                                "add": "",
                                "community_name": "dc2-spine2"
                              }
                            ],
                            "reject": null
                          }
                        ]
                      },
                      {
                        "from": null,
                        "name": "default",
                        "then": [
                          {
                            "accept": null,
                            "community": null,
                            "reject": ""
                          }
                        ]
                      }
                    ],
                    "then": null
                  },
                  {
                    "name": "IPCLOS_BGP_IMP",
                    "term": [
                      {
                        "from": [
                          {
                            "protocol": [
                              "bgp",
                              "direct"
                            ],
                            "route_filter": null
                          }
                        ],
                        "name": "loopback",
                        "then": [
                          {
                            "accept": "",
                            "community": null,
                            "reject": null
                          }
                        ]
                      },
                      {
                        "from": null,
                        "name": "default",
                        "then": [
                          {
                            "accept": null,
                            "community": null,
                            "reject": ""
                          }
                        ]
                      }
                    ],
                    "then": null
                  },
                  {
                    "name": "PFE-LB",
                    "term": null,
                    "then": [
                      {
                        "load_balance": [
                          {
                            "per_packet": ""
                          }
                        ]
                      }
                    ]
                  },
                  {
                    "name": "to-ospf",
                    "term": [
                      {
                        "from": [
                          {
                            "protocol": [
                              "evpn"
                            ],
                            "route_filter": [
                              {
                                "address": "10.1.2.0/24",
                                "exact": null,
                                "orlonger": "",
                                "prefix_length_range": null
                              }
                            ]
                          }
                        ],
                        "name": "10",
                        "then": [
                          {
                            "accept": "",
                            "community": null,
                            "reject": null
                          }
                        ]
                      },
                      {
                        "from": null,
                        "name": "100",
                        "then": [
                          {
                            "accept": null,
                            "community": null,
                            "reject": ""
                          }
                        ]
                      }
                    ],
                    "then": null
                  }
                ]
              }
            ],
            "protocols": [
              {
                "bgp": [
                  {
                    "group": [
                      {
                        "allow": null,
                        "bfd_liveness_detection": null,
                        "cluster": null,
                        "export": null,
                        "family": [
                          {
                            "evpn": [
                              {
                                "signaling": [
                                  {
                                    "delay_route_advertisements": [
                                      {
                                        "minimum_delay": [
                                          {
                                            "routing_uptime": "480"
                                          }
                                        ]
                                      }
                                    ]
                                  }
                                ]
                              }
                            ]
                          }
                        ],
                        "import": null,
                        "local_address": "10.30.100.9",
                        "local_as": [
                          {
                            "as_number": "65201"
                          }
                        ],
                        "mtu_discovery": null,
                        "multihop": [
                          {
                            "no_nexthop_change": ""
                          }
                        ],
                        "multipath": [
                          {
                            "multiple_as": ""
                          }
                        ],
                        "name": "WAN_OVERLAY_eBGP",
                        "neighbor": [
                          {
                            "description": "DCI EBGP peering to 10.30.100.1",
                            "name": "10.30.100.1",
                            "peer_as": "65200"
                          },
                          {
                            "description": "DCI EBGP peering to 10.30.100.2",
                            "name": "10.30.100.2",
                            "peer_as": "65200"
                          }
                        ],
                        "type": "external",
                        "vpn_apply_export": null
                      },
                      {
                        "allow": null,
                        "bfd_liveness_detection": null,
                        "cluster": "10.30.100.9",
                        "export": null,
                        "family": [
                          {
                            "evpn": [
                              {
                                "signaling": [
                                  {
                                    "delay_route_advertisements": null
                                  }
                                ]
                              }
                            ]
                          }
                        ],
                        "import": null,
                        "local_address": "10.30.100.9",
                        "local_as": [
                          {
                            "as_number": "65201"
                          }
                        ],
                        "mtu_discovery": null,
                        "multihop": null,
                        "multipath": [
                          {
                            "multiple_as": null
                          }
                        ],
                        "name": "EVPN_iBGP",
                        "neighbor": [
                          {
                            "description": null,
                            "name": "10.30.100.8",
                            "peer_as": null
                          }
                        ],
                        "type": "internal",
                        "vpn_apply_export": null
                      },
                      {
                        "allow": null,
                        "bfd_liveness_detection": [
                          {
                            "minimum_interval": "1000",
                            "multiplier": "3"
                          }
                        ],
                        "cluster": null,
                        "export": [
                          "IPCLOS_BGP_EXP"
                        ],
                        "family": null,
                        "import": [
                          "IPCLOS_BGP_IMP"
                        ],
                        "local_address": null,
                        "local_as": [
                          {
                            "as_number": "65521"
                          }
                        ],
                        "mtu_discovery": "",
                        "multihop": null,
                        "multipath": [
                          {
                            "multiple_as": ""
                          }
                        ],
                        "name": "IPCLOS_eBGP",
                        "neighbor": [
                          {
                            "description": "EBGP peering to 10.30.189.1",
                            "name": "10.30.189.1",
                            "peer_as": "65520"
                          },
                          {
                            "description": "EBGP peering to 10.32.12.2",
                            "name": "10.32.12.2",
                            "peer_as": "65401"
                          }
                        ],
                        "type": "external",
                        "vpn_apply_export": ""
                      }
                    ]
                  }
                ],
                "evpn": [
                  {
                    "default_gateway": "do-not-advertise",
                    "encapsulation": "vxlan",
                    "extended_vni_list": [
                      "all"
                    ],
                    "multicast_mode": "ingress-replication",
                    "no_core_isolation": ""
                  }
                ],
                "igmp_snooping": [
                  {
                    "vlan": [
                      {
                        "name": "default"
                      }
                    ]
                  }
                ],
                "lldp": [
                  {
                    "interface": [
                      {
                        "name": "all"
                      }
                    ]
                  }
                ]
              }
            ],
            "resource_name": "dc2-spine2",
            "routing_instances": [
              {
                "instance": [
                  {
                    "instance_type": "vrf",
                    "interface": [
                      {
                        "name": "xe-0/0/1.1"
                      },
                      {
                        "name": "xe-0/0/2.1"
                      },
                      {
                        "name": "irb.1002"
                      },
                      {
                        "name": "lo0.10001"
                      }
                    ],
                    "name": "VRF_10001",
                    "protocols": [
                      {
                        "evpn": [
                          {
                            "ip_prefix_routes": [
                              {
                                "advertise": "direct-nexthop",
                                "encapsulation": "vxlan",
                                "export": [
                                  "EVPN_T5_EXPORT"
                                ],
                                "vni": "10001"
                              }
                            ]
                          }
                        ],
                        "ospf": [
                          {
                            "area": [
                              {
                                "interface": [
                                  {
                                    "metric": "100",
                                    "name": "xe-0/0/1.1"
                                  },
                                  {
                                    "metric": "200",
                                    "name": "xe-0/0/2.1"
                                  }
                                ],
                                "name": "0.0.0.0"
                              }
                            ],
                            "export": [
                              "to-ospf"
                            ]
                          }
                        ]
                      }
                    ],
                    "route_distinguisher": [
                      {
                        "rd_type": "10.40.101.2:10001"
                      }
                    ],
                    "routing_options": [
                      {
                        "auto_export": [
                          {}
                        ]
                      }
                    ],
                    "vrf_table_label": [
                      {}
                    ],
                    "vrf_target": [
                      {
                        "community": "target:1:10001"
                      }
                    ]
                  }
                ]
              }
            ],
            "routing_options": [
              {
                "forwarding_table": [
                  {
                    "chained_composite_next_hop": [
                      {
                        "ingress": [
                          {
                            "evpn": ""
                          }
                        ]
                      }
                    ],
                    "ecmp_fast_reroute": "",
                    "export": [
                      "PFE-LB"
                    ]
                  }
                ],
                "router_id": "10.30.100.9",
                "static": [
                  {
                    "route": [
                      {
                        "name": "0.0.0.0/0",
                        "next_hop": [
                          "100.123.0.1"
                        ]
                      }
                    ]
                  }
                ]
              }
            ],
            "snmp": [
              {
                "community": [
                  {
                    "authorization": "read-only",
                    "name": "public"
                  }
                ],
                "contact": "aburston@juniper.net",
                "location": "JCL Labs"
              }
            ],
            "switch_options": [
              {
                "route_distinguisher": [
                  {
                    "rd_type": "10.30.100.9:9999"
                  }
                ],
                "vrf_target": [
                  {
                    "auto": [
                      {}
                    ],
                    "community": "target:9999:9999"
                  }
                ],
                "vtep_source_interface": [
                  {
                    "interface_name": "lo0.0"
                  }
                ]
              }
            ],
            "system": [
              {
                "extensions": [
                  {
                    "providers": [
                      {
                        "license_type": [
                          {
                            "deployment_scope": [
                              "commercial"
                            ],
                            "name": "juniper"
                          }
                        ],
                        "name": "juniper"
                      },
                      {
                        "license_type": [
                          {
                            "deployment_scope": [
                              "commercial"
                            ],
                            "name": "juniper"
                          }
                        ],
                        "name": "chef"
                      }
                    ]
                  }
                ],
                "host_name": "dc2-spine2",
                "login": [
                  {
                    "message": "***********************************************************************\nThis system is restricted to __________, authorized users for legitimate\nbusiness purposes only. All activity on the system will be logged and\nis subject to monitoring. Unauthorized access, use or modification\nof computers, data therein or data in transit to or from the computers\nis a violation of state and federal laws. Unauthorized activity will\nbe reported to the law enforcement for investigation and possible\nprosecution. __________ reserves the right to investigate, refer for\nprosecution and pursue monetary damages in civil actions in the event\nof unauthorized access.\n***********************************************************************\n",
                    "user": [
                      {
                        "authentication": [
                          {
                            "encrypted_password": "$1$a31gJmWG$h9ohikT1ajySf/tVH.gmv1"
                          }
                        ],
                        "class": "super-user",
                        "name": "jcluser",
                        "uid": "2000"
                      }
                    ]
                  }
                ],
                "root_authentication": [
                  {
                    "encrypted_password": "$1$DbZ1Q3pj$s48cZytjsmSJRUJAf4LdM."
                  }
                ],
                "services": [
                  {
                    "extension_service": [
                      {
                        "notification": [
                          {
                            "allow_clients": [
                              {
                                "address": [
                                  "0.0.0.0/0"
                                ]
                              }
                            ]
                          }
                        ],
                        "request_response": [
                          {
                            "grpc": [
                              {
                                "max_connections": "30"
                              }
                            ]
                          }
                        ]
                      }
                    ],
                    "netconf": [
                      {
                        "ssh": [
                          {}
                        ]
                      }
                    ],
                    "rest": [
                      {
                        "enable_explorer": "",
                        "http": [
                          {
                            "port": "3000"
                          }
                        ]
                      }
                    ],
                    "ssh": [
                      {
                        "root_login": "allow"
                      }
                    ]
                  }
                ],
                "syslog": [
                  {
                    "file": [
                      {
                        "contents": [
                          {
                            "any": null,
                            "info": null,
                            "name": "any",
                            "notice": ""
                          },
                          {
                            "any": null,
                            "info": "",
                            "name": "authorization",
                            "notice": null
                          }
                        ],
                        "name": "messages"
                      },
                      {
                        "contents": [
                          {
                            "any": "",
                            "info": null,
                            "name": "interactive-commands",
                            "notice": null
                          }
                        ],
                        "name": "interactive-commands"
                      }
                    ],
                    "user": [
                      {
                        "contents": [
                          {
                            "emergency": "",
                            "name": "any"
                          }
                        ],
                        "name": "*"
                      }
                    ]
                  }
                ]
              }
            ],
            "vlans": [
              {
                "vlan": [
                  {
                    "l3_interface": "irb.1002",
                    "name": "vlan_1002",
                    "vlan_id": "1002",
                    "vxlan": [
                      {
                        "vni": "1002"
                      }
                    ]
                  }
                ]
              }
            ]
          },
          "sensitive_attributes": [],
          "identity_schema_version": 0
        }
      ]
    }
  ],
  "check_results": null
}
